{
  "version": 4,
  "terraform_version": "1.12.1",
  "serial": 232,
  "lineage": "38dd70e3-61e1-d8d8-c986-978b1013a5fd",
  "outputs": {},
  "resources": [
    {
      "mode": "data",
      "type": "aws_eks_cluster",
      "name": "cluster",
      "provider": "provider[\"registry.terraform.io/hashicorp/aws\"]",
      "instances": [
        {
          "schema_version": 0,
          "attributes": {
            "access_config": [
              {
                "authentication_mode": "API_AND_CONFIG_MAP",
                "bootstrap_cluster_creator_admin_permissions": true
              }
            ],
            "arn": "arn:aws:eks:us-east-1:821368347884:cluster/saasinfalab-dev",
            "certificate_authority": [
              {
                "data": "LS0tLS1CRUdJTiBDRVJUSUZJQ0FURS0tLS0tCk1JSURCVENDQWUyZ0F3SUJBZ0lJQjFzZVFWZFdIVGt3RFFZSktvWklodmNOQVFFTEJRQXdGVEVUTUJFR0ExVUUKQXhNS2EzVmlaWEp1WlhSbGN6QWVGdzB5TlRFd01qZ3hOVEV5TWpkYUZ3MHpOVEV3TWpZeE5URTNNamRhTUJVeApFekFSQmdOVkJBTVRDbXQxWW1WeWJtVjBaWE13Z2dFaU1BMEdDU3FHU0liM0RRRUJBUVVBQTRJQkR3QXdnZ0VLCkFvSUJBUURUVjFlQURiZzhQUGQ5dkdwcVJzemdWSFZaMkM0RXFxMGZCekZ1dnRlazF2SDNLOFZZN1VnbW5hUDgKaDVRNHB4eUFBZXBpMnJjUStmQmdHYkI2Uk51TWVUNXRVUFcyU1NLRzc3U0dmWlhBVk1VbUhMWTMyZUpxcXhaeApFZ3VkdHVZVTk0WVBlaEZmS2sxQmxQUlFOUStTOE1YbkNLZms5MkpOTllzcWpyVEdySkNuWFloR2RkT1pweWg4ClF6RWtBTWlBR01qU1UremxzVFkwbmc3dmRwanVQOFRkNmI5eDEzNUdNMUp2M3VLQzlGQmJ2Sy90WmZnTUNJek8KVE9zOUNuMDBEbncrUkZUVmZrYjhWbldBNEJPTVR4L2J2VGVDcjBDM0R1aUdKNHpmbXNBT0xYUHJqSXY5REV2bwpqeDJMTmpoNG9Wd2dYam4zOGtFNnFGVWwvbFNIQWdNQkFBR2pXVEJYTUE0R0ExVWREd0VCL3dRRUF3SUNwREFQCkJnTlZIUk1CQWY4RUJUQURBUUgvTUIwR0ExVWREZ1FXQkJTRm91cDl4VjBoeHJ4SGV0aTY4OERTelp4eGJUQVYKQmdOVkhSRUVEakFNZ2dwcmRXSmxjbTVsZEdWek1BMEdDU3FHU0liM0RRRUJDd1VBQTRJQkFRQXlFbkozT3FITwp2VFVuRndxcDFrQXRwSHBwRTI2WEprcGt2cm5uZDg5RzUzUnZHaytzbG9yZVRqeDc4YjY1WGpHZ2VnajRxaElhCnFnVmE3Q0ZUeU5BbnJMeXB2TVZxMzZScEJPcmsvOCs5RitBdHFGcXBydnlBSkZDWEV2UW5xYnk1U0l2OG5ZT0UKVmlLbnZZN09mMTUzTERab2FWZURVb1p0MjB0S2xpckdham15YTRaSERURjJraDVGMUpjSkk0ZlVJQVNDRHlIaQo2ZlhmQVB5SDROVXk4MWl6S1RpNEJSVldiV21tc244b0VQZU40RWJlRkI0RDRrSFBFT3JQRHVRSEkrNmJ1ekZ2CnQ2eVB6ODQ2R2lDWE9MVXRucFlzYnY5RnpPNnVNT3RxYkpQTWZjbEdsaGRidXZiTGkxKzZGbGduRldCRDBPNW8KZUVxSG1rWitmNDNICi0tLS0tRU5EIENFUlRJRklDQVRFLS0tLS0K"
              }
            ],
            "cluster_id": null,
            "compute_config": [
              {
                "enabled": false,
                "node_pools": [],
                "node_role_arn": ""
              }
            ],
            "created_at": "2025-10-28T15:11:45Z",
            "deletion_protection": false,
            "enabled_cluster_log_types": [
              "api",
              "audit",
              "authenticator"
            ],
            "endpoint": "https://B793194E2C2C8675190DE74E50364EB5.gr7.us-east-1.eks.amazonaws.com",
            "id": "saasinfalab-dev",
            "identity": [
              {
                "oidc": [
                  {
                    "issuer": "https://oidc.eks.us-east-1.amazonaws.com/id/B793194E2C2C8675190DE74E50364EB5"
                  }
                ]
              }
            ],
            "kubernetes_network_config": [
              {
                "elastic_load_balancing": [
                  {
                    "enabled": false
                  }
                ],
                "ip_family": "ipv4",
                "service_ipv4_cidr": "172.20.0.0/16",
                "service_ipv6_cidr": ""
              }
            ],
            "name": "saasinfalab-dev",
            "outpost_config": [],
            "platform_version": "eks.53",
            "region": "us-east-1",
            "remote_network_config": [],
            "role_arn": "arn:aws:iam::821368347884:role/saasinfalab-dev-saasinfalab-dev-cluster-role",
            "status": "ACTIVE",
            "storage_config": [
              {
                "block_storage": [
                  {
                    "enabled": false
                  }
                ]
              }
            ],
            "tags": {
              "Backups": "Daily",
              "Compliance": "SOC2",
              "CostCenter": "Engineering",
              "Environment": "dev",
              "ManagedBy": "Terraform",
              "Name": "saasinfalab-dev",
              "Owner": "Platform Engineering",
              "Project": "SaasInfalab",
              "Repository": "terraform-modules"
            },
            "upgrade_policy": [
              {
                "support_type": "EXTENDED"
              }
            ],
            "version": "1.29",
            "vpc_config": [
              {
                "cluster_security_group_id": "sg-0c6ffa44ee4b07850",
                "endpoint_private_access": true,
                "endpoint_public_access": false,
                "public_access_cidrs": [
                  "0.0.0.0/0"
                ],
                "security_group_ids": [],
                "subnet_ids": [
                  "subnet-027df687791c7a35a",
                  "subnet-02a9e9de740635aca",
                  "subnet-062c9e20ac5b43dc9",
                  "subnet-06becebda5b43cc63",
                  "subnet-0714cef423fed9c45",
                  "subnet-0b8d045d2c5a33e8f"
                ],
                "vpc_id": "vpc-0e81350b5fbf55637"
              }
            ],
            "zonal_shift_config": []
          },
          "sensitive_attributes": [],
          "identity_schema_version": 0
        }
      ]
    },
    {
      "mode": "data",
      "type": "aws_eks_cluster_auth",
      "name": "cluster",
      "provider": "provider[\"registry.terraform.io/hashicorp/aws\"]",
      "instances": [
        {
          "schema_version": 0,
          "attributes": {
            "id": "saasinfalab-dev",
            "name": "saasinfalab-dev",
            "region": "us-east-1",
            "token": "k8s-aws-v1.aHR0cHM6Ly9zdHMudXMtZWFzdC0xLmFtYXpvbmF3cy5jb20vP0FjdGlvbj1HZXRDYWxsZXJJZGVudGl0eSZWZXJzaW9uPTIwMTEtMDYtMTUmWC1BbXotQWxnb3JpdGhtPUFXUzQtSE1BQy1TSEEyNTYmWC1BbXotQ3JlZGVudGlhbD1BS0lBMzZQSzZMVFdNNldYWlk1NiUyRjIwMjUxMDI4JTJGdXMtZWFzdC0xJTJGc3RzJTJGYXdzNF9yZXF1ZXN0JlgtQW16LURhdGU9MjAyNTEwMjhUMTczODU5WiZYLUFtei1FeHBpcmVzPTAmWC1BbXotU2lnbmVkSGVhZGVycz1ob3N0JTNCeC1rOHMtYXdzLWlkJlgtQW16LVNpZ25hdHVyZT0wOWU5ZWFlYzEwMWNjNjA2Mjc3OTkzZWFmZTg4YWM2MzBhYjFmYzE0OWM0NjU3NzIxZGJhODY0YWYwNTIyODc3"
          },
          "sensitive_attributes": [
            [
              {
                "type": "get_attr",
                "value": "token"
              }
            ]
          ],
          "identity_schema_version": 0
        }
      ]
    },
    {
      "module": "module.eks",
      "mode": "data",
      "type": "aws_ami",
      "name": "eks_optimized",
      "provider": "provider[\"registry.terraform.io/hashicorp/aws\"]",
      "instances": [
        {
          "schema_version": 0,
          "attributes": {
            "allow_unsafe_filter": null,
            "architecture": "x86_64",
            "arn": "arn:aws:ec2:us-east-1::image/ami-03f5005cc93971372",
            "block_device_mappings": [
              {
                "device_name": "/dev/xvda",
                "ebs": {
                  "delete_on_termination": "true",
                  "encrypted": "false",
                  "iops": "0",
                  "snapshot_id": "snap-034cab0bcbfa0bc72",
                  "throughput": "0",
                  "volume_initialization_rate": "0",
                  "volume_size": "20",
                  "volume_type": "gp2"
                },
                "no_device": "",
                "virtual_name": ""
              }
            ],
            "boot_mode": "",
            "creation_date": "2025-10-24T12:18:19.000Z",
            "deprecation_time": "2027-10-24T12:18:19.000Z",
            "description": "EKS Kubernetes Worker AMI with AmazonLinux2 image, (k8s: 1.29.15, containerd: 1.7.27-1.eks.amzn2.0.4)",
            "ena_support": true,
            "executable_users": null,
            "filter": [
              {
                "name": "name",
                "values": [
                  "amazon-eks-node-1.29-*"
                ]
              }
            ],
            "hypervisor": "xen",
            "id": "ami-03f5005cc93971372",
            "image_id": "ami-03f5005cc93971372",
            "image_location": "amazon/amazon-eks-node-1.29-v20251023",
            "image_owner_alias": "amazon",
            "image_type": "machine",
            "imds_support": "",
            "include_deprecated": false,
            "kernel_id": "",
            "last_launched_time": "",
            "most_recent": true,
            "name": "amazon-eks-node-1.29-v20251023",
            "name_regex": null,
            "owner_id": "602401143452",
            "owners": [
              "amazon"
            ],
            "platform": "",
            "platform_details": "Linux/UNIX",
            "product_codes": [],
            "public": true,
            "ramdisk_id": "",
            "region": "us-east-1",
            "root_device_name": "/dev/xvda",
            "root_device_type": "ebs",
            "root_snapshot_id": "snap-034cab0bcbfa0bc72",
            "sriov_net_support": "simple",
            "state": "available",
            "state_reason": {
              "code": "UNSET",
              "message": "UNSET"
            },
            "tags": {},
            "timeouts": null,
            "tpm_support": "",
            "uefi_data": null,
            "usage_operation": "RunInstances",
            "virtualization_type": "hvm"
          },
          "sensitive_attributes": [],
          "identity_schema_version": 0
        }
      ]
    },
    {
      "module": "module.eks",
      "mode": "data",
      "type": "aws_caller_identity",
      "name": "current",
      "provider": "provider[\"registry.terraform.io/hashicorp/aws\"]",
      "instances": [
        {
          "schema_version": 0,
          "attributes": {
            "account_id": "821368347884",
            "arn": "arn:aws:iam::821368347884:user/Akilesh_user",
            "id": "821368347884",
            "user_id": "AIDA36PK6LTWEDBCWDPL5"
          },
          "sensitive_attributes": [],
          "identity_schema_version": 0
        }
      ]
    },
    {
      "module": "module.eks",
      "mode": "data",
      "type": "aws_iam_role",
      "name": "node_role",
      "provider": "provider[\"registry.terraform.io/hashicorp/aws\"]",
      "instances": [
        {
          "schema_version": 0,
          "attributes": {
            "arn": "arn:aws:iam::821368347884:role/saasinfalab-dev-saasinfalab-dev-node-role",
            "assume_role_policy": "{\"Version\":\"2012-10-17\",\"Statement\":[{\"Effect\":\"Allow\",\"Principal\":{\"Service\":\"ec2.amazonaws.com\"},\"Action\":\"sts:AssumeRole\"}]}",
            "create_date": "2025-10-28T14:40:56Z",
            "description": "",
            "id": "saasinfalab-dev-saasinfalab-dev-node-role",
            "max_session_duration": 3600,
            "name": "saasinfalab-dev-saasinfalab-dev-node-role",
            "path": "/",
            "permissions_boundary": "",
            "role_last_used": [
              {
                "last_used_date": "2025-10-28T17:22:36Z",
                "region": "us-east-1"
              }
            ],
            "tags": {
              "Environment": "dev",
              "ManagedBy": "Terraform",
              "Project": "SaasInfalab"
            },
            "unique_id": "AROA36PK6LTWHMCRD2OGD"
          },
          "sensitive_attributes": [],
          "identity_schema_version": 0
        }
      ]
    },
    {
      "module": "module.eks",
      "mode": "data",
      "type": "tls_certificate",
      "name": "cluster",
      "provider": "provider[\"registry.terraform.io/hashicorp/tls\"]",
      "instances": [
        {
          "schema_version": 0,
          "attributes": {
            "certificates": [
              {
                "cert_pem": "-----BEGIN CERTIFICATE-----\nMIIEkjCCA3qgAwIBAgITBn+USionzfP6wq4rAfkI7rnExjANBgkqhkiG9w0BAQsF\nADCBmDELMAkGA1UEBhMCVVMxEDAOBgNVBAgTB0FyaXpvbmExEzARBgNVBAcTClNj\nb3R0c2RhbGUxJTAjBgNVBAoTHFN0YXJmaWVsZCBUZWNobm9sb2dpZXMsIEluYy4x\nOzA5BgNVBAMTMlN0YXJmaWVsZCBTZXJ2aWNlcyBSb290IENlcnRpZmljYXRlIEF1\ndGhvcml0eSAtIEcyMB4XDTE1MDUyNTEyMDAwMFoXDTM3MTIzMTAxMDAwMFowOTEL\nMAkGA1UEBhMCVVMxDzANBgNVBAoTBkFtYXpvbjEZMBcGA1UEAxMQQW1hem9uIFJv\nb3QgQ0EgMTCCASIwDQYJKoZIhvcNAQEBBQADggEPADCCAQoCggEBALJ4gHHKeNXj\nca9HgFB0fW7Y14h29Jlo91ghYPl0hAEvrAIthtOgQ3pOsqTQNroBvo3bSMgHFzZM\n9O6II8c+6zf1tRn4SWiw3te5djgdYZ6k/oI2peVKVuRF4fn9tBb6dNqcmzU5L/qw\nIFAGbHrQgLKm+a/sRxmPUDgH3KKHOVj4utWp+UhnMJbulHheb4mjUcAwhmahRWa6\nVOujw5H5SNz/0egwLX0tdHA114gk957EWW67c4cX8jJGKLhD+rcdqsq08p8kDi1L\n93FcXmn/6pUCyziKrlA4b9v7LWIbxcceVOF34GfID5yHI9Y/QCB/IIDEgEw+OyQm\njgSubJrIqg0CAwEAAaOCATEwggEtMA8GA1UdEwEB/wQFMAMBAf8wDgYDVR0PAQH/\nBAQDAgGGMB0GA1UdDgQWBBSEGMyFNOy8DJSULghZnMeyEE4KCDAfBgNVHSMEGDAW\ngBScXwDfqgHXMCs4iKK4bUqc8hGRgzB4BggrBgEFBQcBAQRsMGowLgYIKwYBBQUH\nMAGGImh0dHA6Ly9vY3NwLnJvb3RnMi5hbWF6b250cnVzdC5jb20wOAYIKwYBBQUH\nMAKGLGh0dHA6Ly9jcnQucm9vdGcyLmFtYXpvbnRydXN0LmNvbS9yb290ZzIuY2Vy\nMD0GA1UdHwQ2MDQwMqAwoC6GLGh0dHA6Ly9jcmwucm9vdGcyLmFtYXpvbnRydXN0\nLmNvbS9yb290ZzIuY3JsMBEGA1UdIAQKMAgwBgYEVR0gADANBgkqhkiG9w0BAQsF\nAAOCAQEAYjdCXLwQtT6LLOkMm2xF4gcAevnFWAu5CIw+7bMlPLVvUOTNNWqnkzSW\nMiGpSESrnO09tKpzbeR/FoCJbM8oAxiDR3mjEH4wW6w7sGDgd9QIpuEdfF7Au/ma\neyKdpwAJfqxGF4PcnCZXmTA5YpaP7dreqsXMGz7KQ2hsVxa81Q4gLv7/wmpdLqBK\nbRRYh5TmOTFffHPLkIhqhBGWJ6bt2YFGpn6jcgAKUj6DiAdjd4lpFw85hdKrCEVN\n0FE6/V1dN2RMfjCyVSRCnTawXZwXgWHxyvkQAiSr6w10kY17RSlQOYiypok1JR4U\nakcjMS9cmvqtmg5iUaQqqcT5NJ0hGA==\n-----END CERTIFICATE-----\n",
                "is_ca": true,
                "issuer": "CN=Starfield Services Root Certificate Authority - G2,O=Starfield Technologies\\, Inc.,L=Scottsdale,ST=Arizona,C=US",
                "not_after": "2037-12-31T01:00:00Z",
                "not_before": "2015-05-25T12:00:00Z",
                "public_key_algorithm": "RSA",
                "serial_number": "144918191876577076464031512351042010504348870",
                "sha1_fingerprint": "06b25927c42a721631c1efd9431e648fa62e1e39",
                "signature_algorithm": "SHA256-RSA",
                "subject": "CN=Amazon Root CA 1,O=Amazon,C=US",
                "version": 3
              },
              {
                "cert_pem": "-----BEGIN CERTIFICATE-----\nMIIEXjCCA0agAwIBAgITB3MSOAudZoijOx7Zv5zNpo4ODzANBgkqhkiG9w0BAQsF\nADA5MQswCQYDVQQGEwJVUzEPMA0GA1UEChMGQW1hem9uMRkwFwYDVQQDExBBbWF6\nb24gUm9vdCBDQSAxMB4XDTIyMDgyMzIyMjEyOFoXDTMwMDgyMzIyMjEyOFowPDEL\nMAkGA1UEBhMCVVMxDzANBgNVBAoTBkFtYXpvbjEcMBoGA1UEAxMTQW1hem9uIFJT\nQSAyMDQ4IE0wMTCCASIwDQYJKoZIhvcNAQEBBQADggEPADCCAQoCggEBAOtxLKnL\nH4gokjIwr4pXD3i3NyWVVYesZ1yX0yLI2qIUZ2t88Gfa4gMqs1YSXca1R/lnCKeT\nepWSGA+0+fkQNpp/L4C2T7oTTsddUx7g3ZYzByDTlrwS5HRQQqEFE3O1T5tEJP4t\nf+28IoXsNiEzl3UGzicYgtzj2cWCB41eJgEmJmcf2T8TzzK6a614ZPyq/w4CPAff\nnAV4coz96nW3AyiE2uhuB4zQUIXvgVSycW7sbWLvj5TDXunEpNCRwC4kkZjK7rol\njtT2cbb7W2s4Bkg3R42G3PLqBvt2N32e/0JOTViCk8/iccJ4sXqrS1uUN4iB5Nmv\nJK74csVl+0u0UecCAwEAAaOCAVowggFWMBIGA1UdEwEB/wQIMAYBAf8CAQAwDgYD\nVR0PAQH/BAQDAgGGMB0GA1UdJQQWMBQGCCsGAQUFBwMBBggrBgEFBQcDAjAdBgNV\nHQ4EFgQUgbgOY4qJEhjl+js7UJWf5uWQE4UwHwYDVR0jBBgwFoAUhBjMhTTsvAyU\nlC4IWZzHshBOCggwewYIKwYBBQUHAQEEbzBtMC8GCCsGAQUFBzABhiNodHRwOi8v\nb2NzcC5yb290Y2ExLmFtYXpvbnRydXN0LmNvbTA6BggrBgEFBQcwAoYuaHR0cDov\nL2NydC5yb290Y2ExLmFtYXpvbnRydXN0LmNvbS9yb290Y2ExLmNlcjA/BgNVHR8E\nODA2MDSgMqAwhi5odHRwOi8vY3JsLnJvb3RjYTEuYW1hem9udHJ1c3QuY29tL3Jv\nb3RjYTEuY3JsMBMGA1UdIAQMMAowCAYGZ4EMAQIBMA0GCSqGSIb3DQEBCwUAA4IB\nAQCtAN4CBSMuBjJitGuxlBbkEUDeK/pZwTXv4KqPK0G50fOHOQAd8j21p0cMBgbG\nkfMHVwLU7b0XwZCav0h1ogdPMN1KakK1DT0VwA/+hFvGPJnMV1Kx2G4S1ZaSk0uU\n5QfoiYIIano01J5k4T2HapKQmmOhS/iPtuo00wW+IMLeBuKMn3OLn005hcrOGTad\nhcmeyfhQP7Z+iKHvyoQGi1C0ClymHETx/chhQGDyYSWqB/THwnN15AwLQo0E5V9E\nSJlbe4mBlqeInUsNYugExNf+tOiybcrswBy8OFsd34XOW3rjSUtsuafd9AWySa3h\nxRRrwszrzX/WWGm6wyB+f7C4\n-----END CERTIFICATE-----\n",
                "is_ca": true,
                "issuer": "CN=Amazon Root CA 1,O=Amazon,C=US",
                "not_after": "2030-08-23T22:21:28Z",
                "not_before": "2022-08-23T22:21:28Z",
                "public_key_algorithm": "RSA",
                "serial_number": "166129328851546858514271303855646110030630415",
                "sha1_fingerprint": "2ad974a775f73cbdbbd8f5ac3a49255fa8fb1f8c",
                "signature_algorithm": "SHA256-RSA",
                "subject": "CN=Amazon RSA 2048 M01,O=Amazon,C=US",
                "version": 3
              },
              {
                "cert_pem": "-----BEGIN CERTIFICATE-----\nMIIF3DCCBMSgAwIBAgIQB14f0Z6brALSpKigLOiS6jANBgkqhkiG9w0BAQsFADA8\nMQswCQYDVQQGEwJVUzEPMA0GA1UEChMGQW1hem9uMRwwGgYDVQQDExNBbWF6b24g\nUlNBIDIwNDggTTAxMB4XDTI1MTAwNjAwMDAwMFoXDTI2MDMyNzIzNTk1OVowKDEm\nMCQGA1UEAwwdKi5la3MudXMtZWFzdC0xLmFtYXpvbmF3cy5jb20wggEiMA0GCSqG\nSIb3DQEBAQUAA4IBDwAwggEKAoIBAQCwz97XCUOv8dM3smhrqq7RglkPLC/3B/Zy\nP4Zekfo/B/a2vNQ4F7HlvwH6S7ziPSuN2I0/py6CBULTg+ffrINzuSb3rwcQNzXd\nTct/JG/36hEejxCcPcP1ok+V2j3GHCt3tIdh80c2Ug2dSj5jIEhi3AwXPdXanHz6\nvyLi5Tst9sdZi0NXQwoY49PIpQEcxp70LVr5+OyMIGRt2/WaUJblHbDjjuj6IHEA\nICm6zd8Bimr1c+YzVAMXP2sw0sbX7yd0bgItKD7dUM/qokhJwGo3jHupXyh/K89/\nqnl4TF/yAzBq8r3Ipfxj6CIvPFfm0xTq8CRDNiYeekpeWYf041CBAgMBAAGjggLs\nMIIC6DAfBgNVHSMEGDAWgBSBuA5jiokSGOX6OztQlZ/m5ZAThTAdBgNVHQ4EFgQU\nV3222qV/dAUJo/pYeDTe95DKaQYwKAYDVR0RBCEwH4IdKi5la3MudXMtZWFzdC0x\nLmFtYXpvbmF3cy5jb20wEwYDVR0gBAwwCjAIBgZngQwBAgEwDgYDVR0PAQH/BAQD\nAgWgMBMGA1UdJQQMMAoGCCsGAQUFBwMBMDsGA1UdHwQ0MDIwMKAuoCyGKmh0dHA6\nLy9jcmwucjJtMDEuYW1hem9udHJ1c3QuY29tL3IybTAxLmNybDB1BggrBgEFBQcB\nAQRpMGcwLQYIKwYBBQUHMAGGIWh0dHA6Ly9vY3NwLnIybTAxLmFtYXpvbnRydXN0\nLmNvbTA2BggrBgEFBQcwAoYqaHR0cDovL2NydC5yMm0wMS5hbWF6b250cnVzdC5j\nb20vcjJtMDEuY2VyMAwGA1UdEwEB/wQCMAAwggF+BgorBgEEAdZ5AgQCBIIBbgSC\nAWoBaAB2AA5XlLzzrqk+MxssmQez95Dfm8I9cTIl3SGpJaxhxU4hAAABmbs7sv8A\nAAQDAEcwRQIhAL86q0K2FzUXW6WfqeuY+r+iIajJXNNyY3arS6evrfOeAiBElus1\n/3b0kY/e8L5gErtac/IHEufuNudmXd5vLiCDCAB2AGQRxGykEuyniRyiAi4AvKtP\nKAfUHjUnq+r+1QPJfc3wAAABmbs7sz8AAAQDAEcwRQIgG2ep4FQnhdrmTs0rUp6x\nr1pEIJ72DblPnqw3jFm8MGkCIQCuuEOvK3TMnnjVRALy8roN65umJw0IC8PiwLn1\ni9phfQB2AEmcm2neHXzs/DbezYdkprhbrwqHgBnRVVL76esp3fjDAAABmbs7s0sA\nAAQDAEcwRQIgKGFGo+2dXRe9CruBH/vrUjcLyxdkvTR9dNWsgDFWR5wCIQDTYce6\nL0yv1LRQvElypbWRRBD7jQHBqBvjldIjtfJ6yTANBgkqhkiG9w0BAQsFAAOCAQEA\ndomdsxTvmYQMT+HYareaMRBmrWGcfi3NRcTaoRTLMjDECu7HlJN6uqVEtqUyJ2Wt\nu4QMAcEEB8sfxG8oDlFNrl+zp0YpuxcyoBN5xsK7luLMDWTr9/3ypqd4mZWTRD7J\npE3yi8uYm5Jh4r+AtQ8pOcEVCZwvftmbbdVitFjrS4lf3KUiJDQdsp3KXfiHloy4\nb2JzrmW2u+IEhUrD4G4qC72QzmmqFnvjRJFGvzjmMNOZiK9G1hw8+hkg9qG9hDll\nAeVBncO+rSB1ZZv3E8UtOfd42CVuizIkC4iZgTOAtahPov2hYVzwU6CHq+67c7LD\n8GuVFisgUWRBu0QW++R6bA==\n-----END CERTIFICATE-----\n",
                "is_ca": false,
                "issuer": "CN=Amazon RSA 2048 M01,O=Amazon,C=US",
                "not_after": "2026-03-27T23:59:59Z",
                "not_before": "2025-10-06T00:00:00Z",
                "public_key_algorithm": "RSA",
                "serial_number": "9793317237667190943357987649422398186",
                "sha1_fingerprint": "d7d10ac1fd7e87f1a3787a9a8be9b0f8538ec059",
                "signature_algorithm": "SHA256-RSA",
                "subject": "CN=*.eks.us-east-1.amazonaws.com",
                "version": 3
              }
            ],
            "content": null,
            "id": "0c37bb608751c2a14704338d4b14c14e6dbe88ac",
            "url": "https://oidc.eks.us-east-1.amazonaws.com/id/B793194E2C2C8675190DE74E50364EB5",
            "verify_chain": true
          },
          "sensitive_attributes": [],
          "identity_schema_version": 0
        }
      ]
    },
    {
      "module": "module.eks",
      "mode": "managed",
      "type": "aws_cloudwatch_log_group",
      "name": "cluster",
      "provider": "provider[\"registry.terraform.io/hashicorp/aws\"]",
      "instances": [
        {
          "index_key": 0,
          "schema_version": 0,
          "attributes": {
            "arn": "arn:aws:logs:us-east-1:821368347884:log-group:/aws/eks/saasinfalab-dev",
            "id": "/aws/eks/saasinfalab-dev",
            "kms_key_id": "",
            "log_group_class": "STANDARD",
            "name": "/aws/eks/saasinfalab-dev",
            "name_prefix": "",
            "region": "us-east-1",
            "retention_in_days": 7,
            "skip_destroy": false,
            "tags": {
              "Backups": "Daily",
              "Compliance": "SOC2",
              "CostCenter": "Engineering",
              "Environment": "dev",
              "ManagedBy": "Terraform",
              "Name": "/aws/eks/saasinfalab-dev",
              "Owner": "Platform Engineering",
              "Project": "SaasInfalab",
              "Repository": "terraform-modules"
            },
            "tags_all": {
              "Backups": "Daily",
              "Compliance": "SOC2",
              "CostCenter": "Engineering",
              "Environment": "dev",
              "ManagedBy": "Terraform",
              "Name": "/aws/eks/saasinfalab-dev",
              "Owner": "Platform Engineering",
              "Project": "SaasInfalab",
              "Repository": "terraform-modules"
            }
          },
          "sensitive_attributes": [],
          "identity_schema_version": 0,
          "identity": {
            "account_id": "821368347884",
            "name": "/aws/eks/saasinfalab-dev",
            "region": "us-east-1"
          },
          "private": "bnVsbA==",
          "dependencies": [
            "module.iam.aws_iam_role.cloudwatch_agent",
            "module.iam.aws_iam_role.eks_cluster",
            "module.iam.aws_iam_role.eks_node",
            "module.iam.aws_iam_role.vpc_flow_logs",
            "module.iam.aws_iam_role_policy.vpc_flow_logs_policy",
            "module.iam.aws_iam_role_policy_attachment.cw_agent_CloudWatchAgentServerPolicy",
            "module.iam.aws_iam_role_policy_attachment.eks_cluster_AmazonEKSClusterPolicy",
            "module.iam.aws_iam_role_policy_attachment.eks_cluster_AmazonEKSVPCResourceController",
            "module.iam.aws_iam_role_policy_attachment.eks_node_AmazonEC2ContainerRegistryReadOnly",
            "module.iam.aws_iam_role_policy_attachment.eks_node_AmazonEKSWorkerNodePolicy",
            "module.iam.aws_iam_role_policy_attachment.eks_node_AmazonEKS_CNI_Policy",
            "module.vpc.aws_cloudwatch_log_group.vpc_flow_logs",
            "module.vpc.aws_eip.nat",
            "module.vpc.aws_flow_log.vpc",
            "module.vpc.aws_internet_gateway.igw",
            "module.vpc.aws_nat_gateway.nat",
            "module.vpc.aws_route_table.private",
            "module.vpc.aws_route_table.public",
            "module.vpc.aws_route_table_association.private_assoc",
            "module.vpc.aws_route_table_association.public_assoc",
            "module.vpc.aws_security_group.eks_cluster",
            "module.vpc.aws_security_group.eks_nodes",
            "module.vpc.aws_subnet.private",
            "module.vpc.aws_subnet.public",
            "module.vpc.aws_vpc.main"
          ]
        }
      ]
    },
    {
      "module": "module.eks",
      "mode": "managed",
      "type": "aws_eks_cluster",
      "name": "main",
      "provider": "provider[\"registry.terraform.io/hashicorp/aws\"]",
      "instances": [
        {
          "schema_version": 1,
          "attributes": {
            "access_config": [
              {
                "authentication_mode": "API_AND_CONFIG_MAP",
                "bootstrap_cluster_creator_admin_permissions": false
              }
            ],
            "arn": "arn:aws:eks:us-east-1:821368347884:cluster/saasinfalab-dev",
            "bootstrap_self_managed_addons": true,
            "certificate_authority": [
              {
                "data": "LS0tLS1CRUdJTiBDRVJUSUZJQ0FURS0tLS0tCk1JSURCVENDQWUyZ0F3SUJBZ0lJQjFzZVFWZFdIVGt3RFFZSktvWklodmNOQVFFTEJRQXdGVEVUTUJFR0ExVUUKQXhNS2EzVmlaWEp1WlhSbGN6QWVGdzB5TlRFd01qZ3hOVEV5TWpkYUZ3MHpOVEV3TWpZeE5URTNNamRhTUJVeApFekFSQmdOVkJBTVRDbXQxWW1WeWJtVjBaWE13Z2dFaU1BMEdDU3FHU0liM0RRRUJBUVVBQTRJQkR3QXdnZ0VLCkFvSUJBUURUVjFlQURiZzhQUGQ5dkdwcVJzemdWSFZaMkM0RXFxMGZCekZ1dnRlazF2SDNLOFZZN1VnbW5hUDgKaDVRNHB4eUFBZXBpMnJjUStmQmdHYkI2Uk51TWVUNXRVUFcyU1NLRzc3U0dmWlhBVk1VbUhMWTMyZUpxcXhaeApFZ3VkdHVZVTk0WVBlaEZmS2sxQmxQUlFOUStTOE1YbkNLZms5MkpOTllzcWpyVEdySkNuWFloR2RkT1pweWg4ClF6RWtBTWlBR01qU1UremxzVFkwbmc3dmRwanVQOFRkNmI5eDEzNUdNMUp2M3VLQzlGQmJ2Sy90WmZnTUNJek8KVE9zOUNuMDBEbncrUkZUVmZrYjhWbldBNEJPTVR4L2J2VGVDcjBDM0R1aUdKNHpmbXNBT0xYUHJqSXY5REV2bwpqeDJMTmpoNG9Wd2dYam4zOGtFNnFGVWwvbFNIQWdNQkFBR2pXVEJYTUE0R0ExVWREd0VCL3dRRUF3SUNwREFQCkJnTlZIUk1CQWY4RUJUQURBUUgvTUIwR0ExVWREZ1FXQkJTRm91cDl4VjBoeHJ4SGV0aTY4OERTelp4eGJUQVYKQmdOVkhSRUVEakFNZ2dwcmRXSmxjbTVsZEdWek1BMEdDU3FHU0liM0RRRUJDd1VBQTRJQkFRQXlFbkozT3FITwp2VFVuRndxcDFrQXRwSHBwRTI2WEprcGt2cm5uZDg5RzUzUnZHaytzbG9yZVRqeDc4YjY1WGpHZ2VnajRxaElhCnFnVmE3Q0ZUeU5BbnJMeXB2TVZxMzZScEJPcmsvOCs5RitBdHFGcXBydnlBSkZDWEV2UW5xYnk1U0l2OG5ZT0UKVmlLbnZZN09mMTUzTERab2FWZURVb1p0MjB0S2xpckdham15YTRaSERURjJraDVGMUpjSkk0ZlVJQVNDRHlIaQo2ZlhmQVB5SDROVXk4MWl6S1RpNEJSVldiV21tc244b0VQZU40RWJlRkI0RDRrSFBFT3JQRHVRSEkrNmJ1ekZ2CnQ2eVB6ODQ2R2lDWE9MVXRucFlzYnY5RnpPNnVNT3RxYkpQTWZjbEdsaGRidXZiTGkxKzZGbGduRldCRDBPNW8KZUVxSG1rWitmNDNICi0tLS0tRU5EIENFUlRJRklDQVRFLS0tLS0K"
              }
            ],
            "cluster_id": null,
            "compute_config": [
              {
                "enabled": false,
                "node_pools": [],
                "node_role_arn": ""
              }
            ],
            "created_at": "2025-10-28T15:11:45Z",
            "deletion_protection": false,
            "enabled_cluster_log_types": [
              "api",
              "audit",
              "authenticator"
            ],
            "encryption_config": [],
            "endpoint": "https://B793194E2C2C8675190DE74E50364EB5.gr7.us-east-1.eks.amazonaws.com",
            "force_update_version": null,
            "id": "saasinfalab-dev",
            "identity": [
              {
                "oidc": [
                  {
                    "issuer": "https://oidc.eks.us-east-1.amazonaws.com/id/B793194E2C2C8675190DE74E50364EB5"
                  }
                ]
              }
            ],
            "kubernetes_network_config": [
              {
                "elastic_load_balancing": [
                  {
                    "enabled": false
                  }
                ],
                "ip_family": "ipv4",
                "service_ipv4_cidr": "172.20.0.0/16",
                "service_ipv6_cidr": ""
              }
            ],
            "name": "saasinfalab-dev",
            "outpost_config": [],
            "platform_version": "eks.53",
            "region": "us-east-1",
            "remote_network_config": [],
            "role_arn": "arn:aws:iam::821368347884:role/saasinfalab-dev-saasinfalab-dev-cluster-role",
            "status": "ACTIVE",
            "storage_config": [
              {
                "block_storage": [
                  {
                    "enabled": false
                  }
                ]
              }
            ],
            "tags": {
              "Backups": "Daily",
              "Compliance": "SOC2",
              "CostCenter": "Engineering",
              "Environment": "dev",
              "ManagedBy": "Terraform",
              "Name": "saasinfalab-dev",
              "Owner": "Platform Engineering",
              "Project": "SaasInfalab",
              "Repository": "terraform-modules"
            },
            "tags_all": {
              "Backups": "Daily",
              "Compliance": "SOC2",
              "CostCenter": "Engineering",
              "Environment": "dev",
              "ManagedBy": "Terraform",
              "Name": "saasinfalab-dev",
              "Owner": "Platform Engineering",
              "Project": "SaasInfalab",
              "Repository": "terraform-modules"
            },
            "timeouts": null,
            "upgrade_policy": [
              {
                "support_type": "EXTENDED"
              }
            ],
            "version": "1.29",
            "vpc_config": [
              {
                "cluster_security_group_id": "sg-0c6ffa44ee4b07850",
                "endpoint_private_access": true,
                "endpoint_public_access": false,
                "public_access_cidrs": [
                  "0.0.0.0/0"
                ],
                "security_group_ids": [],
                "subnet_ids": [
                  "subnet-027df687791c7a35a",
                  "subnet-02a9e9de740635aca",
                  "subnet-062c9e20ac5b43dc9",
                  "subnet-06becebda5b43cc63",
                  "subnet-0714cef423fed9c45",
                  "subnet-0b8d045d2c5a33e8f"
                ],
                "vpc_id": "vpc-0e81350b5fbf55637"
              }
            ],
            "zonal_shift_config": []
          },
          "sensitive_attributes": [],
          "identity_schema_version": 0,
          "private": "eyJlMmJmYjczMC1lY2FhLTExZTYtOGY4OC0zNDM2M2JjN2M0YzAiOnsiY3JlYXRlIjoxODAwMDAwMDAwMDAwLCJkZWxldGUiOjkwMDAwMDAwMDAwMCwidXBkYXRlIjozNjAwMDAwMDAwMDAwfSwic2NoZW1hX3ZlcnNpb24iOiIxIn0=",
          "dependencies": [
            "module.eks.aws_cloudwatch_log_group.cluster",
            "module.iam.aws_iam_role.cloudwatch_agent",
            "module.iam.aws_iam_role.eks_cluster",
            "module.iam.aws_iam_role.eks_node",
            "module.iam.aws_iam_role.vpc_flow_logs",
            "module.iam.aws_iam_role_policy.vpc_flow_logs_policy",
            "module.iam.aws_iam_role_policy_attachment.cw_agent_CloudWatchAgentServerPolicy",
            "module.iam.aws_iam_role_policy_attachment.eks_cluster_AmazonEKSClusterPolicy",
            "module.iam.aws_iam_role_policy_attachment.eks_cluster_AmazonEKSVPCResourceController",
            "module.iam.aws_iam_role_policy_attachment.eks_node_AmazonEC2ContainerRegistryReadOnly",
            "module.iam.aws_iam_role_policy_attachment.eks_node_AmazonEKSWorkerNodePolicy",
            "module.iam.aws_iam_role_policy_attachment.eks_node_AmazonEKS_CNI_Policy",
            "module.vpc.aws_cloudwatch_log_group.vpc_flow_logs",
            "module.vpc.aws_eip.nat",
            "module.vpc.aws_flow_log.vpc",
            "module.vpc.aws_internet_gateway.igw",
            "module.vpc.aws_nat_gateway.nat",
            "module.vpc.aws_route_table.private",
            "module.vpc.aws_route_table.public",
            "module.vpc.aws_route_table_association.private_assoc",
            "module.vpc.aws_route_table_association.public_assoc",
            "module.vpc.aws_security_group.eks_cluster",
            "module.vpc.aws_security_group.eks_nodes",
            "module.vpc.aws_subnet.private",
            "module.vpc.aws_subnet.public",
            "module.vpc.aws_vpc.main"
          ]
        }
      ]
    },
    {
      "module": "module.eks",
      "mode": "managed",
      "type": "aws_eks_node_group",
      "name": "main",
      "provider": "provider[\"registry.terraform.io/hashicorp/aws\"]",
      "instances": [
        {
          "schema_version": 0,
          "attributes": {
            "ami_type": "AL2_x86_64",
            "arn": "arn:aws:eks:us-east-1:821368347884:nodegroup/saasinfalab-dev/saasinfalab-dev-default/68cd15b4-8faf-b9f7-6e60-9517449c087e",
            "capacity_type": "ON_DEMAND",
            "cluster_name": "saasinfalab-dev",
            "disk_size": 0,
            "force_update_version": null,
            "id": "saasinfalab-dev:saasinfalab-dev-default",
            "instance_types": [
              "t3.micro"
            ],
            "labels": {},
            "launch_template": [
              {
                "id": "lt-0aaa1ff287b928c0b",
                "name": "saasinfalab-dev-20251028151143992400000002",
                "version": "1"
              }
            ],
            "node_group_name": "saasinfalab-dev-default",
            "node_group_name_prefix": "",
            "node_repair_config": [],
            "node_role_arn": "arn:aws:iam::821368347884:role/saasinfalab-dev-saasinfalab-dev-node-role",
            "region": "us-east-1",
            "release_version": "1.29.15-20251023",
            "remote_access": [],
            "resources": [
              {
                "autoscaling_groups": [
                  {
                    "name": "eks-saasinfalab-dev-default-68cd15b4-8faf-b9f7-6e60-9517449c087e"
                  }
                ],
                "remote_access_security_group_id": ""
              }
            ],
            "scaling_config": [
              {
                "desired_size": 2,
                "max_size": 5,
                "min_size": 1
              }
            ],
            "status": "ACTIVE",
            "subnet_ids": [
              "subnet-062c9e20ac5b43dc9",
              "subnet-06becebda5b43cc63",
              "subnet-0714cef423fed9c45"
            ],
            "tags": {
              "Backups": "Daily",
              "Compliance": "SOC2",
              "CostCenter": "Engineering",
              "Environment": "dev",
              "ManagedBy": "Terraform",
              "Name": "saasinfalab-dev-default",
              "Owner": "Platform Engineering",
              "Project": "SaasInfalab",
              "Repository": "terraform-modules"
            },
            "tags_all": {
              "Backups": "Daily",
              "Compliance": "SOC2",
              "CostCenter": "Engineering",
              "Environment": "dev",
              "ManagedBy": "Terraform",
              "Name": "saasinfalab-dev-default",
              "Owner": "Platform Engineering",
              "Project": "SaasInfalab",
              "Repository": "terraform-modules"
            },
            "taint": [],
            "timeouts": null,
            "update_config": [
              {
                "max_unavailable": 1,
                "max_unavailable_percentage": 0
              }
            ],
            "version": "1.29"
          },
          "sensitive_attributes": [],
          "identity_schema_version": 0,
          "private": "eyJlMmJmYjczMC1lY2FhLTExZTYtOGY4OC0zNDM2M2JjN2M0YzAiOnsiY3JlYXRlIjozNjAwMDAwMDAwMDAwLCJkZWxldGUiOjM2MDAwMDAwMDAwMDAsInVwZGF0ZSI6MzYwMDAwMDAwMDAwMH19",
          "dependencies": [
            "module.eks.aws_cloudwatch_log_group.cluster",
            "module.eks.aws_eks_cluster.main",
            "module.eks.aws_iam_instance_profile.nodes",
            "module.eks.aws_launch_template.nodes",
            "module.eks.data.aws_iam_role.node_role",
            "module.iam.aws_iam_role.cloudwatch_agent",
            "module.iam.aws_iam_role.eks_cluster",
            "module.iam.aws_iam_role.eks_node",
            "module.iam.aws_iam_role.vpc_flow_logs",
            "module.iam.aws_iam_role_policy.vpc_flow_logs_policy",
            "module.iam.aws_iam_role_policy_attachment.cw_agent_CloudWatchAgentServerPolicy",
            "module.iam.aws_iam_role_policy_attachment.eks_cluster_AmazonEKSClusterPolicy",
            "module.iam.aws_iam_role_policy_attachment.eks_cluster_AmazonEKSVPCResourceController",
            "module.iam.aws_iam_role_policy_attachment.eks_node_AmazonEC2ContainerRegistryReadOnly",
            "module.iam.aws_iam_role_policy_attachment.eks_node_AmazonEKSWorkerNodePolicy",
            "module.iam.aws_iam_role_policy_attachment.eks_node_AmazonEKS_CNI_Policy",
            "module.vpc.aws_cloudwatch_log_group.vpc_flow_logs",
            "module.vpc.aws_eip.nat",
            "module.vpc.aws_flow_log.vpc",
            "module.vpc.aws_internet_gateway.igw",
            "module.vpc.aws_nat_gateway.nat",
            "module.vpc.aws_route_table.private",
            "module.vpc.aws_route_table.public",
            "module.vpc.aws_route_table_association.private_assoc",
            "module.vpc.aws_route_table_association.public_assoc",
            "module.vpc.aws_security_group.eks_cluster",
            "module.vpc.aws_security_group.eks_nodes",
            "module.vpc.aws_subnet.private",
            "module.vpc.aws_subnet.public",
            "module.vpc.aws_vpc.main"
          ]
        }
      ]
    },
    {
      "module": "module.eks",
      "mode": "managed",
      "type": "aws_iam_instance_profile",
      "name": "nodes",
      "provider": "provider[\"registry.terraform.io/hashicorp/aws\"]",
      "instances": [
        {
          "schema_version": 0,
          "attributes": {
            "arn": "arn:aws:iam::821368347884:instance-profile/saasinfalab-dev-20251028151144223200000004",
            "create_date": "2025-10-28T15:11:43Z",
            "id": "saasinfalab-dev-20251028151144223200000004",
            "name": "saasinfalab-dev-20251028151144223200000004",
            "name_prefix": "saasinfalab-dev-",
            "path": "/",
            "role": "saasinfalab-dev-saasinfalab-dev-node-role",
            "tags": {},
            "tags_all": {
              "Environment": "dev",
              "ManagedBy": "Terraform",
              "Project": "SaasInfalab"
            },
            "unique_id": "AIPA36PK6LTWFK4IYZUCI"
          },
          "sensitive_attributes": [],
          "identity_schema_version": 0,
          "private": "bnVsbA==",
          "dependencies": [
            "module.eks.data.aws_iam_role.node_role",
            "module.iam.aws_iam_role.cloudwatch_agent",
            "module.iam.aws_iam_role.eks_cluster",
            "module.iam.aws_iam_role.eks_node",
            "module.iam.aws_iam_role.vpc_flow_logs",
            "module.iam.aws_iam_role_policy.vpc_flow_logs_policy",
            "module.iam.aws_iam_role_policy_attachment.cw_agent_CloudWatchAgentServerPolicy",
            "module.iam.aws_iam_role_policy_attachment.eks_cluster_AmazonEKSClusterPolicy",
            "module.iam.aws_iam_role_policy_attachment.eks_cluster_AmazonEKSVPCResourceController",
            "module.iam.aws_iam_role_policy_attachment.eks_node_AmazonEC2ContainerRegistryReadOnly",
            "module.iam.aws_iam_role_policy_attachment.eks_node_AmazonEKSWorkerNodePolicy",
            "module.iam.aws_iam_role_policy_attachment.eks_node_AmazonEKS_CNI_Policy",
            "module.vpc.aws_cloudwatch_log_group.vpc_flow_logs",
            "module.vpc.aws_eip.nat",
            "module.vpc.aws_flow_log.vpc",
            "module.vpc.aws_internet_gateway.igw",
            "module.vpc.aws_nat_gateway.nat",
            "module.vpc.aws_route_table.private",
            "module.vpc.aws_route_table.public",
            "module.vpc.aws_route_table_association.private_assoc",
            "module.vpc.aws_route_table_association.public_assoc",
            "module.vpc.aws_security_group.eks_cluster",
            "module.vpc.aws_security_group.eks_nodes",
            "module.vpc.aws_subnet.private",
            "module.vpc.aws_subnet.public",
            "module.vpc.aws_vpc.main"
          ]
        }
      ]
    },
    {
      "module": "module.eks",
      "mode": "managed",
      "type": "aws_iam_openid_connect_provider",
      "name": "cluster",
      "provider": "provider[\"registry.terraform.io/hashicorp/aws\"]",
      "instances": [
        {
          "schema_version": 0,
          "attributes": {
            "arn": "arn:aws:iam::821368347884:oidc-provider/oidc.eks.us-east-1.amazonaws.com/id/B793194E2C2C8675190DE74E50364EB5",
            "client_id_list": [
              "sts.amazonaws.com"
            ],
            "id": "arn:aws:iam::821368347884:oidc-provider/oidc.eks.us-east-1.amazonaws.com/id/B793194E2C2C8675190DE74E50364EB5",
            "tags": {
              "Backups": "Daily",
              "Compliance": "SOC2",
              "CostCenter": "Engineering",
              "Environment": "dev",
              "ManagedBy": "Terraform",
              "Name": "saasinfalab-dev-irsa",
              "Owner": "Platform Engineering",
              "Project": "SaasInfalab",
              "Repository": "terraform-modules"
            },
            "tags_all": {
              "Backups": "Daily",
              "Compliance": "SOC2",
              "CostCenter": "Engineering",
              "Environment": "dev",
              "ManagedBy": "Terraform",
              "Name": "saasinfalab-dev-irsa",
              "Owner": "Platform Engineering",
              "Project": "SaasInfalab",
              "Repository": "terraform-modules"
            },
            "thumbprint_list": [
              "06b25927c42a721631c1efd9431e648fa62e1e39"
            ],
            "url": "oidc.eks.us-east-1.amazonaws.com/id/B793194E2C2C8675190DE74E50364EB5"
          },
          "sensitive_attributes": [],
          "identity_schema_version": 0,
          "identity": {
            "arn": "arn:aws:iam::821368347884:oidc-provider/oidc.eks.us-east-1.amazonaws.com/id/B793194E2C2C8675190DE74E50364EB5"
          },
          "private": "bnVsbA==",
          "dependencies": [
            "module.eks.aws_cloudwatch_log_group.cluster",
            "module.eks.aws_eks_cluster.main",
            "module.eks.data.tls_certificate.cluster",
            "module.iam.aws_iam_role.cloudwatch_agent",
            "module.iam.aws_iam_role.eks_cluster",
            "module.iam.aws_iam_role.eks_node",
            "module.iam.aws_iam_role.vpc_flow_logs",
            "module.iam.aws_iam_role_policy.vpc_flow_logs_policy",
            "module.iam.aws_iam_role_policy_attachment.cw_agent_CloudWatchAgentServerPolicy",
            "module.iam.aws_iam_role_policy_attachment.eks_cluster_AmazonEKSClusterPolicy",
            "module.iam.aws_iam_role_policy_attachment.eks_cluster_AmazonEKSVPCResourceController",
            "module.iam.aws_iam_role_policy_attachment.eks_node_AmazonEC2ContainerRegistryReadOnly",
            "module.iam.aws_iam_role_policy_attachment.eks_node_AmazonEKSWorkerNodePolicy",
            "module.iam.aws_iam_role_policy_attachment.eks_node_AmazonEKS_CNI_Policy",
            "module.vpc.aws_cloudwatch_log_group.vpc_flow_logs",
            "module.vpc.aws_eip.nat",
            "module.vpc.aws_flow_log.vpc",
            "module.vpc.aws_internet_gateway.igw",
            "module.vpc.aws_nat_gateway.nat",
            "module.vpc.aws_route_table.private",
            "module.vpc.aws_route_table.public",
            "module.vpc.aws_route_table_association.private_assoc",
            "module.vpc.aws_route_table_association.public_assoc",
            "module.vpc.aws_security_group.eks_cluster",
            "module.vpc.aws_security_group.eks_nodes",
            "module.vpc.aws_subnet.private",
            "module.vpc.aws_subnet.public",
            "module.vpc.aws_vpc.main"
          ]
        }
      ]
    },
    {
      "module": "module.eks",
      "mode": "managed",
      "type": "aws_launch_template",
      "name": "nodes",
      "provider": "provider[\"registry.terraform.io/hashicorp/aws\"]",
      "instances": [
        {
          "schema_version": 1,
          "attributes": {
            "arn": "arn:aws:ec2:us-east-1:821368347884:launch-template/lt-0aaa1ff287b928c0b",
            "block_device_mappings": [
              {
                "device_name": "/dev/xvda",
                "ebs": [
                  {
                    "delete_on_termination": "true",
                    "encrypted": "true",
                    "iops": 0,
                    "kms_key_id": "",
                    "snapshot_id": "",
                    "throughput": 0,
                    "volume_initialization_rate": 0,
                    "volume_size": 20,
                    "volume_type": "gp3"
                  }
                ],
                "no_device": "",
                "virtual_name": ""
              }
            ],
            "capacity_reservation_specification": [],
            "cpu_options": [],
            "credit_specification": [],
            "default_version": 1,
            "description": "Launch template for saasinfalab-dev EKS worker nodes",
            "disable_api_stop": false,
            "disable_api_termination": false,
            "ebs_optimized": "",
            "enclave_options": [],
            "hibernation_options": [],
            "iam_instance_profile": [],
            "id": "lt-0aaa1ff287b928c0b",
            "image_id": "",
            "instance_initiated_shutdown_behavior": "",
            "instance_market_options": [],
            "instance_requirements": [],
            "instance_type": "",
            "kernel_id": "",
            "key_name": "",
            "latest_version": 1,
            "license_specification": [],
            "maintenance_options": [],
            "metadata_options": [
              {
                "http_endpoint": "enabled",
                "http_protocol_ipv6": "",
                "http_put_response_hop_limit": 1,
                "http_tokens": "required",
                "instance_metadata_tags": ""
              }
            ],
            "monitoring": [
              {
                "enabled": true
              }
            ],
            "name": "saasinfalab-dev-20251028151143992400000002",
            "name_prefix": "saasinfalab-dev-",
            "network_interfaces": [],
            "placement": [],
            "private_dns_name_options": [],
            "ram_disk_id": "",
            "region": "us-east-1",
            "security_group_names": [],
            "tag_specifications": [
              {
                "resource_type": "instance",
                "tags": {
                  "Backups": "Daily",
                  "Compliance": "SOC2",
                  "CostCenter": "Engineering",
                  "Environment": "dev",
                  "ManagedBy": "Terraform",
                  "Name": "saasinfalab-dev-node",
                  "Owner": "Platform Engineering",
                  "Project": "SaasInfalab",
                  "Repository": "terraform-modules"
                }
              },
              {
                "resource_type": "volume",
                "tags": {
                  "Backups": "Daily",
                  "Compliance": "SOC2",
                  "CostCenter": "Engineering",
                  "Environment": "dev",
                  "ManagedBy": "Terraform",
                  "Name": "saasinfalab-dev-volume",
                  "Owner": "Platform Engineering",
                  "Project": "SaasInfalab",
                  "Repository": "terraform-modules"
                }
              }
            ],
            "tags": {},
            "tags_all": {
              "Environment": "dev",
              "ManagedBy": "Terraform",
              "Project": "SaasInfalab"
            },
            "update_default_version": null,
            "user_data": "",
            "vpc_security_group_ids": []
          },
          "sensitive_attributes": [],
          "identity_schema_version": 0,
          "private": "eyJzY2hlbWFfdmVyc2lvbiI6IjEifQ==",
          "dependencies": [
            "module.iam.aws_iam_role.cloudwatch_agent",
            "module.iam.aws_iam_role.eks_cluster",
            "module.iam.aws_iam_role.eks_node",
            "module.iam.aws_iam_role.vpc_flow_logs",
            "module.iam.aws_iam_role_policy.vpc_flow_logs_policy",
            "module.iam.aws_iam_role_policy_attachment.cw_agent_CloudWatchAgentServerPolicy",
            "module.iam.aws_iam_role_policy_attachment.eks_cluster_AmazonEKSClusterPolicy",
            "module.iam.aws_iam_role_policy_attachment.eks_cluster_AmazonEKSVPCResourceController",
            "module.iam.aws_iam_role_policy_attachment.eks_node_AmazonEC2ContainerRegistryReadOnly",
            "module.iam.aws_iam_role_policy_attachment.eks_node_AmazonEKSWorkerNodePolicy",
            "module.iam.aws_iam_role_policy_attachment.eks_node_AmazonEKS_CNI_Policy",
            "module.vpc.aws_cloudwatch_log_group.vpc_flow_logs",
            "module.vpc.aws_eip.nat",
            "module.vpc.aws_flow_log.vpc",
            "module.vpc.aws_internet_gateway.igw",
            "module.vpc.aws_nat_gateway.nat",
            "module.vpc.aws_route_table.private",
            "module.vpc.aws_route_table.public",
            "module.vpc.aws_route_table_association.private_assoc",
            "module.vpc.aws_route_table_association.public_assoc",
            "module.vpc.aws_security_group.eks_cluster",
            "module.vpc.aws_security_group.eks_nodes",
            "module.vpc.aws_subnet.private",
            "module.vpc.aws_subnet.public",
            "module.vpc.aws_vpc.main"
          ],
          "create_before_destroy": true
        }
      ]
    },
    {
      "module": "module.iam",
      "mode": "managed",
      "type": "aws_iam_role",
      "name": "cloudwatch_agent",
      "provider": "provider[\"registry.terraform.io/hashicorp/aws\"]",
      "instances": [
        {
          "index_key": 0,
          "schema_version": 0,
          "attributes": {
            "arn": "arn:aws:iam::821368347884:role/saasinfalab-dev-saasinfalab-dev-cw-agent-role",
            "assume_role_policy": "{\"Statement\":[{\"Action\":\"sts:AssumeRole\",\"Effect\":\"Allow\",\"Principal\":{\"Service\":\"ec2.amazonaws.com\"}}],\"Version\":\"2012-10-17\"}",
            "create_date": "2025-10-28T14:40:56Z",
            "description": "",
            "force_detach_policies": false,
            "id": "saasinfalab-dev-saasinfalab-dev-cw-agent-role",
            "inline_policy": [],
            "managed_policy_arns": [
              "arn:aws:iam::aws:policy/CloudWatchAgentServerPolicy"
            ],
            "max_session_duration": 3600,
            "name": "saasinfalab-dev-saasinfalab-dev-cw-agent-role",
            "name_prefix": "",
            "path": "/",
            "permissions_boundary": "",
            "tags": {},
            "tags_all": {
              "Environment": "dev",
              "ManagedBy": "Terraform",
              "Project": "SaasInfalab"
            },
            "unique_id": "AROA36PK6LTWHKNQPSOIQ"
          },
          "sensitive_attributes": [],
          "identity_schema_version": 0,
          "identity": {
            "account_id": "821368347884",
            "name": "saasinfalab-dev-saasinfalab-dev-cw-agent-role"
          },
          "private": "bnVsbA==",
          "create_before_destroy": true
        }
      ]
    },
    {
      "module": "module.iam",
      "mode": "managed",
      "type": "aws_iam_role",
      "name": "eks_cluster",
      "provider": "provider[\"registry.terraform.io/hashicorp/aws\"]",
      "instances": [
        {
          "index_key": 0,
          "schema_version": 0,
          "attributes": {
            "arn": "arn:aws:iam::821368347884:role/saasinfalab-dev-saasinfalab-dev-cluster-role",
            "assume_role_policy": "{\"Statement\":[{\"Action\":\"sts:AssumeRole\",\"Effect\":\"Allow\",\"Principal\":{\"Service\":\"eks.amazonaws.com\"}}],\"Version\":\"2012-10-17\"}",
            "create_date": "2025-10-28T14:40:56Z",
            "description": "",
            "force_detach_policies": false,
            "id": "saasinfalab-dev-saasinfalab-dev-cluster-role",
            "inline_policy": [],
            "managed_policy_arns": [
              "arn:aws:iam::aws:policy/AmazonEKSClusterPolicy",
              "arn:aws:iam::aws:policy/AmazonEKSVPCResourceController"
            ],
            "max_session_duration": 3600,
            "name": "saasinfalab-dev-saasinfalab-dev-cluster-role",
            "name_prefix": "",
            "path": "/",
            "permissions_boundary": "",
            "tags": {},
            "tags_all": {
              "Environment": "dev",
              "ManagedBy": "Terraform",
              "Project": "SaasInfalab"
            },
            "unique_id": "AROA36PK6LTWA5YKAX2YT"
          },
          "sensitive_attributes": [],
          "identity_schema_version": 0,
          "identity": {
            "account_id": "821368347884",
            "name": "saasinfalab-dev-saasinfalab-dev-cluster-role"
          },
          "private": "bnVsbA==",
          "create_before_destroy": true
        }
      ]
    },
    {
      "module": "module.iam",
      "mode": "managed",
      "type": "aws_iam_role",
      "name": "eks_node",
      "provider": "provider[\"registry.terraform.io/hashicorp/aws\"]",
      "instances": [
        {
          "index_key": 0,
          "schema_version": 0,
          "attributes": {
            "arn": "arn:aws:iam::821368347884:role/saasinfalab-dev-saasinfalab-dev-node-role",
            "assume_role_policy": "{\"Statement\":[{\"Action\":\"sts:AssumeRole\",\"Effect\":\"Allow\",\"Principal\":{\"Service\":\"ec2.amazonaws.com\"}}],\"Version\":\"2012-10-17\"}",
            "create_date": "2025-10-28T14:40:56Z",
            "description": "",
            "force_detach_policies": false,
            "id": "saasinfalab-dev-saasinfalab-dev-node-role",
            "inline_policy": [],
            "managed_policy_arns": [
              "arn:aws:iam::aws:policy/AmazonEC2ContainerRegistryReadOnly",
              "arn:aws:iam::aws:policy/AmazonEKSWorkerNodePolicy",
              "arn:aws:iam::aws:policy/AmazonEKS_CNI_Policy"
            ],
            "max_session_duration": 3600,
            "name": "saasinfalab-dev-saasinfalab-dev-node-role",
            "name_prefix": "",
            "path": "/",
            "permissions_boundary": "",
            "tags": {},
            "tags_all": {
              "Environment": "dev",
              "ManagedBy": "Terraform",
              "Project": "SaasInfalab"
            },
            "unique_id": "AROA36PK6LTWHMCRD2OGD"
          },
          "sensitive_attributes": [],
          "identity_schema_version": 0,
          "identity": {
            "account_id": "821368347884",
            "name": "saasinfalab-dev-saasinfalab-dev-node-role"
          },
          "private": "bnVsbA==",
          "create_before_destroy": true
        }
      ]
    },
    {
      "module": "module.iam",
      "mode": "managed",
      "type": "aws_iam_role",
      "name": "vpc_flow_logs",
      "provider": "provider[\"registry.terraform.io/hashicorp/aws\"]",
      "instances": [
        {
          "index_key": 0,
          "schema_version": 0,
          "attributes": {
            "arn": "arn:aws:iam::821368347884:role/saasinfalab-dev-saasinfalab-dev-vpc-flow-logs-role",
            "assume_role_policy": "{\"Statement\":[{\"Action\":\"sts:AssumeRole\",\"Effect\":\"Allow\",\"Principal\":{\"Service\":\"vpc-flow-logs.amazonaws.com\"}}],\"Version\":\"2012-10-17\"}",
            "create_date": "2025-10-28T14:40:56Z",
            "description": "",
            "force_detach_policies": false,
            "id": "saasinfalab-dev-saasinfalab-dev-vpc-flow-logs-role",
            "inline_policy": [
              {
                "name": "saasinfalab-dev-saasinfalab-dev-vpc-flow-logs-policy",
                "policy": "{\"Version\":\"2012-10-17\",\"Statement\":[{\"Action\":[\"logs:CreateLogGroup\",\"logs:CreateLogStream\",\"logs:PutLogEvents\",\"logs:DescribeLogGroups\",\"logs:DescribeLogStreams\",\"logs:PutRetentionPolicy\"],\"Effect\":\"Allow\",\"Resource\":\"*\"}]}"
              }
            ],
            "managed_policy_arns": [],
            "max_session_duration": 3600,
            "name": "saasinfalab-dev-saasinfalab-dev-vpc-flow-logs-role",
            "name_prefix": "",
            "path": "/",
            "permissions_boundary": "",
            "tags": {},
            "tags_all": {
              "Environment": "dev",
              "ManagedBy": "Terraform",
              "Project": "SaasInfalab"
            },
            "unique_id": "AROA36PK6LTWBCRKXGKHZ"
          },
          "sensitive_attributes": [],
          "identity_schema_version": 0,
          "identity": {
            "account_id": "821368347884",
            "name": "saasinfalab-dev-saasinfalab-dev-vpc-flow-logs-role"
          },
          "private": "bnVsbA==",
          "create_before_destroy": true
        }
      ]
    },
    {
      "module": "module.iam",
      "mode": "managed",
      "type": "aws_iam_role_policy",
      "name": "vpc_flow_logs_policy",
      "provider": "provider[\"registry.terraform.io/hashicorp/aws\"]",
      "instances": [
        {
          "index_key": 0,
          "schema_version": 0,
          "attributes": {
            "id": "saasinfalab-dev-saasinfalab-dev-vpc-flow-logs-role:saasinfalab-dev-saasinfalab-dev-vpc-flow-logs-policy",
            "name": "saasinfalab-dev-saasinfalab-dev-vpc-flow-logs-policy",
            "name_prefix": "",
            "policy": "{\"Version\":\"2012-10-17\",\"Statement\":[{\"Action\":[\"logs:CreateLogGroup\",\"logs:CreateLogStream\",\"logs:PutLogEvents\",\"logs:DescribeLogGroups\",\"logs:DescribeLogStreams\",\"logs:PutRetentionPolicy\"],\"Effect\":\"Allow\",\"Resource\":\"*\"}]}",
            "role": "saasinfalab-dev-saasinfalab-dev-vpc-flow-logs-role"
          },
          "sensitive_attributes": [],
          "identity_schema_version": 0,
          "identity": {
            "account_id": "821368347884",
            "name": "saasinfalab-dev-saasinfalab-dev-vpc-flow-logs-policy",
            "role": "saasinfalab-dev-saasinfalab-dev-vpc-flow-logs-role"
          },
          "private": "bnVsbA==",
          "dependencies": [
            "module.iam.aws_iam_role.vpc_flow_logs"
          ],
          "create_before_destroy": true
        }
      ]
    },
    {
      "module": "module.iam",
      "mode": "managed",
      "type": "aws_iam_role_policy_attachment",
      "name": "cw_agent_CloudWatchAgentServerPolicy",
      "provider": "provider[\"registry.terraform.io/hashicorp/aws\"]",
      "instances": [
        {
          "index_key": 0,
          "schema_version": 0,
          "attributes": {
            "id": "saasinfalab-dev-saasinfalab-dev-cw-agent-role/arn:aws:iam::aws:policy/CloudWatchAgentServerPolicy",
            "policy_arn": "arn:aws:iam::aws:policy/CloudWatchAgentServerPolicy",
            "role": "saasinfalab-dev-saasinfalab-dev-cw-agent-role"
          },
          "sensitive_attributes": [],
          "identity_schema_version": 0,
          "identity": {
            "account_id": "821368347884",
            "policy_arn": "arn:aws:iam::aws:policy/CloudWatchAgentServerPolicy",
            "role": "saasinfalab-dev-saasinfalab-dev-cw-agent-role"
          },
          "private": "bnVsbA==",
          "dependencies": [
            "module.iam.aws_iam_role.cloudwatch_agent"
          ],
          "create_before_destroy": true
        }
      ]
    },
    {
      "module": "module.iam",
      "mode": "managed",
      "type": "aws_iam_role_policy_attachment",
      "name": "eks_cluster_AmazonEKSClusterPolicy",
      "provider": "provider[\"registry.terraform.io/hashicorp/aws\"]",
      "instances": [
        {
          "index_key": 0,
          "schema_version": 0,
          "attributes": {
            "id": "saasinfalab-dev-saasinfalab-dev-cluster-role/arn:aws:iam::aws:policy/AmazonEKSClusterPolicy",
            "policy_arn": "arn:aws:iam::aws:policy/AmazonEKSClusterPolicy",
            "role": "saasinfalab-dev-saasinfalab-dev-cluster-role"
          },
          "sensitive_attributes": [],
          "identity_schema_version": 0,
          "identity": {
            "account_id": "821368347884",
            "policy_arn": "arn:aws:iam::aws:policy/AmazonEKSClusterPolicy",
            "role": "saasinfalab-dev-saasinfalab-dev-cluster-role"
          },
          "private": "bnVsbA==",
          "dependencies": [
            "module.iam.aws_iam_role.eks_cluster"
          ],
          "create_before_destroy": true
        }
      ]
    },
    {
      "module": "module.iam",
      "mode": "managed",
      "type": "aws_iam_role_policy_attachment",
      "name": "eks_cluster_AmazonEKSVPCResourceController",
      "provider": "provider[\"registry.terraform.io/hashicorp/aws\"]",
      "instances": [
        {
          "index_key": 0,
          "schema_version": 0,
          "attributes": {
            "id": "saasinfalab-dev-saasinfalab-dev-cluster-role/arn:aws:iam::aws:policy/AmazonEKSVPCResourceController",
            "policy_arn": "arn:aws:iam::aws:policy/AmazonEKSVPCResourceController",
            "role": "saasinfalab-dev-saasinfalab-dev-cluster-role"
          },
          "sensitive_attributes": [],
          "identity_schema_version": 0,
          "identity": {
            "account_id": "821368347884",
            "policy_arn": "arn:aws:iam::aws:policy/AmazonEKSVPCResourceController",
            "role": "saasinfalab-dev-saasinfalab-dev-cluster-role"
          },
          "private": "bnVsbA==",
          "dependencies": [
            "module.iam.aws_iam_role.eks_cluster"
          ],
          "create_before_destroy": true
        }
      ]
    },
    {
      "module": "module.iam",
      "mode": "managed",
      "type": "aws_iam_role_policy_attachment",
      "name": "eks_node_AmazonEC2ContainerRegistryReadOnly",
      "provider": "provider[\"registry.terraform.io/hashicorp/aws\"]",
      "instances": [
        {
          "index_key": 0,
          "schema_version": 0,
          "attributes": {
            "id": "saasinfalab-dev-saasinfalab-dev-node-role/arn:aws:iam::aws:policy/AmazonEC2ContainerRegistryReadOnly",
            "policy_arn": "arn:aws:iam::aws:policy/AmazonEC2ContainerRegistryReadOnly",
            "role": "saasinfalab-dev-saasinfalab-dev-node-role"
          },
          "sensitive_attributes": [],
          "identity_schema_version": 0,
          "identity": {
            "account_id": "821368347884",
            "policy_arn": "arn:aws:iam::aws:policy/AmazonEC2ContainerRegistryReadOnly",
            "role": "saasinfalab-dev-saasinfalab-dev-node-role"
          },
          "private": "bnVsbA==",
          "dependencies": [
            "module.iam.aws_iam_role.eks_node"
          ],
          "create_before_destroy": true
        }
      ]
    },
    {
      "module": "module.iam",
      "mode": "managed",
      "type": "aws_iam_role_policy_attachment",
      "name": "eks_node_AmazonEKSWorkerNodePolicy",
      "provider": "provider[\"registry.terraform.io/hashicorp/aws\"]",
      "instances": [
        {
          "index_key": 0,
          "schema_version": 0,
          "attributes": {
            "id": "saasinfalab-dev-saasinfalab-dev-node-role/arn:aws:iam::aws:policy/AmazonEKSWorkerNodePolicy",
            "policy_arn": "arn:aws:iam::aws:policy/AmazonEKSWorkerNodePolicy",
            "role": "saasinfalab-dev-saasinfalab-dev-node-role"
          },
          "sensitive_attributes": [],
          "identity_schema_version": 0,
          "identity": {
            "account_id": "821368347884",
            "policy_arn": "arn:aws:iam::aws:policy/AmazonEKSWorkerNodePolicy",
            "role": "saasinfalab-dev-saasinfalab-dev-node-role"
          },
          "private": "bnVsbA==",
          "dependencies": [
            "module.iam.aws_iam_role.eks_node"
          ],
          "create_before_destroy": true
        }
      ]
    },
    {
      "module": "module.iam",
      "mode": "managed",
      "type": "aws_iam_role_policy_attachment",
      "name": "eks_node_AmazonEKS_CNI_Policy",
      "provider": "provider[\"registry.terraform.io/hashicorp/aws\"]",
      "instances": [
        {
          "index_key": 0,
          "schema_version": 0,
          "attributes": {
            "id": "saasinfalab-dev-saasinfalab-dev-node-role/arn:aws:iam::aws:policy/AmazonEKS_CNI_Policy",
            "policy_arn": "arn:aws:iam::aws:policy/AmazonEKS_CNI_Policy",
            "role": "saasinfalab-dev-saasinfalab-dev-node-role"
          },
          "sensitive_attributes": [],
          "identity_schema_version": 0,
          "identity": {
            "account_id": "821368347884",
            "policy_arn": "arn:aws:iam::aws:policy/AmazonEKS_CNI_Policy",
            "role": "saasinfalab-dev-saasinfalab-dev-node-role"
          },
          "private": "bnVsbA==",
          "dependencies": [
            "module.iam.aws_iam_role.eks_node"
          ],
          "create_before_destroy": true
        }
      ]
    },
    {
      "module": "module.monitoring",
      "mode": "data",
      "type": "aws_region",
      "name": "current",
      "provider": "provider[\"registry.terraform.io/hashicorp/aws\"]",
      "instances": [
        {
          "schema_version": 0,
          "attributes": {
            "description": "US East (N. Virginia)",
            "endpoint": "ec2.us-east-1.amazonaws.com",
            "id": "us-east-1",
            "name": "us-east-1",
            "region": "us-east-1"
          },
          "sensitive_attributes": [],
          "identity_schema_version": 0
        }
      ]
    },
    {
      "module": "module.monitoring",
      "mode": "managed",
      "type": "aws_cloudwatch_dashboard",
      "name": "eks",
      "provider": "provider[\"registry.terraform.io/hashicorp/aws\"]",
      "instances": [
        {
          "index_key": 0,
          "schema_version": 0,
          "attributes": {
            "dashboard_arn": "arn:aws:cloudwatch::821368347884:dashboard/saasinfalab-dev-dashboard",
            "dashboard_body": "{\"widgets\":[{\"properties\":{\"metrics\":[[\"ContainerInsights\",\"node_cpu_utilization\",{\"stat\":\"Average\"}],[\".\",\"node_memory_utilization\",{\"stat\":\"Average\"}],[\".\",\"pod_cpu_utilization\",{\"stat\":\"Average\"}],[\".\",\"pod_memory_utilization\",{\"stat\":\"Average\"}]],\"period\":300,\"region\":\"us-east-1\",\"stat\":\"Average\",\"title\":\"saasinfalab-dev - Resource Utilization\"},\"type\":\"metric\"},{\"properties\":{\"query\":\"fields @timestamp, @message | filter @message like /ERROR/ | stats count() by bin(5m)\",\"region\":\"us-east-1\",\"title\":\"saasinfalab-dev - Error Count\"},\"type\":\"log\"}]}",
            "dashboard_name": "saasinfalab-dev-dashboard",
            "id": "saasinfalab-dev-dashboard",
            "region": "us-east-1"
          },
          "sensitive_attributes": [],
          "identity_schema_version": 0,
          "private": "bnVsbA==",
          "dependencies": [
            "module.eks.aws_cloudwatch_log_group.cluster",
            "module.eks.aws_eks_cluster.main",
            "module.eks.aws_eks_node_group.main",
            "module.eks.aws_iam_instance_profile.nodes",
            "module.eks.aws_iam_openid_connect_provider.cluster",
            "module.eks.aws_launch_template.nodes",
            "module.eks.data.aws_ami.eks_optimized",
            "module.eks.data.aws_caller_identity.current",
            "module.eks.data.aws_iam_role.node_role",
            "module.eks.data.tls_certificate.cluster",
            "module.iam.aws_iam_role.cloudwatch_agent",
            "module.iam.aws_iam_role.eks_cluster",
            "module.iam.aws_iam_role.eks_node",
            "module.iam.aws_iam_role.vpc_flow_logs",
            "module.iam.aws_iam_role_policy.vpc_flow_logs_policy",
            "module.iam.aws_iam_role_policy_attachment.cw_agent_CloudWatchAgentServerPolicy",
            "module.iam.aws_iam_role_policy_attachment.eks_cluster_AmazonEKSClusterPolicy",
            "module.iam.aws_iam_role_policy_attachment.eks_cluster_AmazonEKSVPCResourceController",
            "module.iam.aws_iam_role_policy_attachment.eks_node_AmazonEC2ContainerRegistryReadOnly",
            "module.iam.aws_iam_role_policy_attachment.eks_node_AmazonEKSWorkerNodePolicy",
            "module.iam.aws_iam_role_policy_attachment.eks_node_AmazonEKS_CNI_Policy",
            "module.monitoring.data.aws_region.current",
            "module.vpc.aws_cloudwatch_log_group.vpc_flow_logs",
            "module.vpc.aws_eip.nat",
            "module.vpc.aws_flow_log.vpc",
            "module.vpc.aws_internet_gateway.igw",
            "module.vpc.aws_nat_gateway.nat",
            "module.vpc.aws_route_table.private",
            "module.vpc.aws_route_table.public",
            "module.vpc.aws_route_table_association.private_assoc",
            "module.vpc.aws_route_table_association.public_assoc",
            "module.vpc.aws_security_group.eks_cluster",
            "module.vpc.aws_security_group.eks_nodes",
            "module.vpc.aws_subnet.private",
            "module.vpc.aws_subnet.public",
            "module.vpc.aws_vpc.main"
          ]
        }
      ]
    },
    {
      "module": "module.monitoring",
      "mode": "managed",
      "type": "aws_cloudwatch_log_group",
      "name": "container_insights",
      "provider": "provider[\"registry.terraform.io/hashicorp/aws\"]",
      "instances": [
        {
          "index_key": 0,
          "schema_version": 0,
          "attributes": {
            "arn": "arn:aws:logs:us-east-1:821368347884:log-group:/aws/containerinsights/saasinfalab-dev/performance",
            "id": "/aws/containerinsights/saasinfalab-dev/performance",
            "kms_key_id": "",
            "log_group_class": "STANDARD",
            "name": "/aws/containerinsights/saasinfalab-dev/performance",
            "name_prefix": "",
            "region": "us-east-1",
            "retention_in_days": 7,
            "skip_destroy": false,
            "tags": {
              "Backups": "Daily",
              "Compliance": "SOC2",
              "CostCenter": "Engineering",
              "Environment": "dev",
              "ManagedBy": "Terraform",
              "Name": "/aws/containerinsights/saasinfalab-dev/performance",
              "Owner": "Platform Engineering",
              "Project": "SaasInfalab",
              "Repository": "terraform-modules"
            },
            "tags_all": {
              "Backups": "Daily",
              "Compliance": "SOC2",
              "CostCenter": "Engineering",
              "Environment": "dev",
              "ManagedBy": "Terraform",
              "Name": "/aws/containerinsights/saasinfalab-dev/performance",
              "Owner": "Platform Engineering",
              "Project": "SaasInfalab",
              "Repository": "terraform-modules"
            }
          },
          "sensitive_attributes": [],
          "identity_schema_version": 0,
          "identity": {
            "account_id": "821368347884",
            "name": "/aws/containerinsights/saasinfalab-dev/performance",
            "region": "us-east-1"
          },
          "private": "bnVsbA==",
          "dependencies": [
            "module.eks.aws_cloudwatch_log_group.cluster",
            "module.eks.aws_eks_cluster.main",
            "module.eks.aws_eks_node_group.main",
            "module.eks.aws_iam_instance_profile.nodes",
            "module.eks.aws_iam_openid_connect_provider.cluster",
            "module.eks.aws_launch_template.nodes",
            "module.eks.data.aws_ami.eks_optimized",
            "module.eks.data.aws_caller_identity.current",
            "module.eks.data.aws_iam_role.node_role",
            "module.eks.data.tls_certificate.cluster",
            "module.iam.aws_iam_role.cloudwatch_agent",
            "module.iam.aws_iam_role.eks_cluster",
            "module.iam.aws_iam_role.eks_node",
            "module.iam.aws_iam_role.vpc_flow_logs",
            "module.iam.aws_iam_role_policy.vpc_flow_logs_policy",
            "module.iam.aws_iam_role_policy_attachment.cw_agent_CloudWatchAgentServerPolicy",
            "module.iam.aws_iam_role_policy_attachment.eks_cluster_AmazonEKSClusterPolicy",
            "module.iam.aws_iam_role_policy_attachment.eks_cluster_AmazonEKSVPCResourceController",
            "module.iam.aws_iam_role_policy_attachment.eks_node_AmazonEC2ContainerRegistryReadOnly",
            "module.iam.aws_iam_role_policy_attachment.eks_node_AmazonEKSWorkerNodePolicy",
            "module.iam.aws_iam_role_policy_attachment.eks_node_AmazonEKS_CNI_Policy",
            "module.vpc.aws_cloudwatch_log_group.vpc_flow_logs",
            "module.vpc.aws_eip.nat",
            "module.vpc.aws_flow_log.vpc",
            "module.vpc.aws_internet_gateway.igw",
            "module.vpc.aws_nat_gateway.nat",
            "module.vpc.aws_route_table.private",
            "module.vpc.aws_route_table.public",
            "module.vpc.aws_route_table_association.private_assoc",
            "module.vpc.aws_route_table_association.public_assoc",
            "module.vpc.aws_security_group.eks_cluster",
            "module.vpc.aws_security_group.eks_nodes",
            "module.vpc.aws_subnet.private",
            "module.vpc.aws_subnet.public",
            "module.vpc.aws_vpc.main"
          ]
        }
      ]
    },
    {
      "module": "module.monitoring",
      "mode": "managed",
      "type": "aws_cloudwatch_metric_alarm",
      "name": "node_cpu",
      "provider": "provider[\"registry.terraform.io/hashicorp/aws\"]",
      "instances": [
        {
          "index_key": 0,
          "schema_version": 1,
          "attributes": {
            "actions_enabled": true,
            "alarm_actions": [],
            "alarm_description": "Alert when node CPU utilization is high",
            "alarm_name": "saasinfalab-dev-node-cpu-utilization",
            "arn": "arn:aws:cloudwatch:us-east-1:821368347884:alarm:saasinfalab-dev-node-cpu-utilization",
            "comparison_operator": "GreaterThanThreshold",
            "datapoints_to_alarm": 0,
            "dimensions": {
              "ClusterName": "saasinfalab-dev"
            },
            "evaluate_low_sample_count_percentiles": "",
            "evaluation_periods": 2,
            "extended_statistic": "",
            "id": "saasinfalab-dev-node-cpu-utilization",
            "insufficient_data_actions": [],
            "metric_name": "node_cpu_utilization",
            "metric_query": [],
            "namespace": "ContainerInsights",
            "ok_actions": [],
            "period": 300,
            "region": "us-east-1",
            "statistic": "Average",
            "tags": {
              "Backups": "Daily",
              "Compliance": "SOC2",
              "CostCenter": "Engineering",
              "Environment": "dev",
              "ManagedBy": "Terraform",
              "Name": "saasinfalab-dev-node-cpu-utilization",
              "Owner": "Platform Engineering",
              "Project": "SaasInfalab",
              "Repository": "terraform-modules"
            },
            "tags_all": {
              "Backups": "Daily",
              "Compliance": "SOC2",
              "CostCenter": "Engineering",
              "Environment": "dev",
              "ManagedBy": "Terraform",
              "Name": "saasinfalab-dev-node-cpu-utilization",
              "Owner": "Platform Engineering",
              "Project": "SaasInfalab",
              "Repository": "terraform-modules"
            },
            "threshold": 80,
            "threshold_metric_id": "",
            "treat_missing_data": "missing",
            "unit": ""
          },
          "sensitive_attributes": [],
          "identity_schema_version": 0,
          "identity": {
            "account_id": "821368347884",
            "alarm_name": "saasinfalab-dev-node-cpu-utilization",
            "region": "us-east-1"
          },
          "private": "eyJzY2hlbWFfdmVyc2lvbiI6IjEifQ==",
          "dependencies": [
            "module.eks.aws_cloudwatch_log_group.cluster",
            "module.eks.aws_eks_cluster.main",
            "module.eks.aws_eks_node_group.main",
            "module.eks.aws_iam_instance_profile.nodes",
            "module.eks.aws_iam_openid_connect_provider.cluster",
            "module.eks.aws_launch_template.nodes",
            "module.eks.data.aws_ami.eks_optimized",
            "module.eks.data.aws_caller_identity.current",
            "module.eks.data.aws_iam_role.node_role",
            "module.eks.data.tls_certificate.cluster",
            "module.iam.aws_iam_role.cloudwatch_agent",
            "module.iam.aws_iam_role.eks_cluster",
            "module.iam.aws_iam_role.eks_node",
            "module.iam.aws_iam_role.vpc_flow_logs",
            "module.iam.aws_iam_role_policy.vpc_flow_logs_policy",
            "module.iam.aws_iam_role_policy_attachment.cw_agent_CloudWatchAgentServerPolicy",
            "module.iam.aws_iam_role_policy_attachment.eks_cluster_AmazonEKSClusterPolicy",
            "module.iam.aws_iam_role_policy_attachment.eks_cluster_AmazonEKSVPCResourceController",
            "module.iam.aws_iam_role_policy_attachment.eks_node_AmazonEC2ContainerRegistryReadOnly",
            "module.iam.aws_iam_role_policy_attachment.eks_node_AmazonEKSWorkerNodePolicy",
            "module.iam.aws_iam_role_policy_attachment.eks_node_AmazonEKS_CNI_Policy",
            "module.vpc.aws_cloudwatch_log_group.vpc_flow_logs",
            "module.vpc.aws_eip.nat",
            "module.vpc.aws_flow_log.vpc",
            "module.vpc.aws_internet_gateway.igw",
            "module.vpc.aws_nat_gateway.nat",
            "module.vpc.aws_route_table.private",
            "module.vpc.aws_route_table.public",
            "module.vpc.aws_route_table_association.private_assoc",
            "module.vpc.aws_route_table_association.public_assoc",
            "module.vpc.aws_security_group.eks_cluster",
            "module.vpc.aws_security_group.eks_nodes",
            "module.vpc.aws_subnet.private",
            "module.vpc.aws_subnet.public",
            "module.vpc.aws_vpc.main"
          ]
        }
      ]
    },
    {
      "module": "module.monitoring",
      "mode": "managed",
      "type": "aws_cloudwatch_metric_alarm",
      "name": "node_memory",
      "provider": "provider[\"registry.terraform.io/hashicorp/aws\"]",
      "instances": [
        {
          "index_key": 0,
          "schema_version": 1,
          "attributes": {
            "actions_enabled": true,
            "alarm_actions": [],
            "alarm_description": "Alert when node memory utilization is high",
            "alarm_name": "saasinfalab-dev-node-memory-utilization",
            "arn": "arn:aws:cloudwatch:us-east-1:821368347884:alarm:saasinfalab-dev-node-memory-utilization",
            "comparison_operator": "GreaterThanThreshold",
            "datapoints_to_alarm": 0,
            "dimensions": {
              "ClusterName": "saasinfalab-dev"
            },
            "evaluate_low_sample_count_percentiles": "",
            "evaluation_periods": 2,
            "extended_statistic": "",
            "id": "saasinfalab-dev-node-memory-utilization",
            "insufficient_data_actions": [],
            "metric_name": "node_memory_utilization",
            "metric_query": [],
            "namespace": "ContainerInsights",
            "ok_actions": [],
            "period": 300,
            "region": "us-east-1",
            "statistic": "Average",
            "tags": {
              "Backups": "Daily",
              "Compliance": "SOC2",
              "CostCenter": "Engineering",
              "Environment": "dev",
              "ManagedBy": "Terraform",
              "Name": "saasinfalab-dev-node-memory-utilization",
              "Owner": "Platform Engineering",
              "Project": "SaasInfalab",
              "Repository": "terraform-modules"
            },
            "tags_all": {
              "Backups": "Daily",
              "Compliance": "SOC2",
              "CostCenter": "Engineering",
              "Environment": "dev",
              "ManagedBy": "Terraform",
              "Name": "saasinfalab-dev-node-memory-utilization",
              "Owner": "Platform Engineering",
              "Project": "SaasInfalab",
              "Repository": "terraform-modules"
            },
            "threshold": 80,
            "threshold_metric_id": "",
            "treat_missing_data": "missing",
            "unit": ""
          },
          "sensitive_attributes": [],
          "identity_schema_version": 0,
          "identity": {
            "account_id": "821368347884",
            "alarm_name": "saasinfalab-dev-node-memory-utilization",
            "region": "us-east-1"
          },
          "private": "eyJzY2hlbWFfdmVyc2lvbiI6IjEifQ==",
          "dependencies": [
            "module.eks.aws_cloudwatch_log_group.cluster",
            "module.eks.aws_eks_cluster.main",
            "module.eks.aws_eks_node_group.main",
            "module.eks.aws_iam_instance_profile.nodes",
            "module.eks.aws_iam_openid_connect_provider.cluster",
            "module.eks.aws_launch_template.nodes",
            "module.eks.data.aws_ami.eks_optimized",
            "module.eks.data.aws_caller_identity.current",
            "module.eks.data.aws_iam_role.node_role",
            "module.eks.data.tls_certificate.cluster",
            "module.iam.aws_iam_role.cloudwatch_agent",
            "module.iam.aws_iam_role.eks_cluster",
            "module.iam.aws_iam_role.eks_node",
            "module.iam.aws_iam_role.vpc_flow_logs",
            "module.iam.aws_iam_role_policy.vpc_flow_logs_policy",
            "module.iam.aws_iam_role_policy_attachment.cw_agent_CloudWatchAgentServerPolicy",
            "module.iam.aws_iam_role_policy_attachment.eks_cluster_AmazonEKSClusterPolicy",
            "module.iam.aws_iam_role_policy_attachment.eks_cluster_AmazonEKSVPCResourceController",
            "module.iam.aws_iam_role_policy_attachment.eks_node_AmazonEC2ContainerRegistryReadOnly",
            "module.iam.aws_iam_role_policy_attachment.eks_node_AmazonEKSWorkerNodePolicy",
            "module.iam.aws_iam_role_policy_attachment.eks_node_AmazonEKS_CNI_Policy",
            "module.vpc.aws_cloudwatch_log_group.vpc_flow_logs",
            "module.vpc.aws_eip.nat",
            "module.vpc.aws_flow_log.vpc",
            "module.vpc.aws_internet_gateway.igw",
            "module.vpc.aws_nat_gateway.nat",
            "module.vpc.aws_route_table.private",
            "module.vpc.aws_route_table.public",
            "module.vpc.aws_route_table_association.private_assoc",
            "module.vpc.aws_route_table_association.public_assoc",
            "module.vpc.aws_security_group.eks_cluster",
            "module.vpc.aws_security_group.eks_nodes",
            "module.vpc.aws_subnet.private",
            "module.vpc.aws_subnet.public",
            "module.vpc.aws_vpc.main"
          ]
        }
      ]
    },
    {
      "module": "module.monitoring",
      "mode": "managed",
      "type": "aws_cloudwatch_metric_alarm",
      "name": "pod_cpu",
      "provider": "provider[\"registry.terraform.io/hashicorp/aws\"]",
      "instances": [
        {
          "index_key": 0,
          "schema_version": 1,
          "attributes": {
            "actions_enabled": true,
            "alarm_actions": [],
            "alarm_description": "Alert when pod CPU utilization is very high",
            "alarm_name": "saasinfalab-dev-pod-cpu-utilization",
            "arn": "arn:aws:cloudwatch:us-east-1:821368347884:alarm:saasinfalab-dev-pod-cpu-utilization",
            "comparison_operator": "GreaterThanThreshold",
            "datapoints_to_alarm": 0,
            "dimensions": {
              "ClusterName": "saasinfalab-dev"
            },
            "evaluate_low_sample_count_percentiles": "",
            "evaluation_periods": 2,
            "extended_statistic": "",
            "id": "saasinfalab-dev-pod-cpu-utilization",
            "insufficient_data_actions": [],
            "metric_name": "pod_cpu_utilization",
            "metric_query": [],
            "namespace": "ContainerInsights",
            "ok_actions": [],
            "period": 300,
            "region": "us-east-1",
            "statistic": "Average",
            "tags": {
              "Backups": "Daily",
              "Compliance": "SOC2",
              "CostCenter": "Engineering",
              "Environment": "dev",
              "ManagedBy": "Terraform",
              "Name": "saasinfalab-dev-pod-cpu-utilization",
              "Owner": "Platform Engineering",
              "Project": "SaasInfalab",
              "Repository": "terraform-modules"
            },
            "tags_all": {
              "Backups": "Daily",
              "Compliance": "SOC2",
              "CostCenter": "Engineering",
              "Environment": "dev",
              "ManagedBy": "Terraform",
              "Name": "saasinfalab-dev-pod-cpu-utilization",
              "Owner": "Platform Engineering",
              "Project": "SaasInfalab",
              "Repository": "terraform-modules"
            },
            "threshold": 90,
            "threshold_metric_id": "",
            "treat_missing_data": "missing",
            "unit": ""
          },
          "sensitive_attributes": [],
          "identity_schema_version": 0,
          "identity": {
            "account_id": "821368347884",
            "alarm_name": "saasinfalab-dev-pod-cpu-utilization",
            "region": "us-east-1"
          },
          "private": "eyJzY2hlbWFfdmVyc2lvbiI6IjEifQ==",
          "dependencies": [
            "module.eks.aws_cloudwatch_log_group.cluster",
            "module.eks.aws_eks_cluster.main",
            "module.eks.aws_eks_node_group.main",
            "module.eks.aws_iam_instance_profile.nodes",
            "module.eks.aws_iam_openid_connect_provider.cluster",
            "module.eks.aws_launch_template.nodes",
            "module.eks.data.aws_ami.eks_optimized",
            "module.eks.data.aws_caller_identity.current",
            "module.eks.data.aws_iam_role.node_role",
            "module.eks.data.tls_certificate.cluster",
            "module.iam.aws_iam_role.cloudwatch_agent",
            "module.iam.aws_iam_role.eks_cluster",
            "module.iam.aws_iam_role.eks_node",
            "module.iam.aws_iam_role.vpc_flow_logs",
            "module.iam.aws_iam_role_policy.vpc_flow_logs_policy",
            "module.iam.aws_iam_role_policy_attachment.cw_agent_CloudWatchAgentServerPolicy",
            "module.iam.aws_iam_role_policy_attachment.eks_cluster_AmazonEKSClusterPolicy",
            "module.iam.aws_iam_role_policy_attachment.eks_cluster_AmazonEKSVPCResourceController",
            "module.iam.aws_iam_role_policy_attachment.eks_node_AmazonEC2ContainerRegistryReadOnly",
            "module.iam.aws_iam_role_policy_attachment.eks_node_AmazonEKSWorkerNodePolicy",
            "module.iam.aws_iam_role_policy_attachment.eks_node_AmazonEKS_CNI_Policy",
            "module.vpc.aws_cloudwatch_log_group.vpc_flow_logs",
            "module.vpc.aws_eip.nat",
            "module.vpc.aws_flow_log.vpc",
            "module.vpc.aws_internet_gateway.igw",
            "module.vpc.aws_nat_gateway.nat",
            "module.vpc.aws_route_table.private",
            "module.vpc.aws_route_table.public",
            "module.vpc.aws_route_table_association.private_assoc",
            "module.vpc.aws_route_table_association.public_assoc",
            "module.vpc.aws_security_group.eks_cluster",
            "module.vpc.aws_security_group.eks_nodes",
            "module.vpc.aws_subnet.private",
            "module.vpc.aws_subnet.public",
            "module.vpc.aws_vpc.main"
          ]
        }
      ]
    },
    {
      "module": "module.security",
      "mode": "managed",
      "type": "aws_network_acl",
      "name": "eks_nacl",
      "provider": "provider[\"registry.terraform.io/hashicorp/aws\"]",
      "instances": [
        {
          "schema_version": 0,
          "attributes": {
            "arn": "arn:aws:ec2:us-east-1:821368347884:network-acl/acl-0982c34e0aeeb1e7c",
            "egress": [
              {
                "action": "allow",
                "cidr_block": "0.0.0.0/0",
                "from_port": 0,
                "icmp_code": 0,
                "icmp_type": 0,
                "ipv6_cidr_block": "",
                "protocol": "-1",
                "rule_no": 100,
                "to_port": 0
              }
            ],
            "id": "acl-0982c34e0aeeb1e7c",
            "ingress": [
              {
                "action": "allow",
                "cidr_block": "0.0.0.0/0",
                "from_port": 1024,
                "icmp_code": 0,
                "icmp_type": 0,
                "ipv6_cidr_block": "",
                "protocol": "6",
                "rule_no": 120,
                "to_port": 65535
              },
              {
                "action": "allow",
                "cidr_block": "0.0.0.0/0",
                "from_port": 10250,
                "icmp_code": 0,
                "icmp_type": 0,
                "ipv6_cidr_block": "",
                "protocol": "6",
                "rule_no": 110,
                "to_port": 10250
              },
              {
                "action": "allow",
                "cidr_block": "0.0.0.0/0",
                "from_port": 443,
                "icmp_code": 0,
                "icmp_type": 0,
                "ipv6_cidr_block": "",
                "protocol": "6",
                "rule_no": 100,
                "to_port": 443
              }
            ],
            "owner_id": "821368347884",
            "region": "us-east-1",
            "subnet_ids": [],
            "tags": {
              "Backups": "Daily",
              "Compliance": "SOC2",
              "CostCenter": "Engineering",
              "Environment": "dev",
              "ManagedBy": "Terraform",
              "Name": "saasinfalab-dev-nacl",
              "Owner": "Platform Engineering",
              "Project": "SaasInfalab",
              "Repository": "terraform-modules"
            },
            "tags_all": {
              "Backups": "Daily",
              "Compliance": "SOC2",
              "CostCenter": "Engineering",
              "Environment": "dev",
              "ManagedBy": "Terraform",
              "Name": "saasinfalab-dev-nacl",
              "Owner": "Platform Engineering",
              "Project": "SaasInfalab",
              "Repository": "terraform-modules"
            },
            "vpc_id": "vpc-0e81350b5fbf55637"
          },
          "sensitive_attributes": [],
          "identity_schema_version": 0,
          "private": "bnVsbA==",
          "dependencies": [
            "module.eks.aws_cloudwatch_log_group.cluster",
            "module.eks.aws_eks_cluster.main",
            "module.eks.aws_eks_node_group.main",
            "module.eks.aws_iam_instance_profile.nodes",
            "module.eks.aws_iam_openid_connect_provider.cluster",
            "module.eks.aws_launch_template.nodes",
            "module.eks.data.aws_ami.eks_optimized",
            "module.eks.data.aws_caller_identity.current",
            "module.eks.data.aws_iam_role.node_role",
            "module.eks.data.tls_certificate.cluster",
            "module.iam.aws_iam_role.cloudwatch_agent",
            "module.iam.aws_iam_role.eks_cluster",
            "module.iam.aws_iam_role.eks_node",
            "module.iam.aws_iam_role.vpc_flow_logs",
            "module.iam.aws_iam_role_policy.vpc_flow_logs_policy",
            "module.iam.aws_iam_role_policy_attachment.cw_agent_CloudWatchAgentServerPolicy",
            "module.iam.aws_iam_role_policy_attachment.eks_cluster_AmazonEKSClusterPolicy",
            "module.iam.aws_iam_role_policy_attachment.eks_cluster_AmazonEKSVPCResourceController",
            "module.iam.aws_iam_role_policy_attachment.eks_node_AmazonEC2ContainerRegistryReadOnly",
            "module.iam.aws_iam_role_policy_attachment.eks_node_AmazonEKSWorkerNodePolicy",
            "module.iam.aws_iam_role_policy_attachment.eks_node_AmazonEKS_CNI_Policy",
            "module.vpc.aws_cloudwatch_log_group.vpc_flow_logs",
            "module.vpc.aws_eip.nat",
            "module.vpc.aws_flow_log.vpc",
            "module.vpc.aws_internet_gateway.igw",
            "module.vpc.aws_nat_gateway.nat",
            "module.vpc.aws_route_table.private",
            "module.vpc.aws_route_table.public",
            "module.vpc.aws_route_table_association.private_assoc",
            "module.vpc.aws_route_table_association.public_assoc",
            "module.vpc.aws_security_group.eks_cluster",
            "module.vpc.aws_security_group.eks_nodes",
            "module.vpc.aws_subnet.private",
            "module.vpc.aws_subnet.public",
            "module.vpc.aws_vpc.main"
          ]
        }
      ]
    },
    {
      "module": "module.security",
      "mode": "managed",
      "type": "aws_network_acl_rule",
      "name": "egress_all",
      "provider": "provider[\"registry.terraform.io/hashicorp/aws\"]",
      "instances": [
        {
          "schema_version": 0,
          "attributes": {
            "cidr_block": "0.0.0.0/0",
            "egress": true,
            "from_port": 0,
            "icmp_code": null,
            "icmp_type": null,
            "id": "nacl-100471297",
            "ipv6_cidr_block": "",
            "network_acl_id": "acl-0982c34e0aeeb1e7c",
            "protocol": "-1",
            "region": "us-east-1",
            "rule_action": "allow",
            "rule_number": 100,
            "to_port": 0
          },
          "sensitive_attributes": [],
          "identity_schema_version": 0,
          "private": "bnVsbA==",
          "dependencies": [
            "module.eks.aws_cloudwatch_log_group.cluster",
            "module.eks.aws_eks_cluster.main",
            "module.eks.aws_eks_node_group.main",
            "module.eks.aws_iam_instance_profile.nodes",
            "module.eks.aws_iam_openid_connect_provider.cluster",
            "module.eks.aws_launch_template.nodes",
            "module.eks.data.aws_ami.eks_optimized",
            "module.eks.data.aws_caller_identity.current",
            "module.eks.data.aws_iam_role.node_role",
            "module.eks.data.tls_certificate.cluster",
            "module.iam.aws_iam_role.cloudwatch_agent",
            "module.iam.aws_iam_role.eks_cluster",
            "module.iam.aws_iam_role.eks_node",
            "module.iam.aws_iam_role.vpc_flow_logs",
            "module.iam.aws_iam_role_policy.vpc_flow_logs_policy",
            "module.iam.aws_iam_role_policy_attachment.cw_agent_CloudWatchAgentServerPolicy",
            "module.iam.aws_iam_role_policy_attachment.eks_cluster_AmazonEKSClusterPolicy",
            "module.iam.aws_iam_role_policy_attachment.eks_cluster_AmazonEKSVPCResourceController",
            "module.iam.aws_iam_role_policy_attachment.eks_node_AmazonEC2ContainerRegistryReadOnly",
            "module.iam.aws_iam_role_policy_attachment.eks_node_AmazonEKSWorkerNodePolicy",
            "module.iam.aws_iam_role_policy_attachment.eks_node_AmazonEKS_CNI_Policy",
            "module.security.aws_network_acl.eks_nacl",
            "module.vpc.aws_cloudwatch_log_group.vpc_flow_logs",
            "module.vpc.aws_eip.nat",
            "module.vpc.aws_flow_log.vpc",
            "module.vpc.aws_internet_gateway.igw",
            "module.vpc.aws_nat_gateway.nat",
            "module.vpc.aws_route_table.private",
            "module.vpc.aws_route_table.public",
            "module.vpc.aws_route_table_association.private_assoc",
            "module.vpc.aws_route_table_association.public_assoc",
            "module.vpc.aws_security_group.eks_cluster",
            "module.vpc.aws_security_group.eks_nodes",
            "module.vpc.aws_subnet.private",
            "module.vpc.aws_subnet.public",
            "module.vpc.aws_vpc.main"
          ]
        }
      ]
    },
    {
      "module": "module.security",
      "mode": "managed",
      "type": "aws_network_acl_rule",
      "name": "ephemeral_ingress",
      "provider": "provider[\"registry.terraform.io/hashicorp/aws\"]",
      "instances": [
        {
          "schema_version": 0,
          "attributes": {
            "cidr_block": "0.0.0.0/0",
            "egress": false,
            "from_port": 1024,
            "icmp_code": null,
            "icmp_type": null,
            "id": "nacl-1173285778",
            "ipv6_cidr_block": "",
            "network_acl_id": "acl-0982c34e0aeeb1e7c",
            "protocol": "6",
            "region": "us-east-1",
            "rule_action": "allow",
            "rule_number": 120,
            "to_port": 65535
          },
          "sensitive_attributes": [],
          "identity_schema_version": 0,
          "private": "bnVsbA==",
          "dependencies": [
            "module.eks.aws_cloudwatch_log_group.cluster",
            "module.eks.aws_eks_cluster.main",
            "module.eks.aws_eks_node_group.main",
            "module.eks.aws_iam_instance_profile.nodes",
            "module.eks.aws_iam_openid_connect_provider.cluster",
            "module.eks.aws_launch_template.nodes",
            "module.eks.data.aws_ami.eks_optimized",
            "module.eks.data.aws_caller_identity.current",
            "module.eks.data.aws_iam_role.node_role",
            "module.eks.data.tls_certificate.cluster",
            "module.iam.aws_iam_role.cloudwatch_agent",
            "module.iam.aws_iam_role.eks_cluster",
            "module.iam.aws_iam_role.eks_node",
            "module.iam.aws_iam_role.vpc_flow_logs",
            "module.iam.aws_iam_role_policy.vpc_flow_logs_policy",
            "module.iam.aws_iam_role_policy_attachment.cw_agent_CloudWatchAgentServerPolicy",
            "module.iam.aws_iam_role_policy_attachment.eks_cluster_AmazonEKSClusterPolicy",
            "module.iam.aws_iam_role_policy_attachment.eks_cluster_AmazonEKSVPCResourceController",
            "module.iam.aws_iam_role_policy_attachment.eks_node_AmazonEC2ContainerRegistryReadOnly",
            "module.iam.aws_iam_role_policy_attachment.eks_node_AmazonEKSWorkerNodePolicy",
            "module.iam.aws_iam_role_policy_attachment.eks_node_AmazonEKS_CNI_Policy",
            "module.security.aws_network_acl.eks_nacl",
            "module.vpc.aws_cloudwatch_log_group.vpc_flow_logs",
            "module.vpc.aws_eip.nat",
            "module.vpc.aws_flow_log.vpc",
            "module.vpc.aws_internet_gateway.igw",
            "module.vpc.aws_nat_gateway.nat",
            "module.vpc.aws_route_table.private",
            "module.vpc.aws_route_table.public",
            "module.vpc.aws_route_table_association.private_assoc",
            "module.vpc.aws_route_table_association.public_assoc",
            "module.vpc.aws_security_group.eks_cluster",
            "module.vpc.aws_security_group.eks_nodes",
            "module.vpc.aws_subnet.private",
            "module.vpc.aws_subnet.public",
            "module.vpc.aws_vpc.main"
          ]
        }
      ]
    },
    {
      "module": "module.security",
      "mode": "managed",
      "type": "aws_network_acl_rule",
      "name": "https_ingress",
      "provider": "provider[\"registry.terraform.io/hashicorp/aws\"]",
      "instances": [
        {
          "schema_version": 0,
          "attributes": {
            "cidr_block": "0.0.0.0/0",
            "egress": false,
            "from_port": 443,
            "icmp_code": null,
            "icmp_type": null,
            "id": "nacl-632446681",
            "ipv6_cidr_block": "",
            "network_acl_id": "acl-0982c34e0aeeb1e7c",
            "protocol": "6",
            "region": "us-east-1",
            "rule_action": "allow",
            "rule_number": 100,
            "to_port": 443
          },
          "sensitive_attributes": [],
          "identity_schema_version": 0,
          "private": "bnVsbA==",
          "dependencies": [
            "module.eks.aws_cloudwatch_log_group.cluster",
            "module.eks.aws_eks_cluster.main",
            "module.eks.aws_eks_node_group.main",
            "module.eks.aws_iam_instance_profile.nodes",
            "module.eks.aws_iam_openid_connect_provider.cluster",
            "module.eks.aws_launch_template.nodes",
            "module.eks.data.aws_ami.eks_optimized",
            "module.eks.data.aws_caller_identity.current",
            "module.eks.data.aws_iam_role.node_role",
            "module.eks.data.tls_certificate.cluster",
            "module.iam.aws_iam_role.cloudwatch_agent",
            "module.iam.aws_iam_role.eks_cluster",
            "module.iam.aws_iam_role.eks_node",
            "module.iam.aws_iam_role.vpc_flow_logs",
            "module.iam.aws_iam_role_policy.vpc_flow_logs_policy",
            "module.iam.aws_iam_role_policy_attachment.cw_agent_CloudWatchAgentServerPolicy",
            "module.iam.aws_iam_role_policy_attachment.eks_cluster_AmazonEKSClusterPolicy",
            "module.iam.aws_iam_role_policy_attachment.eks_cluster_AmazonEKSVPCResourceController",
            "module.iam.aws_iam_role_policy_attachment.eks_node_AmazonEC2ContainerRegistryReadOnly",
            "module.iam.aws_iam_role_policy_attachment.eks_node_AmazonEKSWorkerNodePolicy",
            "module.iam.aws_iam_role_policy_attachment.eks_node_AmazonEKS_CNI_Policy",
            "module.security.aws_network_acl.eks_nacl",
            "module.vpc.aws_cloudwatch_log_group.vpc_flow_logs",
            "module.vpc.aws_eip.nat",
            "module.vpc.aws_flow_log.vpc",
            "module.vpc.aws_internet_gateway.igw",
            "module.vpc.aws_nat_gateway.nat",
            "module.vpc.aws_route_table.private",
            "module.vpc.aws_route_table.public",
            "module.vpc.aws_route_table_association.private_assoc",
            "module.vpc.aws_route_table_association.public_assoc",
            "module.vpc.aws_security_group.eks_cluster",
            "module.vpc.aws_security_group.eks_nodes",
            "module.vpc.aws_subnet.private",
            "module.vpc.aws_subnet.public",
            "module.vpc.aws_vpc.main"
          ]
        }
      ]
    },
    {
      "module": "module.security",
      "mode": "managed",
      "type": "aws_network_acl_rule",
      "name": "kubelet_ingress",
      "provider": "provider[\"registry.terraform.io/hashicorp/aws\"]",
      "instances": [
        {
          "schema_version": 0,
          "attributes": {
            "cidr_block": "0.0.0.0/0",
            "egress": false,
            "from_port": 10250,
            "icmp_code": null,
            "icmp_type": null,
            "id": "nacl-131823780",
            "ipv6_cidr_block": "",
            "network_acl_id": "acl-0982c34e0aeeb1e7c",
            "protocol": "6",
            "region": "us-east-1",
            "rule_action": "allow",
            "rule_number": 110,
            "to_port": 10250
          },
          "sensitive_attributes": [],
          "identity_schema_version": 0,
          "private": "bnVsbA==",
          "dependencies": [
            "module.eks.aws_cloudwatch_log_group.cluster",
            "module.eks.aws_eks_cluster.main",
            "module.eks.aws_eks_node_group.main",
            "module.eks.aws_iam_instance_profile.nodes",
            "module.eks.aws_iam_openid_connect_provider.cluster",
            "module.eks.aws_launch_template.nodes",
            "module.eks.data.aws_ami.eks_optimized",
            "module.eks.data.aws_caller_identity.current",
            "module.eks.data.aws_iam_role.node_role",
            "module.eks.data.tls_certificate.cluster",
            "module.iam.aws_iam_role.cloudwatch_agent",
            "module.iam.aws_iam_role.eks_cluster",
            "module.iam.aws_iam_role.eks_node",
            "module.iam.aws_iam_role.vpc_flow_logs",
            "module.iam.aws_iam_role_policy.vpc_flow_logs_policy",
            "module.iam.aws_iam_role_policy_attachment.cw_agent_CloudWatchAgentServerPolicy",
            "module.iam.aws_iam_role_policy_attachment.eks_cluster_AmazonEKSClusterPolicy",
            "module.iam.aws_iam_role_policy_attachment.eks_cluster_AmazonEKSVPCResourceController",
            "module.iam.aws_iam_role_policy_attachment.eks_node_AmazonEC2ContainerRegistryReadOnly",
            "module.iam.aws_iam_role_policy_attachment.eks_node_AmazonEKSWorkerNodePolicy",
            "module.iam.aws_iam_role_policy_attachment.eks_node_AmazonEKS_CNI_Policy",
            "module.security.aws_network_acl.eks_nacl",
            "module.vpc.aws_cloudwatch_log_group.vpc_flow_logs",
            "module.vpc.aws_eip.nat",
            "module.vpc.aws_flow_log.vpc",
            "module.vpc.aws_internet_gateway.igw",
            "module.vpc.aws_nat_gateway.nat",
            "module.vpc.aws_route_table.private",
            "module.vpc.aws_route_table.public",
            "module.vpc.aws_route_table_association.private_assoc",
            "module.vpc.aws_route_table_association.public_assoc",
            "module.vpc.aws_security_group.eks_cluster",
            "module.vpc.aws_security_group.eks_nodes",
            "module.vpc.aws_subnet.private",
            "module.vpc.aws_subnet.public",
            "module.vpc.aws_vpc.main"
          ]
        }
      ]
    },
    {
      "module": "module.security",
      "mode": "managed",
      "type": "aws_security_group",
      "name": "network_policy",
      "provider": "provider[\"registry.terraform.io/hashicorp/aws\"]",
      "instances": [
        {
          "index_key": 0,
          "schema_version": 1,
          "attributes": {
            "arn": "arn:aws:ec2:us-east-1:821368347884:security-group/sg-00e629157f1c8a4d3",
            "description": "Security group for network policy enforcement",
            "egress": [
              {
                "cidr_blocks": [
                  "0.0.0.0/0"
                ],
                "description": "",
                "from_port": 0,
                "ipv6_cidr_blocks": [],
                "prefix_list_ids": [],
                "protocol": "-1",
                "security_groups": [],
                "self": false,
                "to_port": 0
              }
            ],
            "id": "sg-00e629157f1c8a4d3",
            "ingress": [
              {
                "cidr_blocks": [],
                "description": "",
                "from_port": 0,
                "ipv6_cidr_blocks": [],
                "prefix_list_ids": [],
                "protocol": "tcp",
                "security_groups": [],
                "self": true,
                "to_port": 65535
              }
            ],
            "name": "saasinfalab-dev-network-policy-20251028152319078200000007",
            "name_prefix": "saasinfalab-dev-network-policy-",
            "owner_id": "821368347884",
            "region": "us-east-1",
            "revoke_rules_on_delete": false,
            "tags": {
              "Backups": "Daily",
              "Compliance": "SOC2",
              "CostCenter": "Engineering",
              "Environment": "dev",
              "ManagedBy": "Terraform",
              "Name": "saasinfalab-dev-network-policy",
              "Owner": "Platform Engineering",
              "Project": "SaasInfalab",
              "Repository": "terraform-modules"
            },
            "tags_all": {
              "Backups": "Daily",
              "Compliance": "SOC2",
              "CostCenter": "Engineering",
              "Environment": "dev",
              "ManagedBy": "Terraform",
              "Name": "saasinfalab-dev-network-policy",
              "Owner": "Platform Engineering",
              "Project": "SaasInfalab",
              "Repository": "terraform-modules"
            },
            "timeouts": null,
            "vpc_id": "vpc-0e81350b5fbf55637"
          },
          "sensitive_attributes": [],
          "identity_schema_version": 0,
          "identity": {
            "account_id": "821368347884",
            "id": "sg-00e629157f1c8a4d3",
            "region": "us-east-1"
          },
          "private": "eyJlMmJmYjczMC1lY2FhLTExZTYtOGY4OC0zNDM2M2JjN2M0YzAiOnsiY3JlYXRlIjo2MDAwMDAwMDAwMDAsImRlbGV0ZSI6OTAwMDAwMDAwMDAwfSwic2NoZW1hX3ZlcnNpb24iOiIxIn0=",
          "dependencies": [
            "module.eks.aws_cloudwatch_log_group.cluster",
            "module.eks.aws_eks_cluster.main",
            "module.eks.aws_eks_node_group.main",
            "module.eks.aws_iam_instance_profile.nodes",
            "module.eks.aws_iam_openid_connect_provider.cluster",
            "module.eks.aws_launch_template.nodes",
            "module.eks.data.aws_ami.eks_optimized",
            "module.eks.data.aws_caller_identity.current",
            "module.eks.data.aws_iam_role.node_role",
            "module.eks.data.tls_certificate.cluster",
            "module.iam.aws_iam_role.cloudwatch_agent",
            "module.iam.aws_iam_role.eks_cluster",
            "module.iam.aws_iam_role.eks_node",
            "module.iam.aws_iam_role.vpc_flow_logs",
            "module.iam.aws_iam_role_policy.vpc_flow_logs_policy",
            "module.iam.aws_iam_role_policy_attachment.cw_agent_CloudWatchAgentServerPolicy",
            "module.iam.aws_iam_role_policy_attachment.eks_cluster_AmazonEKSClusterPolicy",
            "module.iam.aws_iam_role_policy_attachment.eks_cluster_AmazonEKSVPCResourceController",
            "module.iam.aws_iam_role_policy_attachment.eks_node_AmazonEC2ContainerRegistryReadOnly",
            "module.iam.aws_iam_role_policy_attachment.eks_node_AmazonEKSWorkerNodePolicy",
            "module.iam.aws_iam_role_policy_attachment.eks_node_AmazonEKS_CNI_Policy",
            "module.vpc.aws_cloudwatch_log_group.vpc_flow_logs",
            "module.vpc.aws_eip.nat",
            "module.vpc.aws_flow_log.vpc",
            "module.vpc.aws_internet_gateway.igw",
            "module.vpc.aws_nat_gateway.nat",
            "module.vpc.aws_route_table.private",
            "module.vpc.aws_route_table.public",
            "module.vpc.aws_route_table_association.private_assoc",
            "module.vpc.aws_route_table_association.public_assoc",
            "module.vpc.aws_security_group.eks_cluster",
            "module.vpc.aws_security_group.eks_nodes",
            "module.vpc.aws_subnet.private",
            "module.vpc.aws_subnet.public",
            "module.vpc.aws_vpc.main"
          ]
        }
      ]
    },
    {
      "module": "module.security",
      "mode": "managed",
      "type": "aws_security_group_rule",
      "name": "cluster_api_https",
      "provider": "provider[\"registry.terraform.io/hashicorp/aws\"]",
      "instances": [
        {
          "schema_version": 2,
          "attributes": {
            "cidr_blocks": [
              "0.0.0.0/0"
            ],
            "description": "Allow HTTPS to EKS API from allowed CIDRs",
            "from_port": 443,
            "id": "sgrule-778722477",
            "ipv6_cidr_blocks": null,
            "prefix_list_ids": null,
            "protocol": "tcp",
            "region": "us-east-1",
            "security_group_id": "sg-059a7813df2f434a3",
            "security_group_rule_id": "sgr-020bfdbf964660c75",
            "self": false,
            "source_security_group_id": null,
            "timeouts": null,
            "to_port": 443,
            "type": "ingress"
          },
          "sensitive_attributes": [],
          "identity_schema_version": 0,
          "private": "eyJlMmJmYjczMC1lY2FhLTExZTYtOGY4OC0zNDM2M2JjN2M0YzAiOnsiY3JlYXRlIjozMDAwMDAwMDAwMDB9LCJzY2hlbWFfdmVyc2lvbiI6IjIifQ==",
          "dependencies": [
            "module.eks.aws_cloudwatch_log_group.cluster",
            "module.eks.aws_eks_cluster.main",
            "module.eks.aws_eks_node_group.main",
            "module.eks.aws_iam_instance_profile.nodes",
            "module.eks.aws_iam_openid_connect_provider.cluster",
            "module.eks.aws_launch_template.nodes",
            "module.eks.data.aws_ami.eks_optimized",
            "module.eks.data.aws_caller_identity.current",
            "module.eks.data.aws_iam_role.node_role",
            "module.eks.data.tls_certificate.cluster",
            "module.iam.aws_iam_role.cloudwatch_agent",
            "module.iam.aws_iam_role.eks_cluster",
            "module.iam.aws_iam_role.eks_node",
            "module.iam.aws_iam_role.vpc_flow_logs",
            "module.iam.aws_iam_role_policy.vpc_flow_logs_policy",
            "module.iam.aws_iam_role_policy_attachment.cw_agent_CloudWatchAgentServerPolicy",
            "module.iam.aws_iam_role_policy_attachment.eks_cluster_AmazonEKSClusterPolicy",
            "module.iam.aws_iam_role_policy_attachment.eks_cluster_AmazonEKSVPCResourceController",
            "module.iam.aws_iam_role_policy_attachment.eks_node_AmazonEC2ContainerRegistryReadOnly",
            "module.iam.aws_iam_role_policy_attachment.eks_node_AmazonEKSWorkerNodePolicy",
            "module.iam.aws_iam_role_policy_attachment.eks_node_AmazonEKS_CNI_Policy",
            "module.vpc.aws_cloudwatch_log_group.vpc_flow_logs",
            "module.vpc.aws_eip.nat",
            "module.vpc.aws_flow_log.vpc",
            "module.vpc.aws_internet_gateway.igw",
            "module.vpc.aws_nat_gateway.nat",
            "module.vpc.aws_route_table.private",
            "module.vpc.aws_route_table.public",
            "module.vpc.aws_route_table_association.private_assoc",
            "module.vpc.aws_route_table_association.public_assoc",
            "module.vpc.aws_security_group.eks_cluster",
            "module.vpc.aws_security_group.eks_nodes",
            "module.vpc.aws_subnet.private",
            "module.vpc.aws_subnet.public",
            "module.vpc.aws_vpc.main"
          ]
        }
      ]
    },
    {
      "module": "module.security",
      "mode": "managed",
      "type": "aws_security_group_rule",
      "name": "cluster_to_nodes_kubelet",
      "provider": "provider[\"registry.terraform.io/hashicorp/aws\"]",
      "instances": [
        {
          "schema_version": 2,
          "attributes": {
            "cidr_blocks": null,
            "description": "Allow cluster to kubelet API on nodes",
            "from_port": 10250,
            "id": "sgrule-820952142",
            "ipv6_cidr_blocks": null,
            "prefix_list_ids": null,
            "protocol": "tcp",
            "region": "us-east-1",
            "security_group_id": "sg-085cf6026270be7b8",
            "security_group_rule_id": "sgr-031f9df7b760ad0a4",
            "self": false,
            "source_security_group_id": "sg-059a7813df2f434a3",
            "timeouts": null,
            "to_port": 10250,
            "type": "ingress"
          },
          "sensitive_attributes": [],
          "identity_schema_version": 0,
          "private": "eyJlMmJmYjczMC1lY2FhLTExZTYtOGY4OC0zNDM2M2JjN2M0YzAiOnsiY3JlYXRlIjozMDAwMDAwMDAwMDB9LCJzY2hlbWFfdmVyc2lvbiI6IjIifQ==",
          "dependencies": [
            "module.eks.aws_cloudwatch_log_group.cluster",
            "module.eks.aws_eks_cluster.main",
            "module.eks.aws_eks_node_group.main",
            "module.eks.aws_iam_instance_profile.nodes",
            "module.eks.aws_iam_openid_connect_provider.cluster",
            "module.eks.aws_launch_template.nodes",
            "module.eks.data.aws_ami.eks_optimized",
            "module.eks.data.aws_caller_identity.current",
            "module.eks.data.aws_iam_role.node_role",
            "module.eks.data.tls_certificate.cluster",
            "module.iam.aws_iam_role.cloudwatch_agent",
            "module.iam.aws_iam_role.eks_cluster",
            "module.iam.aws_iam_role.eks_node",
            "module.iam.aws_iam_role.vpc_flow_logs",
            "module.iam.aws_iam_role_policy.vpc_flow_logs_policy",
            "module.iam.aws_iam_role_policy_attachment.cw_agent_CloudWatchAgentServerPolicy",
            "module.iam.aws_iam_role_policy_attachment.eks_cluster_AmazonEKSClusterPolicy",
            "module.iam.aws_iam_role_policy_attachment.eks_cluster_AmazonEKSVPCResourceController",
            "module.iam.aws_iam_role_policy_attachment.eks_node_AmazonEC2ContainerRegistryReadOnly",
            "module.iam.aws_iam_role_policy_attachment.eks_node_AmazonEKSWorkerNodePolicy",
            "module.iam.aws_iam_role_policy_attachment.eks_node_AmazonEKS_CNI_Policy",
            "module.vpc.aws_cloudwatch_log_group.vpc_flow_logs",
            "module.vpc.aws_eip.nat",
            "module.vpc.aws_flow_log.vpc",
            "module.vpc.aws_internet_gateway.igw",
            "module.vpc.aws_nat_gateway.nat",
            "module.vpc.aws_route_table.private",
            "module.vpc.aws_route_table.public",
            "module.vpc.aws_route_table_association.private_assoc",
            "module.vpc.aws_route_table_association.public_assoc",
            "module.vpc.aws_security_group.eks_cluster",
            "module.vpc.aws_security_group.eks_nodes",
            "module.vpc.aws_subnet.private",
            "module.vpc.aws_subnet.public",
            "module.vpc.aws_vpc.main"
          ]
        }
      ]
    },
    {
      "module": "module.security",
      "mode": "managed",
      "type": "aws_security_group_rule",
      "name": "nodes_to_cluster",
      "provider": "provider[\"registry.terraform.io/hashicorp/aws\"]",
      "instances": [
        {
          "schema_version": 2,
          "attributes": {
            "cidr_blocks": null,
            "description": "Allow worker nodes to communicate with cluster API",
            "from_port": 443,
            "id": "sgrule-32036437",
            "ipv6_cidr_blocks": null,
            "prefix_list_ids": null,
            "protocol": "tcp",
            "region": "us-east-1",
            "security_group_id": "sg-059a7813df2f434a3",
            "security_group_rule_id": "sgr-09eeafb6e0035f459",
            "self": false,
            "source_security_group_id": "sg-085cf6026270be7b8",
            "timeouts": null,
            "to_port": 443,
            "type": "ingress"
          },
          "sensitive_attributes": [],
          "identity_schema_version": 0,
          "private": "eyJlMmJmYjczMC1lY2FhLTExZTYtOGY4OC0zNDM2M2JjN2M0YzAiOnsiY3JlYXRlIjozMDAwMDAwMDAwMDB9LCJzY2hlbWFfdmVyc2lvbiI6IjIifQ==",
          "dependencies": [
            "module.eks.aws_cloudwatch_log_group.cluster",
            "module.eks.aws_eks_cluster.main",
            "module.eks.aws_eks_node_group.main",
            "module.eks.aws_iam_instance_profile.nodes",
            "module.eks.aws_iam_openid_connect_provider.cluster",
            "module.eks.aws_launch_template.nodes",
            "module.eks.data.aws_ami.eks_optimized",
            "module.eks.data.aws_caller_identity.current",
            "module.eks.data.aws_iam_role.node_role",
            "module.eks.data.tls_certificate.cluster",
            "module.iam.aws_iam_role.cloudwatch_agent",
            "module.iam.aws_iam_role.eks_cluster",
            "module.iam.aws_iam_role.eks_node",
            "module.iam.aws_iam_role.vpc_flow_logs",
            "module.iam.aws_iam_role_policy.vpc_flow_logs_policy",
            "module.iam.aws_iam_role_policy_attachment.cw_agent_CloudWatchAgentServerPolicy",
            "module.iam.aws_iam_role_policy_attachment.eks_cluster_AmazonEKSClusterPolicy",
            "module.iam.aws_iam_role_policy_attachment.eks_cluster_AmazonEKSVPCResourceController",
            "module.iam.aws_iam_role_policy_attachment.eks_node_AmazonEC2ContainerRegistryReadOnly",
            "module.iam.aws_iam_role_policy_attachment.eks_node_AmazonEKSWorkerNodePolicy",
            "module.iam.aws_iam_role_policy_attachment.eks_node_AmazonEKS_CNI_Policy",
            "module.vpc.aws_cloudwatch_log_group.vpc_flow_logs",
            "module.vpc.aws_eip.nat",
            "module.vpc.aws_flow_log.vpc",
            "module.vpc.aws_internet_gateway.igw",
            "module.vpc.aws_nat_gateway.nat",
            "module.vpc.aws_route_table.private",
            "module.vpc.aws_route_table.public",
            "module.vpc.aws_route_table_association.private_assoc",
            "module.vpc.aws_route_table_association.public_assoc",
            "module.vpc.aws_security_group.eks_cluster",
            "module.vpc.aws_security_group.eks_nodes",
            "module.vpc.aws_subnet.private",
            "module.vpc.aws_subnet.public",
            "module.vpc.aws_vpc.main"
          ]
        }
      ]
    },
    {
      "module": "module.security",
      "mode": "managed",
      "type": "aws_security_group_rule",
      "name": "pod_to_pod",
      "provider": "provider[\"registry.terraform.io/hashicorp/aws\"]",
      "instances": [
        {
          "schema_version": 2,
          "attributes": {
            "cidr_blocks": null,
            "description": "Allow pod-to-pod communication within nodes",
            "from_port": 0,
            "id": "sgrule-1149291955",
            "ipv6_cidr_blocks": null,
            "prefix_list_ids": null,
            "protocol": "tcp",
            "region": "us-east-1",
            "security_group_id": "sg-085cf6026270be7b8",
            "security_group_rule_id": "sgr-0dd72cc2a1781d482",
            "self": false,
            "source_security_group_id": "sg-085cf6026270be7b8",
            "timeouts": null,
            "to_port": 65535,
            "type": "ingress"
          },
          "sensitive_attributes": [],
          "identity_schema_version": 0,
          "private": "eyJlMmJmYjczMC1lY2FhLTExZTYtOGY4OC0zNDM2M2JjN2M0YzAiOnsiY3JlYXRlIjozMDAwMDAwMDAwMDB9LCJzY2hlbWFfdmVyc2lvbiI6IjIifQ==",
          "dependencies": [
            "module.eks.aws_cloudwatch_log_group.cluster",
            "module.eks.aws_eks_cluster.main",
            "module.eks.aws_eks_node_group.main",
            "module.eks.aws_iam_instance_profile.nodes",
            "module.eks.aws_iam_openid_connect_provider.cluster",
            "module.eks.aws_launch_template.nodes",
            "module.eks.data.aws_ami.eks_optimized",
            "module.eks.data.aws_caller_identity.current",
            "module.eks.data.aws_iam_role.node_role",
            "module.eks.data.tls_certificate.cluster",
            "module.iam.aws_iam_role.cloudwatch_agent",
            "module.iam.aws_iam_role.eks_cluster",
            "module.iam.aws_iam_role.eks_node",
            "module.iam.aws_iam_role.vpc_flow_logs",
            "module.iam.aws_iam_role_policy.vpc_flow_logs_policy",
            "module.iam.aws_iam_role_policy_attachment.cw_agent_CloudWatchAgentServerPolicy",
            "module.iam.aws_iam_role_policy_attachment.eks_cluster_AmazonEKSClusterPolicy",
            "module.iam.aws_iam_role_policy_attachment.eks_cluster_AmazonEKSVPCResourceController",
            "module.iam.aws_iam_role_policy_attachment.eks_node_AmazonEC2ContainerRegistryReadOnly",
            "module.iam.aws_iam_role_policy_attachment.eks_node_AmazonEKSWorkerNodePolicy",
            "module.iam.aws_iam_role_policy_attachment.eks_node_AmazonEKS_CNI_Policy",
            "module.vpc.aws_cloudwatch_log_group.vpc_flow_logs",
            "module.vpc.aws_eip.nat",
            "module.vpc.aws_flow_log.vpc",
            "module.vpc.aws_internet_gateway.igw",
            "module.vpc.aws_nat_gateway.nat",
            "module.vpc.aws_route_table.private",
            "module.vpc.aws_route_table.public",
            "module.vpc.aws_route_table_association.private_assoc",
            "module.vpc.aws_route_table_association.public_assoc",
            "module.vpc.aws_security_group.eks_cluster",
            "module.vpc.aws_security_group.eks_nodes",
            "module.vpc.aws_subnet.private",
            "module.vpc.aws_subnet.public",
            "module.vpc.aws_vpc.main"
          ]
        }
      ]
    },
    {
      "module": "module.vpc",
      "mode": "managed",
      "type": "aws_cloudwatch_log_group",
      "name": "vpc_flow_logs",
      "provider": "provider[\"registry.terraform.io/hashicorp/aws\"]",
      "instances": [
        {
          "index_key": 0,
          "schema_version": 0,
          "attributes": {
            "arn": "arn:aws:logs:us-east-1:821368347884:log-group:/aws/vpc_flow_logs/saasinfalab-dev",
            "id": "/aws/vpc_flow_logs/saasinfalab-dev",
            "kms_key_id": "",
            "log_group_class": "STANDARD",
            "name": "/aws/vpc_flow_logs/saasinfalab-dev",
            "name_prefix": "",
            "region": "us-east-1",
            "retention_in_days": 90,
            "skip_destroy": false,
            "tags": {
              "Backups": "Daily",
              "Compliance": "SOC2",
              "CostCenter": "Engineering",
              "Environment": "dev",
              "ManagedBy": "Terraform",
              "Name": "saasinfalab-dev-vpc-flow-logs",
              "Owner": "Platform Engineering",
              "Project": "SaasInfalab",
              "Repository": "terraform-modules"
            },
            "tags_all": {
              "Backups": "Daily",
              "Compliance": "SOC2",
              "CostCenter": "Engineering",
              "Environment": "dev",
              "ManagedBy": "Terraform",
              "Name": "saasinfalab-dev-vpc-flow-logs",
              "Owner": "Platform Engineering",
              "Project": "SaasInfalab",
              "Repository": "terraform-modules"
            }
          },
          "sensitive_attributes": [],
          "identity_schema_version": 0,
          "identity": {
            "account_id": "821368347884",
            "name": "/aws/vpc_flow_logs/saasinfalab-dev",
            "region": "us-east-1"
          },
          "private": "bnVsbA==",
          "dependencies": [
            "module.iam.aws_iam_role.cloudwatch_agent",
            "module.iam.aws_iam_role.eks_cluster",
            "module.iam.aws_iam_role.eks_node",
            "module.iam.aws_iam_role.vpc_flow_logs",
            "module.iam.aws_iam_role_policy.vpc_flow_logs_policy",
            "module.iam.aws_iam_role_policy_attachment.cw_agent_CloudWatchAgentServerPolicy",
            "module.iam.aws_iam_role_policy_attachment.eks_cluster_AmazonEKSClusterPolicy",
            "module.iam.aws_iam_role_policy_attachment.eks_cluster_AmazonEKSVPCResourceController",
            "module.iam.aws_iam_role_policy_attachment.eks_node_AmazonEC2ContainerRegistryReadOnly",
            "module.iam.aws_iam_role_policy_attachment.eks_node_AmazonEKSWorkerNodePolicy",
            "module.iam.aws_iam_role_policy_attachment.eks_node_AmazonEKS_CNI_Policy"
          ],
          "create_before_destroy": true
        }
      ]
    },
    {
      "module": "module.vpc",
      "mode": "managed",
      "type": "aws_eip",
      "name": "nat",
      "provider": "provider[\"registry.terraform.io/hashicorp/aws\"]",
      "instances": [
        {
          "index_key": 0,
          "schema_version": 0,
          "attributes": {
            "address": null,
            "allocation_id": "eipalloc-0e34de26b36564570",
            "arn": "arn:aws:ec2:us-east-1:821368347884:elastic-ip/eipalloc-0e34de26b36564570",
            "associate_with_private_ip": null,
            "association_id": "eipassoc-07400e9d0b4e4e685",
            "carrier_ip": "",
            "customer_owned_ip": "",
            "customer_owned_ipv4_pool": "",
            "domain": "vpc",
            "id": "eipalloc-0e34de26b36564570",
            "instance": "",
            "ipam_pool_id": null,
            "network_border_group": "us-east-1",
            "network_interface": "eni-0b44d92c0cd0e1a85",
            "private_dns": "ip-10-0-0-114.ec2.internal",
            "private_ip": "10.0.0.114",
            "ptr_record": "",
            "public_dns": "ec2-44-210-200-250.compute-1.amazonaws.com",
            "public_ip": "44.210.200.250",
            "public_ipv4_pool": "amazon",
            "region": "us-east-1",
            "tags": {
              "Backups": "Daily",
              "Compliance": "SOC2",
              "CostCenter": "Engineering",
              "Environment": "dev",
              "ManagedBy": "Terraform",
              "Name": "saasinfalab-dev-nat-eip-0",
              "Owner": "Platform Engineering",
              "Project": "SaasInfalab",
              "Repository": "terraform-modules"
            },
            "tags_all": {
              "Backups": "Daily",
              "Compliance": "SOC2",
              "CostCenter": "Engineering",
              "Environment": "dev",
              "ManagedBy": "Terraform",
              "Name": "saasinfalab-dev-nat-eip-0",
              "Owner": "Platform Engineering",
              "Project": "SaasInfalab",
              "Repository": "terraform-modules"
            },
            "timeouts": null
          },
          "sensitive_attributes": [],
          "identity_schema_version": 0,
          "private": "eyJlMmJmYjczMC1lY2FhLTExZTYtOGY4OC0zNDM2M2JjN2M0YzAiOnsiZGVsZXRlIjoxODAwMDAwMDAwMDAsInJlYWQiOjkwMDAwMDAwMDAwMCwidXBkYXRlIjozMDAwMDAwMDAwMDB9fQ==",
          "dependencies": [
            "module.iam.aws_iam_role.cloudwatch_agent",
            "module.iam.aws_iam_role.eks_cluster",
            "module.iam.aws_iam_role.eks_node",
            "module.iam.aws_iam_role.vpc_flow_logs",
            "module.iam.aws_iam_role_policy.vpc_flow_logs_policy",
            "module.iam.aws_iam_role_policy_attachment.cw_agent_CloudWatchAgentServerPolicy",
            "module.iam.aws_iam_role_policy_attachment.eks_cluster_AmazonEKSClusterPolicy",
            "module.iam.aws_iam_role_policy_attachment.eks_cluster_AmazonEKSVPCResourceController",
            "module.iam.aws_iam_role_policy_attachment.eks_node_AmazonEC2ContainerRegistryReadOnly",
            "module.iam.aws_iam_role_policy_attachment.eks_node_AmazonEKSWorkerNodePolicy",
            "module.iam.aws_iam_role_policy_attachment.eks_node_AmazonEKS_CNI_Policy"
          ],
          "create_before_destroy": true
        }
      ]
    },
    {
      "module": "module.vpc",
      "mode": "managed",
      "type": "aws_flow_log",
      "name": "vpc",
      "provider": "provider[\"registry.terraform.io/hashicorp/aws\"]",
      "instances": [
        {
          "index_key": 0,
          "schema_version": 1,
          "attributes": {
            "arn": "arn:aws:ec2:us-east-1:821368347884:vpc-flow-log/fl-088696ff9d43f9c0d",
            "deliver_cross_account_role": "",
            "destination_options": [],
            "eni_id": null,
            "iam_role_arn": "arn:aws:iam::821368347884:role/saasinfalab-dev-saasinfalab-dev-vpc-flow-logs-role",
            "id": "fl-088696ff9d43f9c0d",
            "log_destination": "arn:aws:logs:us-east-1:821368347884:log-group:/aws/vpc_flow_logs/saasinfalab-dev",
            "log_destination_type": "cloud-watch-logs",
            "log_format": "${version} ${account-id} ${interface-id} ${srcaddr} ${dstaddr} ${srcport} ${dstport} ${protocol} ${packets} ${bytes} ${start} ${end} ${action} ${log-status}",
            "max_aggregation_interval": 600,
            "region": "us-east-1",
            "subnet_id": null,
            "tags": {
              "Backups": "Daily",
              "Compliance": "SOC2",
              "CostCenter": "Engineering",
              "Environment": "dev",
              "ManagedBy": "Terraform",
              "Name": "saasinfalab-dev-vpc-flow-log",
              "Owner": "Platform Engineering",
              "Project": "SaasInfalab",
              "Repository": "terraform-modules"
            },
            "tags_all": {
              "Backups": "Daily",
              "Compliance": "SOC2",
              "CostCenter": "Engineering",
              "Environment": "dev",
              "ManagedBy": "Terraform",
              "Name": "saasinfalab-dev-vpc-flow-log",
              "Owner": "Platform Engineering",
              "Project": "SaasInfalab",
              "Repository": "terraform-modules"
            },
            "traffic_type": "ALL",
            "transit_gateway_attachment_id": null,
            "transit_gateway_id": null,
            "vpc_id": "vpc-0e81350b5fbf55637"
          },
          "sensitive_attributes": [],
          "identity_schema_version": 0,
          "private": "eyJzY2hlbWFfdmVyc2lvbiI6IjEifQ==",
          "dependencies": [
            "module.iam.aws_iam_role.cloudwatch_agent",
            "module.iam.aws_iam_role.eks_cluster",
            "module.iam.aws_iam_role.eks_node",
            "module.iam.aws_iam_role.vpc_flow_logs",
            "module.iam.aws_iam_role_policy.vpc_flow_logs_policy",
            "module.iam.aws_iam_role_policy_attachment.cw_agent_CloudWatchAgentServerPolicy",
            "module.iam.aws_iam_role_policy_attachment.eks_cluster_AmazonEKSClusterPolicy",
            "module.iam.aws_iam_role_policy_attachment.eks_cluster_AmazonEKSVPCResourceController",
            "module.iam.aws_iam_role_policy_attachment.eks_node_AmazonEC2ContainerRegistryReadOnly",
            "module.iam.aws_iam_role_policy_attachment.eks_node_AmazonEKSWorkerNodePolicy",
            "module.iam.aws_iam_role_policy_attachment.eks_node_AmazonEKS_CNI_Policy",
            "module.vpc.aws_cloudwatch_log_group.vpc_flow_logs",
            "module.vpc.aws_vpc.main"
          ],
          "create_before_destroy": true
        }
      ]
    },
    {
      "module": "module.vpc",
      "mode": "managed",
      "type": "aws_internet_gateway",
      "name": "igw",
      "provider": "provider[\"registry.terraform.io/hashicorp/aws\"]",
      "instances": [
        {
          "schema_version": 0,
          "attributes": {
            "arn": "arn:aws:ec2:us-east-1:821368347884:internet-gateway/igw-0d962415b4fe57c6c",
            "id": "igw-0d962415b4fe57c6c",
            "owner_id": "821368347884",
            "region": "us-east-1",
            "tags": {
              "Backups": "Daily",
              "Compliance": "SOC2",
              "CostCenter": "Engineering",
              "Environment": "dev",
              "ManagedBy": "Terraform",
              "Name": "saasinfalab-dev-igw",
              "Owner": "Platform Engineering",
              "Project": "SaasInfalab",
              "Repository": "terraform-modules"
            },
            "tags_all": {
              "Backups": "Daily",
              "Compliance": "SOC2",
              "CostCenter": "Engineering",
              "Environment": "dev",
              "ManagedBy": "Terraform",
              "Name": "saasinfalab-dev-igw",
              "Owner": "Platform Engineering",
              "Project": "SaasInfalab",
              "Repository": "terraform-modules"
            },
            "timeouts": null,
            "vpc_id": "vpc-0e81350b5fbf55637"
          },
          "sensitive_attributes": [],
          "identity_schema_version": 0,
          "private": "eyJlMmJmYjczMC1lY2FhLTExZTYtOGY4OC0zNDM2M2JjN2M0YzAiOnsiY3JlYXRlIjoxMjAwMDAwMDAwMDAwLCJkZWxldGUiOjEyMDAwMDAwMDAwMDAsInVwZGF0ZSI6MTIwMDAwMDAwMDAwMH19",
          "dependencies": [
            "module.iam.aws_iam_role.cloudwatch_agent",
            "module.iam.aws_iam_role.eks_cluster",
            "module.iam.aws_iam_role.eks_node",
            "module.iam.aws_iam_role.vpc_flow_logs",
            "module.iam.aws_iam_role_policy.vpc_flow_logs_policy",
            "module.iam.aws_iam_role_policy_attachment.cw_agent_CloudWatchAgentServerPolicy",
            "module.iam.aws_iam_role_policy_attachment.eks_cluster_AmazonEKSClusterPolicy",
            "module.iam.aws_iam_role_policy_attachment.eks_cluster_AmazonEKSVPCResourceController",
            "module.iam.aws_iam_role_policy_attachment.eks_node_AmazonEC2ContainerRegistryReadOnly",
            "module.iam.aws_iam_role_policy_attachment.eks_node_AmazonEKSWorkerNodePolicy",
            "module.iam.aws_iam_role_policy_attachment.eks_node_AmazonEKS_CNI_Policy",
            "module.vpc.aws_vpc.main"
          ],
          "create_before_destroy": true
        }
      ]
    },
    {
      "module": "module.vpc",
      "mode": "managed",
      "type": "aws_nat_gateway",
      "name": "nat",
      "provider": "provider[\"registry.terraform.io/hashicorp/aws\"]",
      "instances": [
        {
          "index_key": 0,
          "schema_version": 0,
          "attributes": {
            "allocation_id": "eipalloc-0e34de26b36564570",
            "association_id": "eipassoc-07400e9d0b4e4e685",
            "connectivity_type": "public",
            "id": "nat-09cab33521e429f47",
            "network_interface_id": "eni-0b44d92c0cd0e1a85",
            "private_ip": "10.0.0.114",
            "public_ip": "44.210.200.250",
            "region": "us-east-1",
            "secondary_allocation_ids": [],
            "secondary_private_ip_address_count": 0,
            "secondary_private_ip_addresses": [],
            "subnet_id": "subnet-027df687791c7a35a",
            "tags": {
              "Backups": "Daily",
              "Compliance": "SOC2",
              "CostCenter": "Engineering",
              "Environment": "dev",
              "ManagedBy": "Terraform",
              "Name": "saasinfalab-dev-nat-0",
              "Owner": "Platform Engineering",
              "Project": "SaasInfalab",
              "Repository": "terraform-modules"
            },
            "tags_all": {
              "Backups": "Daily",
              "Compliance": "SOC2",
              "CostCenter": "Engineering",
              "Environment": "dev",
              "ManagedBy": "Terraform",
              "Name": "saasinfalab-dev-nat-0",
              "Owner": "Platform Engineering",
              "Project": "SaasInfalab",
              "Repository": "terraform-modules"
            },
            "timeouts": null
          },
          "sensitive_attributes": [],
          "identity_schema_version": 0,
          "private": "eyJlMmJmYjczMC1lY2FhLTExZTYtOGY4OC0zNDM2M2JjN2M0YzAiOnsiY3JlYXRlIjo2MDAwMDAwMDAwMDAsImRlbGV0ZSI6MTgwMDAwMDAwMDAwMCwidXBkYXRlIjo2MDAwMDAwMDAwMDB9fQ==",
          "dependencies": [
            "module.iam.aws_iam_role.cloudwatch_agent",
            "module.iam.aws_iam_role.eks_cluster",
            "module.iam.aws_iam_role.eks_node",
            "module.iam.aws_iam_role.vpc_flow_logs",
            "module.iam.aws_iam_role_policy.vpc_flow_logs_policy",
            "module.iam.aws_iam_role_policy_attachment.cw_agent_CloudWatchAgentServerPolicy",
            "module.iam.aws_iam_role_policy_attachment.eks_cluster_AmazonEKSClusterPolicy",
            "module.iam.aws_iam_role_policy_attachment.eks_cluster_AmazonEKSVPCResourceController",
            "module.iam.aws_iam_role_policy_attachment.eks_node_AmazonEC2ContainerRegistryReadOnly",
            "module.iam.aws_iam_role_policy_attachment.eks_node_AmazonEKSWorkerNodePolicy",
            "module.iam.aws_iam_role_policy_attachment.eks_node_AmazonEKS_CNI_Policy",
            "module.vpc.aws_eip.nat",
            "module.vpc.aws_subnet.public",
            "module.vpc.aws_vpc.main"
          ],
          "create_before_destroy": true
        }
      ]
    },
    {
      "module": "module.vpc",
      "mode": "managed",
      "type": "aws_route_table",
      "name": "private",
      "provider": "provider[\"registry.terraform.io/hashicorp/aws\"]",
      "instances": [
        {
          "index_key": "us-east-1a",
          "schema_version": 0,
          "attributes": {
            "arn": "arn:aws:ec2:us-east-1:821368347884:route-table/rtb-0cdbb1006aa56dc1a",
            "id": "rtb-0cdbb1006aa56dc1a",
            "owner_id": "821368347884",
            "propagating_vgws": [],
            "region": "us-east-1",
            "route": [
              {
                "carrier_gateway_id": "",
                "cidr_block": "0.0.0.0/0",
                "core_network_arn": "",
                "destination_prefix_list_id": "",
                "egress_only_gateway_id": "",
                "gateway_id": "",
                "ipv6_cidr_block": "",
                "local_gateway_id": "",
                "nat_gateway_id": "nat-09cab33521e429f47",
                "network_interface_id": "",
                "transit_gateway_id": "",
                "vpc_endpoint_id": "",
                "vpc_peering_connection_id": ""
              }
            ],
            "tags": {
              "Backups": "Daily",
              "Compliance": "SOC2",
              "CostCenter": "Engineering",
              "Environment": "dev",
              "ManagedBy": "Terraform",
              "Name": "saasinfalab-dev-private-rt-us-east-1a",
              "Owner": "Platform Engineering",
              "Project": "SaasInfalab",
              "Repository": "terraform-modules"
            },
            "tags_all": {
              "Backups": "Daily",
              "Compliance": "SOC2",
              "CostCenter": "Engineering",
              "Environment": "dev",
              "ManagedBy": "Terraform",
              "Name": "saasinfalab-dev-private-rt-us-east-1a",
              "Owner": "Platform Engineering",
              "Project": "SaasInfalab",
              "Repository": "terraform-modules"
            },
            "timeouts": null,
            "vpc_id": "vpc-0e81350b5fbf55637"
          },
          "sensitive_attributes": [],
          "identity_schema_version": 0,
          "identity": {
            "account_id": "821368347884",
            "id": "rtb-0cdbb1006aa56dc1a",
            "region": "us-east-1"
          },
          "private": "eyJlMmJmYjczMC1lY2FhLTExZTYtOGY4OC0zNDM2M2JjN2M0YzAiOnsiY3JlYXRlIjozMDAwMDAwMDAwMDAsImRlbGV0ZSI6MzAwMDAwMDAwMDAwLCJ1cGRhdGUiOjEyMDAwMDAwMDAwMH19",
          "dependencies": [
            "module.iam.aws_iam_role.cloudwatch_agent",
            "module.iam.aws_iam_role.eks_cluster",
            "module.iam.aws_iam_role.eks_node",
            "module.iam.aws_iam_role.vpc_flow_logs",
            "module.iam.aws_iam_role_policy.vpc_flow_logs_policy",
            "module.iam.aws_iam_role_policy_attachment.cw_agent_CloudWatchAgentServerPolicy",
            "module.iam.aws_iam_role_policy_attachment.eks_cluster_AmazonEKSClusterPolicy",
            "module.iam.aws_iam_role_policy_attachment.eks_cluster_AmazonEKSVPCResourceController",
            "module.iam.aws_iam_role_policy_attachment.eks_node_AmazonEC2ContainerRegistryReadOnly",
            "module.iam.aws_iam_role_policy_attachment.eks_node_AmazonEKSWorkerNodePolicy",
            "module.iam.aws_iam_role_policy_attachment.eks_node_AmazonEKS_CNI_Policy",
            "module.vpc.aws_eip.nat",
            "module.vpc.aws_nat_gateway.nat",
            "module.vpc.aws_subnet.private",
            "module.vpc.aws_subnet.public",
            "module.vpc.aws_vpc.main"
          ],
          "create_before_destroy": true
        },
        {
          "index_key": "us-east-1b",
          "schema_version": 0,
          "attributes": {
            "arn": "arn:aws:ec2:us-east-1:821368347884:route-table/rtb-04b49397f7251f08c",
            "id": "rtb-04b49397f7251f08c",
            "owner_id": "821368347884",
            "propagating_vgws": [],
            "region": "us-east-1",
            "route": [
              {
                "carrier_gateway_id": "",
                "cidr_block": "0.0.0.0/0",
                "core_network_arn": "",
                "destination_prefix_list_id": "",
                "egress_only_gateway_id": "",
                "gateway_id": "",
                "ipv6_cidr_block": "",
                "local_gateway_id": "",
                "nat_gateway_id": "nat-09cab33521e429f47",
                "network_interface_id": "",
                "transit_gateway_id": "",
                "vpc_endpoint_id": "",
                "vpc_peering_connection_id": ""
              }
            ],
            "tags": {
              "Backups": "Daily",
              "Compliance": "SOC2",
              "CostCenter": "Engineering",
              "Environment": "dev",
              "ManagedBy": "Terraform",
              "Name": "saasinfalab-dev-private-rt-us-east-1b",
              "Owner": "Platform Engineering",
              "Project": "SaasInfalab",
              "Repository": "terraform-modules"
            },
            "tags_all": {
              "Backups": "Daily",
              "Compliance": "SOC2",
              "CostCenter": "Engineering",
              "Environment": "dev",
              "ManagedBy": "Terraform",
              "Name": "saasinfalab-dev-private-rt-us-east-1b",
              "Owner": "Platform Engineering",
              "Project": "SaasInfalab",
              "Repository": "terraform-modules"
            },
            "timeouts": null,
            "vpc_id": "vpc-0e81350b5fbf55637"
          },
          "sensitive_attributes": [],
          "identity_schema_version": 0,
          "identity": {
            "account_id": "821368347884",
            "id": "rtb-04b49397f7251f08c",
            "region": "us-east-1"
          },
          "private": "eyJlMmJmYjczMC1lY2FhLTExZTYtOGY4OC0zNDM2M2JjN2M0YzAiOnsiY3JlYXRlIjozMDAwMDAwMDAwMDAsImRlbGV0ZSI6MzAwMDAwMDAwMDAwLCJ1cGRhdGUiOjEyMDAwMDAwMDAwMH19",
          "dependencies": [
            "module.iam.aws_iam_role.cloudwatch_agent",
            "module.iam.aws_iam_role.eks_cluster",
            "module.iam.aws_iam_role.eks_node",
            "module.iam.aws_iam_role.vpc_flow_logs",
            "module.iam.aws_iam_role_policy.vpc_flow_logs_policy",
            "module.iam.aws_iam_role_policy_attachment.cw_agent_CloudWatchAgentServerPolicy",
            "module.iam.aws_iam_role_policy_attachment.eks_cluster_AmazonEKSClusterPolicy",
            "module.iam.aws_iam_role_policy_attachment.eks_cluster_AmazonEKSVPCResourceController",
            "module.iam.aws_iam_role_policy_attachment.eks_node_AmazonEC2ContainerRegistryReadOnly",
            "module.iam.aws_iam_role_policy_attachment.eks_node_AmazonEKSWorkerNodePolicy",
            "module.iam.aws_iam_role_policy_attachment.eks_node_AmazonEKS_CNI_Policy",
            "module.vpc.aws_eip.nat",
            "module.vpc.aws_nat_gateway.nat",
            "module.vpc.aws_subnet.private",
            "module.vpc.aws_subnet.public",
            "module.vpc.aws_vpc.main"
          ],
          "create_before_destroy": true
        },
        {
          "index_key": "us-east-1c",
          "schema_version": 0,
          "attributes": {
            "arn": "arn:aws:ec2:us-east-1:821368347884:route-table/rtb-00b998ec3256c7d1d",
            "id": "rtb-00b998ec3256c7d1d",
            "owner_id": "821368347884",
            "propagating_vgws": [],
            "region": "us-east-1",
            "route": [
              {
                "carrier_gateway_id": "",
                "cidr_block": "0.0.0.0/0",
                "core_network_arn": "",
                "destination_prefix_list_id": "",
                "egress_only_gateway_id": "",
                "gateway_id": "",
                "ipv6_cidr_block": "",
                "local_gateway_id": "",
                "nat_gateway_id": "nat-09cab33521e429f47",
                "network_interface_id": "",
                "transit_gateway_id": "",
                "vpc_endpoint_id": "",
                "vpc_peering_connection_id": ""
              }
            ],
            "tags": {
              "Backups": "Daily",
              "Compliance": "SOC2",
              "CostCenter": "Engineering",
              "Environment": "dev",
              "ManagedBy": "Terraform",
              "Name": "saasinfalab-dev-private-rt-us-east-1c",
              "Owner": "Platform Engineering",
              "Project": "SaasInfalab",
              "Repository": "terraform-modules"
            },
            "tags_all": {
              "Backups": "Daily",
              "Compliance": "SOC2",
              "CostCenter": "Engineering",
              "Environment": "dev",
              "ManagedBy": "Terraform",
              "Name": "saasinfalab-dev-private-rt-us-east-1c",
              "Owner": "Platform Engineering",
              "Project": "SaasInfalab",
              "Repository": "terraform-modules"
            },
            "timeouts": null,
            "vpc_id": "vpc-0e81350b5fbf55637"
          },
          "sensitive_attributes": [],
          "identity_schema_version": 0,
          "identity": {
            "account_id": "821368347884",
            "id": "rtb-00b998ec3256c7d1d",
            "region": "us-east-1"
          },
          "private": "eyJlMmJmYjczMC1lY2FhLTExZTYtOGY4OC0zNDM2M2JjN2M0YzAiOnsiY3JlYXRlIjozMDAwMDAwMDAwMDAsImRlbGV0ZSI6MzAwMDAwMDAwMDAwLCJ1cGRhdGUiOjEyMDAwMDAwMDAwMH19",
          "dependencies": [
            "module.iam.aws_iam_role.cloudwatch_agent",
            "module.iam.aws_iam_role.eks_cluster",
            "module.iam.aws_iam_role.eks_node",
            "module.iam.aws_iam_role.vpc_flow_logs",
            "module.iam.aws_iam_role_policy.vpc_flow_logs_policy",
            "module.iam.aws_iam_role_policy_attachment.cw_agent_CloudWatchAgentServerPolicy",
            "module.iam.aws_iam_role_policy_attachment.eks_cluster_AmazonEKSClusterPolicy",
            "module.iam.aws_iam_role_policy_attachment.eks_cluster_AmazonEKSVPCResourceController",
            "module.iam.aws_iam_role_policy_attachment.eks_node_AmazonEC2ContainerRegistryReadOnly",
            "module.iam.aws_iam_role_policy_attachment.eks_node_AmazonEKSWorkerNodePolicy",
            "module.iam.aws_iam_role_policy_attachment.eks_node_AmazonEKS_CNI_Policy",
            "module.vpc.aws_eip.nat",
            "module.vpc.aws_nat_gateway.nat",
            "module.vpc.aws_subnet.private",
            "module.vpc.aws_subnet.public",
            "module.vpc.aws_vpc.main"
          ],
          "create_before_destroy": true
        }
      ]
    },
    {
      "module": "module.vpc",
      "mode": "managed",
      "type": "aws_route_table",
      "name": "public",
      "provider": "provider[\"registry.terraform.io/hashicorp/aws\"]",
      "instances": [
        {
          "schema_version": 0,
          "attributes": {
            "arn": "arn:aws:ec2:us-east-1:821368347884:route-table/rtb-02deab4b5aadc4145",
            "id": "rtb-02deab4b5aadc4145",
            "owner_id": "821368347884",
            "propagating_vgws": [],
            "region": "us-east-1",
            "route": [
              {
                "carrier_gateway_id": "",
                "cidr_block": "0.0.0.0/0",
                "core_network_arn": "",
                "destination_prefix_list_id": "",
                "egress_only_gateway_id": "",
                "gateway_id": "igw-0d962415b4fe57c6c",
                "ipv6_cidr_block": "",
                "local_gateway_id": "",
                "nat_gateway_id": "",
                "network_interface_id": "",
                "transit_gateway_id": "",
                "vpc_endpoint_id": "",
                "vpc_peering_connection_id": ""
              }
            ],
            "tags": {
              "Backups": "Daily",
              "Compliance": "SOC2",
              "CostCenter": "Engineering",
              "Environment": "dev",
              "ManagedBy": "Terraform",
              "Name": "saasinfalab-dev-public-rt",
              "Owner": "Platform Engineering",
              "Project": "SaasInfalab",
              "Repository": "terraform-modules"
            },
            "tags_all": {
              "Backups": "Daily",
              "Compliance": "SOC2",
              "CostCenter": "Engineering",
              "Environment": "dev",
              "ManagedBy": "Terraform",
              "Name": "saasinfalab-dev-public-rt",
              "Owner": "Platform Engineering",
              "Project": "SaasInfalab",
              "Repository": "terraform-modules"
            },
            "timeouts": null,
            "vpc_id": "vpc-0e81350b5fbf55637"
          },
          "sensitive_attributes": [],
          "identity_schema_version": 0,
          "identity": {
            "account_id": "821368347884",
            "id": "rtb-02deab4b5aadc4145",
            "region": "us-east-1"
          },
          "private": "eyJlMmJmYjczMC1lY2FhLTExZTYtOGY4OC0zNDM2M2JjN2M0YzAiOnsiY3JlYXRlIjozMDAwMDAwMDAwMDAsImRlbGV0ZSI6MzAwMDAwMDAwMDAwLCJ1cGRhdGUiOjEyMDAwMDAwMDAwMH19",
          "dependencies": [
            "module.iam.aws_iam_role.cloudwatch_agent",
            "module.iam.aws_iam_role.eks_cluster",
            "module.iam.aws_iam_role.eks_node",
            "module.iam.aws_iam_role.vpc_flow_logs",
            "module.iam.aws_iam_role_policy.vpc_flow_logs_policy",
            "module.iam.aws_iam_role_policy_attachment.cw_agent_CloudWatchAgentServerPolicy",
            "module.iam.aws_iam_role_policy_attachment.eks_cluster_AmazonEKSClusterPolicy",
            "module.iam.aws_iam_role_policy_attachment.eks_cluster_AmazonEKSVPCResourceController",
            "module.iam.aws_iam_role_policy_attachment.eks_node_AmazonEC2ContainerRegistryReadOnly",
            "module.iam.aws_iam_role_policy_attachment.eks_node_AmazonEKSWorkerNodePolicy",
            "module.iam.aws_iam_role_policy_attachment.eks_node_AmazonEKS_CNI_Policy",
            "module.vpc.aws_internet_gateway.igw",
            "module.vpc.aws_vpc.main"
          ],
          "create_before_destroy": true
        }
      ]
    },
    {
      "module": "module.vpc",
      "mode": "managed",
      "type": "aws_route_table_association",
      "name": "private_assoc",
      "provider": "provider[\"registry.terraform.io/hashicorp/aws\"]",
      "instances": [
        {
          "index_key": "us-east-1a",
          "schema_version": 0,
          "attributes": {
            "gateway_id": "",
            "id": "rtbassoc-095a9c311e677b91d",
            "region": "us-east-1",
            "route_table_id": "rtb-0cdbb1006aa56dc1a",
            "subnet_id": "subnet-0714cef423fed9c45",
            "timeouts": null
          },
          "sensitive_attributes": [],
          "identity_schema_version": 0,
          "private": "eyJlMmJmYjczMC1lY2FhLTExZTYtOGY4OC0zNDM2M2JjN2M0YzAiOnsiY3JlYXRlIjozMDAwMDAwMDAwMDAsImRlbGV0ZSI6MzAwMDAwMDAwMDAwLCJ1cGRhdGUiOjEyMDAwMDAwMDAwMH19",
          "dependencies": [
            "module.iam.aws_iam_role.cloudwatch_agent",
            "module.iam.aws_iam_role.eks_cluster",
            "module.iam.aws_iam_role.eks_node",
            "module.iam.aws_iam_role.vpc_flow_logs",
            "module.iam.aws_iam_role_policy.vpc_flow_logs_policy",
            "module.iam.aws_iam_role_policy_attachment.cw_agent_CloudWatchAgentServerPolicy",
            "module.iam.aws_iam_role_policy_attachment.eks_cluster_AmazonEKSClusterPolicy",
            "module.iam.aws_iam_role_policy_attachment.eks_cluster_AmazonEKSVPCResourceController",
            "module.iam.aws_iam_role_policy_attachment.eks_node_AmazonEC2ContainerRegistryReadOnly",
            "module.iam.aws_iam_role_policy_attachment.eks_node_AmazonEKSWorkerNodePolicy",
            "module.iam.aws_iam_role_policy_attachment.eks_node_AmazonEKS_CNI_Policy",
            "module.vpc.aws_eip.nat",
            "module.vpc.aws_nat_gateway.nat",
            "module.vpc.aws_route_table.private",
            "module.vpc.aws_subnet.private",
            "module.vpc.aws_subnet.public",
            "module.vpc.aws_vpc.main"
          ],
          "create_before_destroy": true
        },
        {
          "index_key": "us-east-1b",
          "schema_version": 0,
          "attributes": {
            "gateway_id": "",
            "id": "rtbassoc-0006002e8f0f84c0b",
            "region": "us-east-1",
            "route_table_id": "rtb-04b49397f7251f08c",
            "subnet_id": "subnet-062c9e20ac5b43dc9",
            "timeouts": null
          },
          "sensitive_attributes": [],
          "identity_schema_version": 0,
          "private": "eyJlMmJmYjczMC1lY2FhLTExZTYtOGY4OC0zNDM2M2JjN2M0YzAiOnsiY3JlYXRlIjozMDAwMDAwMDAwMDAsImRlbGV0ZSI6MzAwMDAwMDAwMDAwLCJ1cGRhdGUiOjEyMDAwMDAwMDAwMH19",
          "dependencies": [
            "module.iam.aws_iam_role.cloudwatch_agent",
            "module.iam.aws_iam_role.eks_cluster",
            "module.iam.aws_iam_role.eks_node",
            "module.iam.aws_iam_role.vpc_flow_logs",
            "module.iam.aws_iam_role_policy.vpc_flow_logs_policy",
            "module.iam.aws_iam_role_policy_attachment.cw_agent_CloudWatchAgentServerPolicy",
            "module.iam.aws_iam_role_policy_attachment.eks_cluster_AmazonEKSClusterPolicy",
            "module.iam.aws_iam_role_policy_attachment.eks_cluster_AmazonEKSVPCResourceController",
            "module.iam.aws_iam_role_policy_attachment.eks_node_AmazonEC2ContainerRegistryReadOnly",
            "module.iam.aws_iam_role_policy_attachment.eks_node_AmazonEKSWorkerNodePolicy",
            "module.iam.aws_iam_role_policy_attachment.eks_node_AmazonEKS_CNI_Policy",
            "module.vpc.aws_eip.nat",
            "module.vpc.aws_nat_gateway.nat",
            "module.vpc.aws_route_table.private",
            "module.vpc.aws_subnet.private",
            "module.vpc.aws_subnet.public",
            "module.vpc.aws_vpc.main"
          ],
          "create_before_destroy": true
        },
        {
          "index_key": "us-east-1c",
          "schema_version": 0,
          "attributes": {
            "gateway_id": "",
            "id": "rtbassoc-0779fc31c0190a749",
            "region": "us-east-1",
            "route_table_id": "rtb-00b998ec3256c7d1d",
            "subnet_id": "subnet-06becebda5b43cc63",
            "timeouts": null
          },
          "sensitive_attributes": [],
          "identity_schema_version": 0,
          "private": "eyJlMmJmYjczMC1lY2FhLTExZTYtOGY4OC0zNDM2M2JjN2M0YzAiOnsiY3JlYXRlIjozMDAwMDAwMDAwMDAsImRlbGV0ZSI6MzAwMDAwMDAwMDAwLCJ1cGRhdGUiOjEyMDAwMDAwMDAwMH19",
          "dependencies": [
            "module.iam.aws_iam_role.cloudwatch_agent",
            "module.iam.aws_iam_role.eks_cluster",
            "module.iam.aws_iam_role.eks_node",
            "module.iam.aws_iam_role.vpc_flow_logs",
            "module.iam.aws_iam_role_policy.vpc_flow_logs_policy",
            "module.iam.aws_iam_role_policy_attachment.cw_agent_CloudWatchAgentServerPolicy",
            "module.iam.aws_iam_role_policy_attachment.eks_cluster_AmazonEKSClusterPolicy",
            "module.iam.aws_iam_role_policy_attachment.eks_cluster_AmazonEKSVPCResourceController",
            "module.iam.aws_iam_role_policy_attachment.eks_node_AmazonEC2ContainerRegistryReadOnly",
            "module.iam.aws_iam_role_policy_attachment.eks_node_AmazonEKSWorkerNodePolicy",
            "module.iam.aws_iam_role_policy_attachment.eks_node_AmazonEKS_CNI_Policy",
            "module.vpc.aws_eip.nat",
            "module.vpc.aws_nat_gateway.nat",
            "module.vpc.aws_route_table.private",
            "module.vpc.aws_subnet.private",
            "module.vpc.aws_subnet.public",
            "module.vpc.aws_vpc.main"
          ],
          "create_before_destroy": true
        }
      ]
    },
    {
      "module": "module.vpc",
      "mode": "managed",
      "type": "aws_route_table_association",
      "name": "public_assoc",
      "provider": "provider[\"registry.terraform.io/hashicorp/aws\"]",
      "instances": [
        {
          "index_key": "us-east-1a",
          "schema_version": 0,
          "attributes": {
            "gateway_id": "",
            "id": "rtbassoc-073da14a60b6b53fe",
            "region": "us-east-1",
            "route_table_id": "rtb-02deab4b5aadc4145",
            "subnet_id": "subnet-027df687791c7a35a",
            "timeouts": null
          },
          "sensitive_attributes": [],
          "identity_schema_version": 0,
          "private": "eyJlMmJmYjczMC1lY2FhLTExZTYtOGY4OC0zNDM2M2JjN2M0YzAiOnsiY3JlYXRlIjozMDAwMDAwMDAwMDAsImRlbGV0ZSI6MzAwMDAwMDAwMDAwLCJ1cGRhdGUiOjEyMDAwMDAwMDAwMH19",
          "dependencies": [
            "module.iam.aws_iam_role.cloudwatch_agent",
            "module.iam.aws_iam_role.eks_cluster",
            "module.iam.aws_iam_role.eks_node",
            "module.iam.aws_iam_role.vpc_flow_logs",
            "module.iam.aws_iam_role_policy.vpc_flow_logs_policy",
            "module.iam.aws_iam_role_policy_attachment.cw_agent_CloudWatchAgentServerPolicy",
            "module.iam.aws_iam_role_policy_attachment.eks_cluster_AmazonEKSClusterPolicy",
            "module.iam.aws_iam_role_policy_attachment.eks_cluster_AmazonEKSVPCResourceController",
            "module.iam.aws_iam_role_policy_attachment.eks_node_AmazonEC2ContainerRegistryReadOnly",
            "module.iam.aws_iam_role_policy_attachment.eks_node_AmazonEKSWorkerNodePolicy",
            "module.iam.aws_iam_role_policy_attachment.eks_node_AmazonEKS_CNI_Policy",
            "module.vpc.aws_internet_gateway.igw",
            "module.vpc.aws_route_table.public",
            "module.vpc.aws_subnet.public",
            "module.vpc.aws_vpc.main"
          ],
          "create_before_destroy": true
        },
        {
          "index_key": "us-east-1b",
          "schema_version": 0,
          "attributes": {
            "gateway_id": "",
            "id": "rtbassoc-09a44568f0869c8fe",
            "region": "us-east-1",
            "route_table_id": "rtb-02deab4b5aadc4145",
            "subnet_id": "subnet-02a9e9de740635aca",
            "timeouts": null
          },
          "sensitive_attributes": [],
          "identity_schema_version": 0,
          "private": "eyJlMmJmYjczMC1lY2FhLTExZTYtOGY4OC0zNDM2M2JjN2M0YzAiOnsiY3JlYXRlIjozMDAwMDAwMDAwMDAsImRlbGV0ZSI6MzAwMDAwMDAwMDAwLCJ1cGRhdGUiOjEyMDAwMDAwMDAwMH19",
          "dependencies": [
            "module.iam.aws_iam_role.cloudwatch_agent",
            "module.iam.aws_iam_role.eks_cluster",
            "module.iam.aws_iam_role.eks_node",
            "module.iam.aws_iam_role.vpc_flow_logs",
            "module.iam.aws_iam_role_policy.vpc_flow_logs_policy",
            "module.iam.aws_iam_role_policy_attachment.cw_agent_CloudWatchAgentServerPolicy",
            "module.iam.aws_iam_role_policy_attachment.eks_cluster_AmazonEKSClusterPolicy",
            "module.iam.aws_iam_role_policy_attachment.eks_cluster_AmazonEKSVPCResourceController",
            "module.iam.aws_iam_role_policy_attachment.eks_node_AmazonEC2ContainerRegistryReadOnly",
            "module.iam.aws_iam_role_policy_attachment.eks_node_AmazonEKSWorkerNodePolicy",
            "module.iam.aws_iam_role_policy_attachment.eks_node_AmazonEKS_CNI_Policy",
            "module.vpc.aws_internet_gateway.igw",
            "module.vpc.aws_route_table.public",
            "module.vpc.aws_subnet.public",
            "module.vpc.aws_vpc.main"
          ],
          "create_before_destroy": true
        },
        {
          "index_key": "us-east-1c",
          "schema_version": 0,
          "attributes": {
            "gateway_id": "",
            "id": "rtbassoc-09ccd6ca6a3cbf282",
            "region": "us-east-1",
            "route_table_id": "rtb-02deab4b5aadc4145",
            "subnet_id": "subnet-0b8d045d2c5a33e8f",
            "timeouts": null
          },
          "sensitive_attributes": [],
          "identity_schema_version": 0,
          "private": "eyJlMmJmYjczMC1lY2FhLTExZTYtOGY4OC0zNDM2M2JjN2M0YzAiOnsiY3JlYXRlIjozMDAwMDAwMDAwMDAsImRlbGV0ZSI6MzAwMDAwMDAwMDAwLCJ1cGRhdGUiOjEyMDAwMDAwMDAwMH19",
          "dependencies": [
            "module.iam.aws_iam_role.cloudwatch_agent",
            "module.iam.aws_iam_role.eks_cluster",
            "module.iam.aws_iam_role.eks_node",
            "module.iam.aws_iam_role.vpc_flow_logs",
            "module.iam.aws_iam_role_policy.vpc_flow_logs_policy",
            "module.iam.aws_iam_role_policy_attachment.cw_agent_CloudWatchAgentServerPolicy",
            "module.iam.aws_iam_role_policy_attachment.eks_cluster_AmazonEKSClusterPolicy",
            "module.iam.aws_iam_role_policy_attachment.eks_cluster_AmazonEKSVPCResourceController",
            "module.iam.aws_iam_role_policy_attachment.eks_node_AmazonEC2ContainerRegistryReadOnly",
            "module.iam.aws_iam_role_policy_attachment.eks_node_AmazonEKSWorkerNodePolicy",
            "module.iam.aws_iam_role_policy_attachment.eks_node_AmazonEKS_CNI_Policy",
            "module.vpc.aws_internet_gateway.igw",
            "module.vpc.aws_route_table.public",
            "module.vpc.aws_subnet.public",
            "module.vpc.aws_vpc.main"
          ],
          "create_before_destroy": true
        }
      ]
    },
    {
      "module": "module.vpc",
      "mode": "managed",
      "type": "aws_security_group",
      "name": "eks_cluster",
      "provider": "provider[\"registry.terraform.io/hashicorp/aws\"]",
      "instances": [
        {
          "schema_version": 1,
          "attributes": {
            "arn": "arn:aws:ec2:us-east-1:821368347884:security-group/sg-059a7813df2f434a3",
            "description": "Security group for EKS control plane",
            "egress": [
              {
                "cidr_blocks": [
                  "0.0.0.0/0"
                ],
                "description": "",
                "from_port": 0,
                "ipv6_cidr_blocks": [],
                "prefix_list_ids": [],
                "protocol": "-1",
                "security_groups": [],
                "self": false,
                "to_port": 0
              }
            ],
            "id": "sg-059a7813df2f434a3",
            "ingress": [
              {
                "cidr_blocks": [
                  "0.0.0.0/0"
                ],
                "description": "Allow HTTPS to EKS API from allowed CIDRs",
                "from_port": 443,
                "ipv6_cidr_blocks": [],
                "prefix_list_ids": [],
                "protocol": "tcp",
                "security_groups": [],
                "self": false,
                "to_port": 443
              },
              {
                "cidr_blocks": [],
                "description": "Allow worker nodes to communicate with cluster API",
                "from_port": 443,
                "ipv6_cidr_blocks": [],
                "prefix_list_ids": [],
                "protocol": "tcp",
                "security_groups": [
                  "sg-085cf6026270be7b8"
                ],
                "self": false,
                "to_port": 443
              }
            ],
            "name": "saasinfalab-dev-eks-cluster-sg",
            "name_prefix": "",
            "owner_id": "821368347884",
            "region": "us-east-1",
            "revoke_rules_on_delete": false,
            "tags": {
              "Backups": "Daily",
              "Compliance": "SOC2",
              "CostCenter": "Engineering",
              "Environment": "dev",
              "ManagedBy": "Terraform",
              "Name": "saasinfalab-dev-eks-cluster-sg",
              "Owner": "Platform Engineering",
              "Project": "SaasInfalab",
              "Repository": "terraform-modules"
            },
            "tags_all": {
              "Backups": "Daily",
              "Compliance": "SOC2",
              "CostCenter": "Engineering",
              "Environment": "dev",
              "ManagedBy": "Terraform",
              "Name": "saasinfalab-dev-eks-cluster-sg",
              "Owner": "Platform Engineering",
              "Project": "SaasInfalab",
              "Repository": "terraform-modules"
            },
            "timeouts": null,
            "vpc_id": "vpc-0e81350b5fbf55637"
          },
          "sensitive_attributes": [],
          "identity_schema_version": 0,
          "identity": {
            "account_id": "821368347884",
            "id": "sg-059a7813df2f434a3",
            "region": "us-east-1"
          },
          "private": "eyJlMmJmYjczMC1lY2FhLTExZTYtOGY4OC0zNDM2M2JjN2M0YzAiOnsiY3JlYXRlIjo2MDAwMDAwMDAwMDAsImRlbGV0ZSI6OTAwMDAwMDAwMDAwfSwic2NoZW1hX3ZlcnNpb24iOiIxIn0=",
          "dependencies": [
            "module.iam.aws_iam_role.cloudwatch_agent",
            "module.iam.aws_iam_role.eks_cluster",
            "module.iam.aws_iam_role.eks_node",
            "module.iam.aws_iam_role.vpc_flow_logs",
            "module.iam.aws_iam_role_policy.vpc_flow_logs_policy",
            "module.iam.aws_iam_role_policy_attachment.cw_agent_CloudWatchAgentServerPolicy",
            "module.iam.aws_iam_role_policy_attachment.eks_cluster_AmazonEKSClusterPolicy",
            "module.iam.aws_iam_role_policy_attachment.eks_cluster_AmazonEKSVPCResourceController",
            "module.iam.aws_iam_role_policy_attachment.eks_node_AmazonEC2ContainerRegistryReadOnly",
            "module.iam.aws_iam_role_policy_attachment.eks_node_AmazonEKSWorkerNodePolicy",
            "module.iam.aws_iam_role_policy_attachment.eks_node_AmazonEKS_CNI_Policy",
            "module.vpc.aws_vpc.main"
          ],
          "create_before_destroy": true
        }
      ]
    },
    {
      "module": "module.vpc",
      "mode": "managed",
      "type": "aws_security_group",
      "name": "eks_nodes",
      "provider": "provider[\"registry.terraform.io/hashicorp/aws\"]",
      "instances": [
        {
          "schema_version": 1,
          "attributes": {
            "arn": "arn:aws:ec2:us-east-1:821368347884:security-group/sg-085cf6026270be7b8",
            "description": "Security group for EKS worker nodes",
            "egress": [
              {
                "cidr_blocks": [
                  "0.0.0.0/0"
                ],
                "description": "",
                "from_port": 0,
                "ipv6_cidr_blocks": [],
                "prefix_list_ids": [],
                "protocol": "-1",
                "security_groups": [],
                "self": false,
                "to_port": 0
              }
            ],
            "id": "sg-085cf6026270be7b8",
            "ingress": [
              {
                "cidr_blocks": [
                  "10.0.0.0/16"
                ],
                "description": "node to node",
                "from_port": 0,
                "ipv6_cidr_blocks": [],
                "prefix_list_ids": [],
                "protocol": "-1",
                "security_groups": [],
                "self": false,
                "to_port": 0
              }
            ],
            "name": "saasinfalab-dev-eks-nodes-sg",
            "name_prefix": "",
            "owner_id": "821368347884",
            "region": "us-east-1",
            "revoke_rules_on_delete": false,
            "tags": {
              "Backups": "Daily",
              "Compliance": "SOC2",
              "CostCenter": "Engineering",
              "Environment": "dev",
              "ManagedBy": "Terraform",
              "Name": "saasinfalab-dev-eks-nodes-sg",
              "Owner": "Platform Engineering",
              "Project": "SaasInfalab",
              "Repository": "terraform-modules"
            },
            "tags_all": {
              "Backups": "Daily",
              "Compliance": "SOC2",
              "CostCenter": "Engineering",
              "Environment": "dev",
              "ManagedBy": "Terraform",
              "Name": "saasinfalab-dev-eks-nodes-sg",
              "Owner": "Platform Engineering",
              "Project": "SaasInfalab",
              "Repository": "terraform-modules"
            },
            "timeouts": null,
            "vpc_id": "vpc-0e81350b5fbf55637"
          },
          "sensitive_attributes": [],
          "identity_schema_version": 0,
          "identity": {
            "account_id": "821368347884",
            "id": "sg-085cf6026270be7b8",
            "region": "us-east-1"
          },
          "private": "eyJlMmJmYjczMC1lY2FhLTExZTYtOGY4OC0zNDM2M2JjN2M0YzAiOnsiY3JlYXRlIjo2MDAwMDAwMDAwMDAsImRlbGV0ZSI6OTAwMDAwMDAwMDAwfSwic2NoZW1hX3ZlcnNpb24iOiIxIn0=",
          "dependencies": [
            "module.iam.aws_iam_role.cloudwatch_agent",
            "module.iam.aws_iam_role.eks_cluster",
            "module.iam.aws_iam_role.eks_node",
            "module.iam.aws_iam_role.vpc_flow_logs",
            "module.iam.aws_iam_role_policy.vpc_flow_logs_policy",
            "module.iam.aws_iam_role_policy_attachment.cw_agent_CloudWatchAgentServerPolicy",
            "module.iam.aws_iam_role_policy_attachment.eks_cluster_AmazonEKSClusterPolicy",
            "module.iam.aws_iam_role_policy_attachment.eks_cluster_AmazonEKSVPCResourceController",
            "module.iam.aws_iam_role_policy_attachment.eks_node_AmazonEC2ContainerRegistryReadOnly",
            "module.iam.aws_iam_role_policy_attachment.eks_node_AmazonEKSWorkerNodePolicy",
            "module.iam.aws_iam_role_policy_attachment.eks_node_AmazonEKS_CNI_Policy",
            "module.vpc.aws_vpc.main"
          ],
          "create_before_destroy": true
        }
      ]
    },
    {
      "module": "module.vpc",
      "mode": "managed",
      "type": "aws_subnet",
      "name": "private",
      "provider": "provider[\"registry.terraform.io/hashicorp/aws\"]",
      "instances": [
        {
          "index_key": "us-east-1a",
          "schema_version": 1,
          "attributes": {
            "arn": "arn:aws:ec2:us-east-1:821368347884:subnet/subnet-0714cef423fed9c45",
            "assign_ipv6_address_on_creation": false,
            "availability_zone": "us-east-1a",
            "availability_zone_id": "use1-az4",
            "cidr_block": "10.0.3.0/24",
            "customer_owned_ipv4_pool": "",
            "enable_dns64": false,
            "enable_lni_at_device_index": 0,
            "enable_resource_name_dns_a_record_on_launch": false,
            "enable_resource_name_dns_aaaa_record_on_launch": false,
            "id": "subnet-0714cef423fed9c45",
            "ipv6_cidr_block": "",
            "ipv6_cidr_block_association_id": "",
            "ipv6_native": false,
            "map_customer_owned_ip_on_launch": false,
            "map_public_ip_on_launch": false,
            "outpost_arn": "",
            "owner_id": "821368347884",
            "private_dns_hostname_type_on_launch": "ip-name",
            "region": "us-east-1",
            "tags": {
              "Backups": "Daily",
              "Compliance": "SOC2",
              "CostCenter": "Engineering",
              "Environment": "dev",
              "ManagedBy": "Terraform",
              "Name": "saasinfalab-dev-private-us-east-1a",
              "Owner": "Platform Engineering",
              "Project": "SaasInfalab",
              "Repository": "terraform-modules"
            },
            "tags_all": {
              "Backups": "Daily",
              "Compliance": "SOC2",
              "CostCenter": "Engineering",
              "Environment": "dev",
              "ManagedBy": "Terraform",
              "Name": "saasinfalab-dev-private-us-east-1a",
              "Owner": "Platform Engineering",
              "Project": "SaasInfalab",
              "Repository": "terraform-modules"
            },
            "timeouts": null,
            "vpc_id": "vpc-0e81350b5fbf55637"
          },
          "sensitive_attributes": [],
          "identity_schema_version": 0,
          "identity": {
            "account_id": "821368347884",
            "id": "subnet-0714cef423fed9c45",
            "region": "us-east-1"
          },
          "private": "eyJlMmJmYjczMC1lY2FhLTExZTYtOGY4OC0zNDM2M2JjN2M0YzAiOnsiY3JlYXRlIjo2MDAwMDAwMDAwMDAsImRlbGV0ZSI6MTIwMDAwMDAwMDAwMH0sInNjaGVtYV92ZXJzaW9uIjoiMSJ9",
          "dependencies": [
            "module.iam.aws_iam_role.cloudwatch_agent",
            "module.iam.aws_iam_role.eks_cluster",
            "module.iam.aws_iam_role.eks_node",
            "module.iam.aws_iam_role.vpc_flow_logs",
            "module.iam.aws_iam_role_policy.vpc_flow_logs_policy",
            "module.iam.aws_iam_role_policy_attachment.cw_agent_CloudWatchAgentServerPolicy",
            "module.iam.aws_iam_role_policy_attachment.eks_cluster_AmazonEKSClusterPolicy",
            "module.iam.aws_iam_role_policy_attachment.eks_cluster_AmazonEKSVPCResourceController",
            "module.iam.aws_iam_role_policy_attachment.eks_node_AmazonEC2ContainerRegistryReadOnly",
            "module.iam.aws_iam_role_policy_attachment.eks_node_AmazonEKSWorkerNodePolicy",
            "module.iam.aws_iam_role_policy_attachment.eks_node_AmazonEKS_CNI_Policy",
            "module.vpc.aws_vpc.main"
          ],
          "create_before_destroy": true
        },
        {
          "index_key": "us-east-1b",
          "schema_version": 1,
          "attributes": {
            "arn": "arn:aws:ec2:us-east-1:821368347884:subnet/subnet-062c9e20ac5b43dc9",
            "assign_ipv6_address_on_creation": false,
            "availability_zone": "us-east-1b",
            "availability_zone_id": "use1-az6",
            "cidr_block": "10.0.4.0/24",
            "customer_owned_ipv4_pool": "",
            "enable_dns64": false,
            "enable_lni_at_device_index": 0,
            "enable_resource_name_dns_a_record_on_launch": false,
            "enable_resource_name_dns_aaaa_record_on_launch": false,
            "id": "subnet-062c9e20ac5b43dc9",
            "ipv6_cidr_block": "",
            "ipv6_cidr_block_association_id": "",
            "ipv6_native": false,
            "map_customer_owned_ip_on_launch": false,
            "map_public_ip_on_launch": false,
            "outpost_arn": "",
            "owner_id": "821368347884",
            "private_dns_hostname_type_on_launch": "ip-name",
            "region": "us-east-1",
            "tags": {
              "Backups": "Daily",
              "Compliance": "SOC2",
              "CostCenter": "Engineering",
              "Environment": "dev",
              "ManagedBy": "Terraform",
              "Name": "saasinfalab-dev-private-us-east-1b",
              "Owner": "Platform Engineering",
              "Project": "SaasInfalab",
              "Repository": "terraform-modules"
            },
            "tags_all": {
              "Backups": "Daily",
              "Compliance": "SOC2",
              "CostCenter": "Engineering",
              "Environment": "dev",
              "ManagedBy": "Terraform",
              "Name": "saasinfalab-dev-private-us-east-1b",
              "Owner": "Platform Engineering",
              "Project": "SaasInfalab",
              "Repository": "terraform-modules"
            },
            "timeouts": null,
            "vpc_id": "vpc-0e81350b5fbf55637"
          },
          "sensitive_attributes": [],
          "identity_schema_version": 0,
          "identity": {
            "account_id": "821368347884",
            "id": "subnet-062c9e20ac5b43dc9",
            "region": "us-east-1"
          },
          "private": "eyJlMmJmYjczMC1lY2FhLTExZTYtOGY4OC0zNDM2M2JjN2M0YzAiOnsiY3JlYXRlIjo2MDAwMDAwMDAwMDAsImRlbGV0ZSI6MTIwMDAwMDAwMDAwMH0sInNjaGVtYV92ZXJzaW9uIjoiMSJ9",
          "dependencies": [
            "module.iam.aws_iam_role.cloudwatch_agent",
            "module.iam.aws_iam_role.eks_cluster",
            "module.iam.aws_iam_role.eks_node",
            "module.iam.aws_iam_role.vpc_flow_logs",
            "module.iam.aws_iam_role_policy.vpc_flow_logs_policy",
            "module.iam.aws_iam_role_policy_attachment.cw_agent_CloudWatchAgentServerPolicy",
            "module.iam.aws_iam_role_policy_attachment.eks_cluster_AmazonEKSClusterPolicy",
            "module.iam.aws_iam_role_policy_attachment.eks_cluster_AmazonEKSVPCResourceController",
            "module.iam.aws_iam_role_policy_attachment.eks_node_AmazonEC2ContainerRegistryReadOnly",
            "module.iam.aws_iam_role_policy_attachment.eks_node_AmazonEKSWorkerNodePolicy",
            "module.iam.aws_iam_role_policy_attachment.eks_node_AmazonEKS_CNI_Policy",
            "module.vpc.aws_vpc.main"
          ],
          "create_before_destroy": true
        },
        {
          "index_key": "us-east-1c",
          "schema_version": 1,
          "attributes": {
            "arn": "arn:aws:ec2:us-east-1:821368347884:subnet/subnet-06becebda5b43cc63",
            "assign_ipv6_address_on_creation": false,
            "availability_zone": "us-east-1c",
            "availability_zone_id": "use1-az1",
            "cidr_block": "10.0.5.0/24",
            "customer_owned_ipv4_pool": "",
            "enable_dns64": false,
            "enable_lni_at_device_index": 0,
            "enable_resource_name_dns_a_record_on_launch": false,
            "enable_resource_name_dns_aaaa_record_on_launch": false,
            "id": "subnet-06becebda5b43cc63",
            "ipv6_cidr_block": "",
            "ipv6_cidr_block_association_id": "",
            "ipv6_native": false,
            "map_customer_owned_ip_on_launch": false,
            "map_public_ip_on_launch": false,
            "outpost_arn": "",
            "owner_id": "821368347884",
            "private_dns_hostname_type_on_launch": "ip-name",
            "region": "us-east-1",
            "tags": {
              "Backups": "Daily",
              "Compliance": "SOC2",
              "CostCenter": "Engineering",
              "Environment": "dev",
              "ManagedBy": "Terraform",
              "Name": "saasinfalab-dev-private-us-east-1c",
              "Owner": "Platform Engineering",
              "Project": "SaasInfalab",
              "Repository": "terraform-modules"
            },
            "tags_all": {
              "Backups": "Daily",
              "Compliance": "SOC2",
              "CostCenter": "Engineering",
              "Environment": "dev",
              "ManagedBy": "Terraform",
              "Name": "saasinfalab-dev-private-us-east-1c",
              "Owner": "Platform Engineering",
              "Project": "SaasInfalab",
              "Repository": "terraform-modules"
            },
            "timeouts": null,
            "vpc_id": "vpc-0e81350b5fbf55637"
          },
          "sensitive_attributes": [],
          "identity_schema_version": 0,
          "identity": {
            "account_id": "821368347884",
            "id": "subnet-06becebda5b43cc63",
            "region": "us-east-1"
          },
          "private": "eyJlMmJmYjczMC1lY2FhLTExZTYtOGY4OC0zNDM2M2JjN2M0YzAiOnsiY3JlYXRlIjo2MDAwMDAwMDAwMDAsImRlbGV0ZSI6MTIwMDAwMDAwMDAwMH0sInNjaGVtYV92ZXJzaW9uIjoiMSJ9",
          "dependencies": [
            "module.iam.aws_iam_role.cloudwatch_agent",
            "module.iam.aws_iam_role.eks_cluster",
            "module.iam.aws_iam_role.eks_node",
            "module.iam.aws_iam_role.vpc_flow_logs",
            "module.iam.aws_iam_role_policy.vpc_flow_logs_policy",
            "module.iam.aws_iam_role_policy_attachment.cw_agent_CloudWatchAgentServerPolicy",
            "module.iam.aws_iam_role_policy_attachment.eks_cluster_AmazonEKSClusterPolicy",
            "module.iam.aws_iam_role_policy_attachment.eks_cluster_AmazonEKSVPCResourceController",
            "module.iam.aws_iam_role_policy_attachment.eks_node_AmazonEC2ContainerRegistryReadOnly",
            "module.iam.aws_iam_role_policy_attachment.eks_node_AmazonEKSWorkerNodePolicy",
            "module.iam.aws_iam_role_policy_attachment.eks_node_AmazonEKS_CNI_Policy",
            "module.vpc.aws_vpc.main"
          ],
          "create_before_destroy": true
        }
      ]
    },
    {
      "module": "module.vpc",
      "mode": "managed",
      "type": "aws_subnet",
      "name": "public",
      "provider": "provider[\"registry.terraform.io/hashicorp/aws\"]",
      "instances": [
        {
          "index_key": "us-east-1a",
          "schema_version": 1,
          "attributes": {
            "arn": "arn:aws:ec2:us-east-1:821368347884:subnet/subnet-027df687791c7a35a",
            "assign_ipv6_address_on_creation": false,
            "availability_zone": "us-east-1a",
            "availability_zone_id": "use1-az4",
            "cidr_block": "10.0.0.0/24",
            "customer_owned_ipv4_pool": "",
            "enable_dns64": false,
            "enable_lni_at_device_index": 0,
            "enable_resource_name_dns_a_record_on_launch": false,
            "enable_resource_name_dns_aaaa_record_on_launch": false,
            "id": "subnet-027df687791c7a35a",
            "ipv6_cidr_block": "",
            "ipv6_cidr_block_association_id": "",
            "ipv6_native": false,
            "map_customer_owned_ip_on_launch": false,
            "map_public_ip_on_launch": true,
            "outpost_arn": "",
            "owner_id": "821368347884",
            "private_dns_hostname_type_on_launch": "ip-name",
            "region": "us-east-1",
            "tags": {
              "Backups": "Daily",
              "Compliance": "SOC2",
              "CostCenter": "Engineering",
              "Environment": "dev",
              "ManagedBy": "Terraform",
              "Name": "saasinfalab-dev-public-us-east-1a",
              "Owner": "Platform Engineering",
              "Project": "SaasInfalab",
              "Repository": "terraform-modules"
            },
            "tags_all": {
              "Backups": "Daily",
              "Compliance": "SOC2",
              "CostCenter": "Engineering",
              "Environment": "dev",
              "ManagedBy": "Terraform",
              "Name": "saasinfalab-dev-public-us-east-1a",
              "Owner": "Platform Engineering",
              "Project": "SaasInfalab",
              "Repository": "terraform-modules"
            },
            "timeouts": null,
            "vpc_id": "vpc-0e81350b5fbf55637"
          },
          "sensitive_attributes": [],
          "identity_schema_version": 0,
          "identity": {
            "account_id": "821368347884",
            "id": "subnet-027df687791c7a35a",
            "region": "us-east-1"
          },
          "private": "eyJlMmJmYjczMC1lY2FhLTExZTYtOGY4OC0zNDM2M2JjN2M0YzAiOnsiY3JlYXRlIjo2MDAwMDAwMDAwMDAsImRlbGV0ZSI6MTIwMDAwMDAwMDAwMH0sInNjaGVtYV92ZXJzaW9uIjoiMSJ9",
          "dependencies": [
            "module.iam.aws_iam_role.cloudwatch_agent",
            "module.iam.aws_iam_role.eks_cluster",
            "module.iam.aws_iam_role.eks_node",
            "module.iam.aws_iam_role.vpc_flow_logs",
            "module.iam.aws_iam_role_policy.vpc_flow_logs_policy",
            "module.iam.aws_iam_role_policy_attachment.cw_agent_CloudWatchAgentServerPolicy",
            "module.iam.aws_iam_role_policy_attachment.eks_cluster_AmazonEKSClusterPolicy",
            "module.iam.aws_iam_role_policy_attachment.eks_cluster_AmazonEKSVPCResourceController",
            "module.iam.aws_iam_role_policy_attachment.eks_node_AmazonEC2ContainerRegistryReadOnly",
            "module.iam.aws_iam_role_policy_attachment.eks_node_AmazonEKSWorkerNodePolicy",
            "module.iam.aws_iam_role_policy_attachment.eks_node_AmazonEKS_CNI_Policy",
            "module.vpc.aws_vpc.main"
          ],
          "create_before_destroy": true
        },
        {
          "index_key": "us-east-1b",
          "schema_version": 1,
          "attributes": {
            "arn": "arn:aws:ec2:us-east-1:821368347884:subnet/subnet-02a9e9de740635aca",
            "assign_ipv6_address_on_creation": false,
            "availability_zone": "us-east-1b",
            "availability_zone_id": "use1-az6",
            "cidr_block": "10.0.1.0/24",
            "customer_owned_ipv4_pool": "",
            "enable_dns64": false,
            "enable_lni_at_device_index": 0,
            "enable_resource_name_dns_a_record_on_launch": false,
            "enable_resource_name_dns_aaaa_record_on_launch": false,
            "id": "subnet-02a9e9de740635aca",
            "ipv6_cidr_block": "",
            "ipv6_cidr_block_association_id": "",
            "ipv6_native": false,
            "map_customer_owned_ip_on_launch": false,
            "map_public_ip_on_launch": true,
            "outpost_arn": "",
            "owner_id": "821368347884",
            "private_dns_hostname_type_on_launch": "ip-name",
            "region": "us-east-1",
            "tags": {
              "Backups": "Daily",
              "Compliance": "SOC2",
              "CostCenter": "Engineering",
              "Environment": "dev",
              "ManagedBy": "Terraform",
              "Name": "saasinfalab-dev-public-us-east-1b",
              "Owner": "Platform Engineering",
              "Project": "SaasInfalab",
              "Repository": "terraform-modules"
            },
            "tags_all": {
              "Backups": "Daily",
              "Compliance": "SOC2",
              "CostCenter": "Engineering",
              "Environment": "dev",
              "ManagedBy": "Terraform",
              "Name": "saasinfalab-dev-public-us-east-1b",
              "Owner": "Platform Engineering",
              "Project": "SaasInfalab",
              "Repository": "terraform-modules"
            },
            "timeouts": null,
            "vpc_id": "vpc-0e81350b5fbf55637"
          },
          "sensitive_attributes": [],
          "identity_schema_version": 0,
          "identity": {
            "account_id": "821368347884",
            "id": "subnet-02a9e9de740635aca",
            "region": "us-east-1"
          },
          "private": "eyJlMmJmYjczMC1lY2FhLTExZTYtOGY4OC0zNDM2M2JjN2M0YzAiOnsiY3JlYXRlIjo2MDAwMDAwMDAwMDAsImRlbGV0ZSI6MTIwMDAwMDAwMDAwMH0sInNjaGVtYV92ZXJzaW9uIjoiMSJ9",
          "dependencies": [
            "module.iam.aws_iam_role.cloudwatch_agent",
            "module.iam.aws_iam_role.eks_cluster",
            "module.iam.aws_iam_role.eks_node",
            "module.iam.aws_iam_role.vpc_flow_logs",
            "module.iam.aws_iam_role_policy.vpc_flow_logs_policy",
            "module.iam.aws_iam_role_policy_attachment.cw_agent_CloudWatchAgentServerPolicy",
            "module.iam.aws_iam_role_policy_attachment.eks_cluster_AmazonEKSClusterPolicy",
            "module.iam.aws_iam_role_policy_attachment.eks_cluster_AmazonEKSVPCResourceController",
            "module.iam.aws_iam_role_policy_attachment.eks_node_AmazonEC2ContainerRegistryReadOnly",
            "module.iam.aws_iam_role_policy_attachment.eks_node_AmazonEKSWorkerNodePolicy",
            "module.iam.aws_iam_role_policy_attachment.eks_node_AmazonEKS_CNI_Policy",
            "module.vpc.aws_vpc.main"
          ],
          "create_before_destroy": true
        },
        {
          "index_key": "us-east-1c",
          "schema_version": 1,
          "attributes": {
            "arn": "arn:aws:ec2:us-east-1:821368347884:subnet/subnet-0b8d045d2c5a33e8f",
            "assign_ipv6_address_on_creation": false,
            "availability_zone": "us-east-1c",
            "availability_zone_id": "use1-az1",
            "cidr_block": "10.0.2.0/24",
            "customer_owned_ipv4_pool": "",
            "enable_dns64": false,
            "enable_lni_at_device_index": 0,
            "enable_resource_name_dns_a_record_on_launch": false,
            "enable_resource_name_dns_aaaa_record_on_launch": false,
            "id": "subnet-0b8d045d2c5a33e8f",
            "ipv6_cidr_block": "",
            "ipv6_cidr_block_association_id": "",
            "ipv6_native": false,
            "map_customer_owned_ip_on_launch": false,
            "map_public_ip_on_launch": true,
            "outpost_arn": "",
            "owner_id": "821368347884",
            "private_dns_hostname_type_on_launch": "ip-name",
            "region": "us-east-1",
            "tags": {
              "Backups": "Daily",
              "Compliance": "SOC2",
              "CostCenter": "Engineering",
              "Environment": "dev",
              "ManagedBy": "Terraform",
              "Name": "saasinfalab-dev-public-us-east-1c",
              "Owner": "Platform Engineering",
              "Project": "SaasInfalab",
              "Repository": "terraform-modules"
            },
            "tags_all": {
              "Backups": "Daily",
              "Compliance": "SOC2",
              "CostCenter": "Engineering",
              "Environment": "dev",
              "ManagedBy": "Terraform",
              "Name": "saasinfalab-dev-public-us-east-1c",
              "Owner": "Platform Engineering",
              "Project": "SaasInfalab",
              "Repository": "terraform-modules"
            },
            "timeouts": null,
            "vpc_id": "vpc-0e81350b5fbf55637"
          },
          "sensitive_attributes": [],
          "identity_schema_version": 0,
          "identity": {
            "account_id": "821368347884",
            "id": "subnet-0b8d045d2c5a33e8f",
            "region": "us-east-1"
          },
          "private": "eyJlMmJmYjczMC1lY2FhLTExZTYtOGY4OC0zNDM2M2JjN2M0YzAiOnsiY3JlYXRlIjo2MDAwMDAwMDAwMDAsImRlbGV0ZSI6MTIwMDAwMDAwMDAwMH0sInNjaGVtYV92ZXJzaW9uIjoiMSJ9",
          "dependencies": [
            "module.iam.aws_iam_role.cloudwatch_agent",
            "module.iam.aws_iam_role.eks_cluster",
            "module.iam.aws_iam_role.eks_node",
            "module.iam.aws_iam_role.vpc_flow_logs",
            "module.iam.aws_iam_role_policy.vpc_flow_logs_policy",
            "module.iam.aws_iam_role_policy_attachment.cw_agent_CloudWatchAgentServerPolicy",
            "module.iam.aws_iam_role_policy_attachment.eks_cluster_AmazonEKSClusterPolicy",
            "module.iam.aws_iam_role_policy_attachment.eks_cluster_AmazonEKSVPCResourceController",
            "module.iam.aws_iam_role_policy_attachment.eks_node_AmazonEC2ContainerRegistryReadOnly",
            "module.iam.aws_iam_role_policy_attachment.eks_node_AmazonEKSWorkerNodePolicy",
            "module.iam.aws_iam_role_policy_attachment.eks_node_AmazonEKS_CNI_Policy",
            "module.vpc.aws_vpc.main"
          ],
          "create_before_destroy": true
        }
      ]
    },
    {
      "module": "module.vpc",
      "mode": "managed",
      "type": "aws_vpc",
      "name": "main",
      "provider": "provider[\"registry.terraform.io/hashicorp/aws\"]",
      "instances": [
        {
          "schema_version": 1,
          "attributes": {
            "arn": "arn:aws:ec2:us-east-1:821368347884:vpc/vpc-0e81350b5fbf55637",
            "assign_generated_ipv6_cidr_block": false,
            "cidr_block": "10.0.0.0/16",
            "default_network_acl_id": "acl-034c5a76a26138110",
            "default_route_table_id": "rtb-05973d0e38464669c",
            "default_security_group_id": "sg-0c770894c2e24afbf",
            "dhcp_options_id": "dopt-080fd18594fc3c37a",
            "enable_dns_hostnames": false,
            "enable_dns_support": true,
            "enable_network_address_usage_metrics": false,
            "id": "vpc-0e81350b5fbf55637",
            "instance_tenancy": "default",
            "ipv4_ipam_pool_id": null,
            "ipv4_netmask_length": null,
            "ipv6_association_id": "",
            "ipv6_cidr_block": "",
            "ipv6_cidr_block_network_border_group": "",
            "ipv6_ipam_pool_id": "",
            "ipv6_netmask_length": 0,
            "main_route_table_id": "rtb-05973d0e38464669c",
            "owner_id": "821368347884",
            "region": "us-east-1",
            "tags": {
              "Backups": "Daily",
              "Compliance": "SOC2",
              "CostCenter": "Engineering",
              "Environment": "dev",
              "ManagedBy": "Terraform",
              "Name": "saasinfalab-dev-vpc",
              "Owner": "Platform Engineering",
              "Project": "SaasInfalab",
              "Repository": "terraform-modules"
            },
            "tags_all": {
              "Backups": "Daily",
              "Compliance": "SOC2",
              "CostCenter": "Engineering",
              "Environment": "dev",
              "ManagedBy": "Terraform",
              "Name": "saasinfalab-dev-vpc",
              "Owner": "Platform Engineering",
              "Project": "SaasInfalab",
              "Repository": "terraform-modules"
            }
          },
          "sensitive_attributes": [],
          "identity_schema_version": 0,
          "identity": {
            "account_id": "821368347884",
            "id": "vpc-0e81350b5fbf55637",
            "region": "us-east-1"
          },
          "private": "eyJzY2hlbWFfdmVyc2lvbiI6IjEifQ==",
          "dependencies": [
            "module.iam.aws_iam_role.cloudwatch_agent",
            "module.iam.aws_iam_role.eks_cluster",
            "module.iam.aws_iam_role.eks_node",
            "module.iam.aws_iam_role.vpc_flow_logs",
            "module.iam.aws_iam_role_policy.vpc_flow_logs_policy",
            "module.iam.aws_iam_role_policy_attachment.cw_agent_CloudWatchAgentServerPolicy",
            "module.iam.aws_iam_role_policy_attachment.eks_cluster_AmazonEKSClusterPolicy",
            "module.iam.aws_iam_role_policy_attachment.eks_cluster_AmazonEKSVPCResourceController",
            "module.iam.aws_iam_role_policy_attachment.eks_node_AmazonEC2ContainerRegistryReadOnly",
            "module.iam.aws_iam_role_policy_attachment.eks_node_AmazonEKSWorkerNodePolicy",
            "module.iam.aws_iam_role_policy_attachment.eks_node_AmazonEKS_CNI_Policy"
          ],
          "create_before_destroy": true
        }
      ]
    }
  ],
  "check_results": [
    {
      "object_kind": "var",
      "config_addr": "var.environment",
      "status": "pass",
      "objects": [
        {
          "object_addr": "var.environment",
          "status": "pass"
        }
      ]
    }
  ]
}
